PODS:
  - PrimerSDK (2.9.0):
    - PrimerSDK/Core (= 2.9.0)
  - PrimerSDK/Core (2.9.0)

DEPENDENCIES:
  - PrimerSDK (from `../`)

EXTERNAL SOURCES:
  PrimerSDK:
    :path: "../"

SPEC CHECKSUMS:
  PrimerSDK: 6b75c648928bceb864619a7e446186a2e5c945b2

PODFILE CHECKSUM: cd90419ed2f37ffd948116cc42b83a819a03d824

COCOAPODS: 1.11.3
