PODS:
  - PrimerSDK (2.5.0):
    - PrimerSDK/Core (= 2.5.0)
  - PrimerSDK/Core (2.5.0)

DEPENDENCIES:
  - PrimerSDK (from `../`)

EXTERNAL SOURCES:
  PrimerSDK:
    :path: "../"

SPEC CHECKSUMS:
  PrimerSDK: b23bd5b861143ff5fbeb31183a1aee59d77b3d1e

PODFILE CHECKSUM: a4c4610ffac4d0f88dd6045d1d16e3b45798b2c9

COCOAPODS: 1.11.3
