PODS:
  - Primer3DS (0.1.33)
  - PrimerSDK (1.13.2):
    - PrimerSDK/Core (= 1.13.2)
  - PrimerSDK/Core (1.13.2)

DEPENDENCIES:
  - Primer3DS
  - PrimerSDK (from `../`)

SPEC REPOS:
  https://github.com/primer-io/primer-podspecs.git:
    - Primer3DS

EXTERNAL SOURCES:
  PrimerSDK:
    :path: "../"

SPEC CHECKSUMS:
  Primer3DS: f266ce1db528cef20751b3405c87a8a44d68477f
  PrimerSDK: f991c960950bed326efd3ab0459bc943c5d4bfcc

PODFILE CHECKSUM: 9cc98394d50c8cc3e6691a885a467f82869876ce

COCOAPODS: 1.10.2
