{
  "object": {
    "pins": [
      {
        "package": "PrimerKlarnaSDK",
        "repositoryURL": "https://github.com/primer-io/primer-klarna-sdk-ios.git",
        "state": {
          "branch": null,
          "revision": "eb6a4145649f93d04ea8ead8bbccc3c3bd1ae9c2",
          "version": "1.1.0-b0"
        }
      },
      {
        "package": "Primer3DS",
        "repositoryURL": "https://github.com/primer-io/primer-sdk-3ds-ios",
        "state": {
          "branch": null,
          "revision": "56e39e0778b1abdb5d5abe20d96ea96e803b07a9",
          "version": "2.0.0"
        }
      }
    ]
  },
  "version": 1
}
