{
  "object": {
    "pins": [
      {
        "package": "Primer3DS",
        "repositoryURL": "https://github.com/primer-io/primer-sdk-3ds-ios",
        "state": {
          "branch": null,
          "revision": "95593cd1872ef502b15315b04f87ee3e88d15ca3",
          "version": "2.8.0"
        }
      }
    ]
  },
  "version": 1
}
