{
  "object": {
    "pins": [
      {
        "package": "PrimerKlarnaSDK",
        "repositoryURL": "https://github.com/primer-io/primer-klarna-sdk-ios.git",
        "state": {
          "branch": "feature/klarnamobilesdk_v2",
          "revision": "99433e3fcfdbc9831f07a917b44a9e0d90895122",
          "version": null
        }
      },
      {
        "package": "Primer3DS",
        "repositoryURL": "https://github.com/primer-io/primer-sdk-3ds-ios",
        "state": {
          "branch": null,
          "revision": "56e39e0778b1abdb5d5abe20d96ea96e803b07a9",
          "version": "2.0.0"
        }
      }
    ]
  },
  "version": 1
}
