{
  "object": {
    "pins": [
      {
        "package": "PrimerKlarnaSDK",
        "repositoryURL": "https://github.com/primer-io/primer-klarna-sdk-ios.git",
        "state": {
          "branch": null,
          "revision": "69367421b180a68e6d73c09bbf10d8542bd327f4",
          "version": "1.0.1"
        }
      }
    ]
  },
  "version": 1
}
