{
  "object": {
    "pins": [
      {
        "package": "PrimerKlarnaSDK",
        "repositoryURL": "https://github.com/primer-io/primer-klarna-sdk-ios",
        "state": {
          "branch": null,
          "revision": "e16b2caff5f34a12ba5de00e31b07a6f1b7fd710",
          "version": "1.1.1"
        }
      }
    ]
  },
  "version": 1
}
