{
  "object": {
    "pins": [
      {
        "package": "PrimerKlarnaSDK",
        "repositoryURL": "https://github.com/primer-io/primer-klarna-sdk-ios",
        "state": {
          "branch": null,
          "revision": "146d9ae8f7accc1ad7b64b2a455106d54914edef",
          "version": "1.1.0"
        }
      },
      {
        "package": "Primer3DS",
        "repositoryURL": "https://github.com/primer-io/primer-sdk-3ds-ios",
        "state": {
          "branch": null,
          "revision": "cf576e98418c5e7ba6b556a14c5253cd9de5692b",
          "version": "2.2.0"
        }
      }
    ]
  },
  "version": 1
}
