{
  "object": {
    "pins": [
      {
        "package": "PrimerKlarnaSDK",
        "repositoryURL": "https://github.com/primer-io/primer-klarna-sdk-ios",
        "state": {
          "branch": "feature/klarnamobilesdk_v2_pod_and_package",
          "revision": "85f4f01228a3ffa07511065f625a1c3a6abc4139",
          "version": null
        }
      },
      {
        "package": "Primer3DS",
        "repositoryURL": "https://github.com/primer-io/primer-sdk-3ds-ios",
        "state": {
          "branch": null,
          "revision": "56e39e0778b1abdb5d5abe20d96ea96e803b07a9",
          "version": "2.0.0"
        }
      }
    ]
  },
  "version": 1
}
