{
  "object": {
    "pins": [
      {
        "package": "PrimerKlarnaSDK",
        "repositoryURL": "https://github.com/primer-io/primer-klarna-sdk-ios",
        "state": {
          "branch": null,
          "revision": "a3425a35e2113e0dcd62142dd03fba14185aaf5f",
          "version": "1.1.0-b0"
        }
      },
      {
        "package": "Primer3DS",
        "repositoryURL": "https://github.com/primer-io/primer-sdk-3ds-ios",
        "state": {
          "branch": null,
          "revision": "56e39e0778b1abdb5d5abe20d96ea96e803b07a9",
          "version": "2.0.0"
        }
      }
    ]
  },
  "version": 1
}
