// !$*UTF8*$!
{
	archiveVersion = 1;
	classes = {
	};
	objectVersion = 46;
	objects = {

/* Begin PBXBuildFile section */
		151B098C267A276100FB49B8 /* Vault.swift in Sources */ = {isa = PBXBuildFile; fileRef = 15300DB8267A1211009A1B9C /* Vault.swift */; };
		15300DBB267A1646009A1B9C /* VaultKlarna.swift in Sources */ = {isa = PBXBuildFile; fileRef = 15300DBA267A1646009A1B9C /* VaultKlarna.swift */; };
		156F97092706DDE6004503C0 /* PaymentMethodConfigTests.swift in Sources */ = {isa = PBXBuildFile; fileRef = 156F97082706DDE6004503C0 /* PaymentMethodConfigTests.swift */; };
		1582B97D260A3F2900C80BD7 /* MockVaultCheckoutViewModel.swift in Sources */ = {isa = PBXBuildFile; fileRef = 1582B95F260A3F2900C80BD7 /* MockVaultCheckoutViewModel.swift */; };
		1582B97F260A3F2900C80BD7 /* Mocks.swift in Sources */ = {isa = PBXBuildFile; fileRef = 1582B961260A3F2900C80BD7 /* Mocks.swift */; };
		1582B980260A3F2900C80BD7 /* MockPrimerAPIConfigurationService.swift in Sources */ = {isa = PBXBuildFile; fileRef = 1582B963260A3F2900C80BD7 /* MockPrimerAPIConfigurationService.swift */; };
		1582B981260A3F2900C80BD7 /* PayPalService.swift in Sources */ = {isa = PBXBuildFile; fileRef = 1582B964260A3F2900C80BD7 /* PayPalService.swift */; };
		1582B982260A3F2900C80BD7 /* VaultService.swift in Sources */ = {isa = PBXBuildFile; fileRef = 1582B965260A3F2900C80BD7 /* VaultService.swift */; };
		1582B983260A3F2900C80BD7 /* ClientTokenService.swift in Sources */ = {isa = PBXBuildFile; fileRef = 1582B966260A3F2900C80BD7 /* ClientTokenService.swift */; };
		1582B984260A3F2900C80BD7 /* TokenizationService.swift in Sources */ = {isa = PBXBuildFile; fileRef = 1582B967260A3F2900C80BD7 /* TokenizationService.swift */; };
		1582B987260A3F2900C80BD7 /* VaultPaymentMethodViewModelTests.swift in Sources */ = {isa = PBXBuildFile; fileRef = 1582B96B260A3F2900C80BD7 /* VaultPaymentMethodViewModelTests.swift */; };
		1582B988260A3F2900C80BD7 /* VaultCheckoutViewModelTests.swift in Sources */ = {isa = PBXBuildFile; fileRef = 1582B96C260A3F2900C80BD7 /* VaultCheckoutViewModelTests.swift */; };
		1582B98B260A3F2900C80BD7 /* MaskTests.swift in Sources */ = {isa = PBXBuildFile; fileRef = 1582B970260A3F2900C80BD7 /* MaskTests.swift */; };
		1582B98E260A3F2900C80BD7 /* PaymentMethodConfigServiceTests.swift in Sources */ = {isa = PBXBuildFile; fileRef = 1582B974260A3F2900C80BD7 /* PaymentMethodConfigServiceTests.swift */; };
		1582B990260A3F2900C80BD7 /* TokenizationServiceTests.swift in Sources */ = {isa = PBXBuildFile; fileRef = 1582B976260A3F2900C80BD7 /* TokenizationServiceTests.swift */; };
		1582B991260A3F2900C80BD7 /* ClientTokenServiceTests.swift in Sources */ = {isa = PBXBuildFile; fileRef = 1582B977260A3F2900C80BD7 /* ClientTokenServiceTests.swift */; };
		1582B992260A3F2900C80BD7 /* PayPalServiceTests.swift in Sources */ = {isa = PBXBuildFile; fileRef = 1582B978260A3F2900C80BD7 /* PayPalServiceTests.swift */; };
		1582B9A2260A3FD300C80BD7 /* PrimerSDKExample_UITests.swift in Sources */ = {isa = PBXBuildFile; fileRef = 1582B9A1260A3FD300C80BD7 /* PrimerSDKExample_UITests.swift */; };
		1582B9AD260A402E00C80BD7 /* Base.swift in Sources */ = {isa = PBXBuildFile; fileRef = 1582B9AC260A402E00C80BD7 /* Base.swift */; };
		15ACE9652614B186004C3EAA /* chocolate_bar_demo.otf in Resources */ = {isa = PBXBuildFile; fileRef = 15ACE9642614B186004C3EAA /* chocolate_bar_demo.otf */; };
		15B2E64826F8A9EE005B8343 /* Apaya.swift in Sources */ = {isa = PBXBuildFile; fileRef = 15B2E64726F8A9EE005B8343 /* Apaya.swift */; };
		15F32E1D26FDA8E4004B3903 /* PrimerTests.swift in Sources */ = {isa = PBXBuildFile; fileRef = 15F32E1C26FDA8E4004B3903 /* PrimerTests.swift */; };
		15F5E2FF26982B21003AFF8A /* CardComponentManagerTests.swift in Sources */ = {isa = PBXBuildFile; fileRef = 15F5E2FE26982B21003AFF8A /* CardComponentManagerTests.swift */; };
		15F97C772624718800DCB3BA /* PaymentMethodCell.swift in Sources */ = {isa = PBXBuildFile; fileRef = 15F97C762624718800DCB3BA /* PaymentMethodCell.swift */; };
		15F97C7D2624730800DCB3BA /* UIViewController+API.swift in Sources */ = {isa = PBXBuildFile; fileRef = 15F97C7C2624730800DCB3BA /* UIViewController+API.swift */; };
		15F9E67D2678C88000F6B6C1 /* UniversalCheckout.swift in Sources */ = {isa = PBXBuildFile; fileRef = 15F9E67C2678C88000F6B6C1 /* UniversalCheckout.swift */; };
		1DC7EE14261FA3D400BCBFFC /* CreateClientToken.swift in Sources */ = {isa = PBXBuildFile; fileRef = 1DC7EE13261FA3D400BCBFFC /* CreateClientToken.swift */; };
		1DE0355C2716E4D1007BADAB /* CheckoutTheme.swift in Sources */ = {isa = PBXBuildFile; fileRef = 1DE0355B2716E4D1007BADAB /* CheckoutTheme.swift */; };
		1DEBE0DF26B6FD06004E3064 /* ApayaTests.swift in Sources */ = {isa = PBXBuildFile; fileRef = 1DEBE0DE26B6FD06004E3064 /* ApayaTests.swift */; };
		1DED53B02739561800CD9DE6 /* ThemeTests.swift in Sources */ = {isa = PBXBuildFile; fileRef = 1DED53AF2739561800CD9DE6 /* ThemeTests.swift */; };
		2C10D1152840C1A60059B9E1 /* MerchantCheckoutViewController.swift in Sources */ = {isa = PBXBuildFile; fileRef = 2C10D10E2840C1A60059B9E1 /* MerchantCheckoutViewController.swift */; };
		2C10D1162840C1A60059B9E1 /* MerchantPaymentMethodsViewController.swift in Sources */ = {isa = PBXBuildFile; fileRef = 2C10D10F2840C1A60059B9E1 /* MerchantPaymentMethodsViewController.swift */; };
		2C10D1172840C1A60059B9E1 /* AppViewController.swift in Sources */ = {isa = PBXBuildFile; fileRef = 2C10D1102840C1A60059B9E1 /* AppViewController.swift */; };
		2C10D1182840C1A60059B9E1 /* MerchantCardFormViewController.swift in Sources */ = {isa = PBXBuildFile; fileRef = 2C10D1112840C1A60059B9E1 /* MerchantCardFormViewController.swift */; };
		2C10D1192840C1A60059B9E1 /* HUCResultViewController.swift in Sources */ = {isa = PBXBuildFile; fileRef = 2C10D1122840C1A60059B9E1 /* HUCResultViewController.swift */; };
		2C10D11A2840C1A60059B9E1 /* ResultViewController.swift in Sources */ = {isa = PBXBuildFile; fileRef = 2C10D1132840C1A60059B9E1 /* ResultViewController.swift */; };
		2C10D11B2840C1A60059B9E1 /* ManualPaymentMerchantCheckoutViewController.swift in Sources */ = {isa = PBXBuildFile; fileRef = 2C10D1142840C1A60059B9E1 /* ManualPaymentMerchantCheckoutViewController.swift */; };
		2C10D1222840C1B00059B9E1 /* Networking+Models.swift in Sources */ = {isa = PBXBuildFile; fileRef = 2C10D11C2840C1B00059B9E1 /* Networking+Models.swift */; };
		2C10D1232840C1B00059B9E1 /* ViewController+Primer.swift in Sources */ = {isa = PBXBuildFile; fileRef = 2C10D11D2840C1B00059B9E1 /* ViewController+Primer.swift */; };
		2C10D1242840C1B00059B9E1 /* ViewController+PrimerUIHelpers.swift in Sources */ = {isa = PBXBuildFile; fileRef = 2C10D11E2840C1B00059B9E1 /* ViewController+PrimerUIHelpers.swift */; };
		2C10D1252840C1B00059B9E1 /* Data+Extensions.swift in Sources */ = {isa = PBXBuildFile; fileRef = 2C10D11F2840C1B00059B9E1 /* Data+Extensions.swift */; };
		2C10D1262840C1B00059B9E1 /* Range+Extensions.swift in Sources */ = {isa = PBXBuildFile; fileRef = 2C10D1202840C1B00059B9E1 /* Range+Extensions.swift */; };
		2C10D1272840C1B00059B9E1 /* String+Extensions.swift in Sources */ = {isa = PBXBuildFile; fileRef = 2C10D1212840C1B00059B9E1 /* String+Extensions.swift */; };
		2C10D1292840C1C90059B9E1 /* MerchantAssetsViewController.swift in Sources */ = {isa = PBXBuildFile; fileRef = 2C10D1282840C1C90059B9E1 /* MerchantAssetsViewController.swift */; };
		2C10D12B2840C1D70059B9E1 /* SpinnerViewController.swift in Sources */ = {isa = PBXBuildFile; fileRef = 2C10D12A2840C1D70059B9E1 /* SpinnerViewController.swift */; };
		2C10D12E2840C42F0059B9E1 /* CreateResumePaymentService.swift in Sources */ = {isa = PBXBuildFile; fileRef = 2C10D12C2840C41B0059B9E1 /* CreateResumePaymentService.swift */; };
		2C98001728746CC50045A4DE /* UniversalCheckout+PrimerTestPaymentMethods.swift in Sources */ = {isa = PBXBuildFile; fileRef = 2C98001628746CC50045A4DE /* UniversalCheckout+PrimerTestPaymentMethods.swift */; };
		2C980019287471A80045A4DE /* XCUIElement+Scrolling.swift in Sources */ = {isa = PBXBuildFile; fileRef = 2C980018287471A80045A4DE /* XCUIElement+Scrolling.swift */; };
		2C9DC7B728A641C00020E03F /* MerchantHUCRawCardDataViewController.swift in Sources */ = {isa = PBXBuildFile; fileRef = 2C9DC7B628A641C00020E03F /* MerchantHUCRawCardDataViewController.swift */; };
		607FACD61AFB9204008FA782 /* AppDelegate.swift in Sources */ = {isa = PBXBuildFile; fileRef = 607FACD51AFB9204008FA782 /* AppDelegate.swift */; };
		607FACDB1AFB9204008FA782 /* Main.storyboard in Resources */ = {isa = PBXBuildFile; fileRef = 607FACD91AFB9204008FA782 /* Main.storyboard */; };
		607FACDD1AFB9204008FA782 /* Images.xcassets in Resources */ = {isa = PBXBuildFile; fileRef = 607FACDC1AFB9204008FA782 /* Images.xcassets */; };
		607FACE01AFB9204008FA782 /* LaunchScreen.xib in Resources */ = {isa = PBXBuildFile; fileRef = 607FACDE1AFB9204008FA782 /* LaunchScreen.xib */; };
		644D09CBAF3548EDB746C91C /* Pods_PrimerSDK_Example.framework in Frameworks */ = {isa = PBXBuildFile; fileRef = 44B45F6507129BC001068D0B /* Pods_PrimerSDK_Example.framework */; };
		849A28EB275614070037C2D1 /* Networking.swift in Sources */ = {isa = PBXBuildFile; fileRef = 849A28EA275614070037C2D1 /* Networking.swift */; };
		849A28ED275788040037C2D1 /* ExternalPaymentMethods.swift in Sources */ = {isa = PBXBuildFile; fileRef = 849A28EC275788040037C2D1 /* ExternalPaymentMethods.swift */; };
		BC480709E2B93742D2EB2BF3 /* Pods_PrimerSDK_Tests.framework in Frameworks */ = {isa = PBXBuildFile; fileRef = 23191ADEF044C6D6C5B17A6E /* Pods_PrimerSDK_Tests.framework */; };
/* End PBXBuildFile section */

/* Begin PBXContainerItemProxy section */
		1582B9A4260A3FD300C80BD7 /* PBXContainerItemProxy */ = {
			isa = PBXContainerItemProxy;
			containerPortal = 607FACC81AFB9204008FA782 /* Project object */;
			proxyType = 1;
			remoteGlobalIDString = 607FACCF1AFB9204008FA782;
			remoteInfo = PrimerSDK_Example;
		};
		607FACE61AFB9204008FA782 /* PBXContainerItemProxy */ = {
			isa = PBXContainerItemProxy;
			containerPortal = 607FACC81AFB9204008FA782 /* Project object */;
			proxyType = 1;
			remoteGlobalIDString = 607FACCF1AFB9204008FA782;
			remoteInfo = PrimerSDK;
		};
/* End PBXContainerItemProxy section */

/* Begin PBXFileReference section */
		000AF62E536D63704C808D1A /* Pods-PrimerSDK_Example.debug.xcconfig */ = {isa = PBXFileReference; includeInIndex = 1; lastKnownFileType = text.xcconfig; name = "Pods-PrimerSDK_Example.debug.xcconfig"; path = "Target Support Files/Pods-PrimerSDK_Example/Pods-PrimerSDK_Example.debug.xcconfig"; sourceTree = "<group>"; };
		007F0932FCF54D59C2535129 /* Pods-PrimerSDK_Example.release.xcconfig */ = {isa = PBXFileReference; includeInIndex = 1; lastKnownFileType = text.xcconfig; name = "Pods-PrimerSDK_Example.release.xcconfig"; path = "Target Support Files/Pods-PrimerSDK_Example/Pods-PrimerSDK_Example.release.xcconfig"; sourceTree = "<group>"; };
		0BEFFA023E994EF5B370A80C /* PrimerSDK.podspec */ = {isa = PBXFileReference; includeInIndex = 1; lastKnownFileType = text; name = PrimerSDK.podspec; path = ../PrimerSDK.podspec; sourceTree = "<group>"; xcLanguageSpecificationIdentifier = xcode.lang.ruby; };
		151B09F4267B7F9400FB49B8 /* 3DSTests.swift */ = {isa = PBXFileReference; lastKnownFileType = sourcecode.swift; path = 3DSTests.swift; sourceTree = "<group>"; };
		151B0A1B267CE24B00FB49B8 /* 3DSConstants.swift */ = {isa = PBXFileReference; lastKnownFileType = sourcecode.swift; path = 3DSConstants.swift; sourceTree = "<group>"; };
		15300DB8267A1211009A1B9C /* Vault.swift */ = {isa = PBXFileReference; lastKnownFileType = sourcecode.swift; path = Vault.swift; sourceTree = "<group>"; };
		15300DBA267A1646009A1B9C /* VaultKlarna.swift */ = {isa = PBXFileReference; lastKnownFileType = sourcecode.swift; path = VaultKlarna.swift; sourceTree = "<group>"; };
		156F97082706DDE6004503C0 /* PaymentMethodConfigTests.swift */ = {isa = PBXFileReference; lastKnownFileType = sourcecode.swift; path = PaymentMethodConfigTests.swift; sourceTree = "<group>"; };
		1582B95F260A3F2900C80BD7 /* MockVaultCheckoutViewModel.swift */ = {isa = PBXFileReference; fileEncoding = 4; lastKnownFileType = sourcecode.swift; path = MockVaultCheckoutViewModel.swift; sourceTree = "<group>"; };
		1582B961260A3F2900C80BD7 /* Mocks.swift */ = {isa = PBXFileReference; fileEncoding = 4; lastKnownFileType = sourcecode.swift; path = Mocks.swift; sourceTree = "<group>"; };
		1582B963260A3F2900C80BD7 /* MockPrimerAPIConfigurationService.swift */ = {isa = PBXFileReference; fileEncoding = 4; lastKnownFileType = sourcecode.swift; path = MockPrimerAPIConfigurationService.swift; sourceTree = "<group>"; };
		1582B964260A3F2900C80BD7 /* PayPalService.swift */ = {isa = PBXFileReference; fileEncoding = 4; lastKnownFileType = sourcecode.swift; path = PayPalService.swift; sourceTree = "<group>"; };
		1582B965260A3F2900C80BD7 /* VaultService.swift */ = {isa = PBXFileReference; fileEncoding = 4; lastKnownFileType = sourcecode.swift; path = VaultService.swift; sourceTree = "<group>"; };
		1582B966260A3F2900C80BD7 /* ClientTokenService.swift */ = {isa = PBXFileReference; fileEncoding = 4; lastKnownFileType = sourcecode.swift; path = ClientTokenService.swift; sourceTree = "<group>"; };
		1582B967260A3F2900C80BD7 /* TokenizationService.swift */ = {isa = PBXFileReference; fileEncoding = 4; lastKnownFileType = sourcecode.swift; path = TokenizationService.swift; sourceTree = "<group>"; };
		1582B96B260A3F2900C80BD7 /* VaultPaymentMethodViewModelTests.swift */ = {isa = PBXFileReference; fileEncoding = 4; lastKnownFileType = sourcecode.swift; path = VaultPaymentMethodViewModelTests.swift; sourceTree = "<group>"; };
		1582B96C260A3F2900C80BD7 /* VaultCheckoutViewModelTests.swift */ = {isa = PBXFileReference; fileEncoding = 4; lastKnownFileType = sourcecode.swift; path = VaultCheckoutViewModelTests.swift; sourceTree = "<group>"; };
		1582B970260A3F2900C80BD7 /* MaskTests.swift */ = {isa = PBXFileReference; fileEncoding = 4; lastKnownFileType = sourcecode.swift; path = MaskTests.swift; sourceTree = "<group>"; };
		1582B972260A3F2900C80BD7 /* Info.plist */ = {isa = PBXFileReference; fileEncoding = 4; lastKnownFileType = text.plist.xml; path = Info.plist; sourceTree = "<group>"; };
		1582B974260A3F2900C80BD7 /* PaymentMethodConfigServiceTests.swift */ = {isa = PBXFileReference; fileEncoding = 4; lastKnownFileType = sourcecode.swift; path = PaymentMethodConfigServiceTests.swift; sourceTree = "<group>"; };
		1582B976260A3F2900C80BD7 /* TokenizationServiceTests.swift */ = {isa = PBXFileReference; fileEncoding = 4; lastKnownFileType = sourcecode.swift; path = TokenizationServiceTests.swift; sourceTree = "<group>"; };
		1582B977260A3F2900C80BD7 /* ClientTokenServiceTests.swift */ = {isa = PBXFileReference; fileEncoding = 4; lastKnownFileType = sourcecode.swift; path = ClientTokenServiceTests.swift; sourceTree = "<group>"; };
		1582B978260A3F2900C80BD7 /* PayPalServiceTests.swift */ = {isa = PBXFileReference; fileEncoding = 4; lastKnownFileType = sourcecode.swift; path = PayPalServiceTests.swift; sourceTree = "<group>"; };
		1582B99F260A3FD300C80BD7 /* PrimerSDKExample_UITests.xctest */ = {isa = PBXFileReference; explicitFileType = wrapper.cfbundle; includeInIndex = 0; path = PrimerSDKExample_UITests.xctest; sourceTree = BUILT_PRODUCTS_DIR; };
		1582B9A1260A3FD300C80BD7 /* PrimerSDKExample_UITests.swift */ = {isa = PBXFileReference; lastKnownFileType = sourcecode.swift; path = PrimerSDKExample_UITests.swift; sourceTree = "<group>"; };
		1582B9A3260A3FD300C80BD7 /* Info.plist */ = {isa = PBXFileReference; lastKnownFileType = text.plist.xml; path = Info.plist; sourceTree = "<group>"; };
		1582B9AC260A402E00C80BD7 /* Base.swift */ = {isa = PBXFileReference; fileEncoding = 4; lastKnownFileType = sourcecode.swift; path = Base.swift; sourceTree = "<group>"; };
		15ACE9642614B186004C3EAA /* chocolate_bar_demo.otf */ = {isa = PBXFileReference; lastKnownFileType = file; path = chocolate_bar_demo.otf; sourceTree = "<group>"; };
		15ACEA6E2615C722004C3EAA /* fr */ = {isa = PBXFileReference; lastKnownFileType = text.plist.strings; name = fr; path = fr.lproj/LaunchScreen.strings; sourceTree = "<group>"; };
		15ACEA6F2615C723004C3EAA /* fr */ = {isa = PBXFileReference; lastKnownFileType = text.plist.strings; name = fr; path = fr.lproj/Main.strings; sourceTree = "<group>"; };
		15ACEA702615C741004C3EAA /* tr */ = {isa = PBXFileReference; lastKnownFileType = text.plist.strings; name = tr; path = tr.lproj/LaunchScreen.strings; sourceTree = "<group>"; };
		15ACEA712615C741004C3EAA /* tr */ = {isa = PBXFileReference; lastKnownFileType = text.plist.strings; name = tr; path = tr.lproj/Main.strings; sourceTree = "<group>"; };
		15ACEA722615C75D004C3EAA /* de */ = {isa = PBXFileReference; lastKnownFileType = text.plist.strings; name = de; path = de.lproj/LaunchScreen.strings; sourceTree = "<group>"; };
		15ACEA732615C75D004C3EAA /* de */ = {isa = PBXFileReference; lastKnownFileType = text.plist.strings; name = de; path = de.lproj/Main.strings; sourceTree = "<group>"; };
		15ACEA762615C791004C3EAA /* sv */ = {isa = PBXFileReference; lastKnownFileType = text.plist.strings; name = sv; path = sv.lproj/LaunchScreen.strings; sourceTree = "<group>"; };
		15ACEA772615C791004C3EAA /* sv */ = {isa = PBXFileReference; lastKnownFileType = text.plist.strings; name = sv; path = sv.lproj/Main.strings; sourceTree = "<group>"; };
		15B2E64726F8A9EE005B8343 /* Apaya.swift */ = {isa = PBXFileReference; lastKnownFileType = sourcecode.swift; path = Apaya.swift; sourceTree = "<group>"; };
		15ED91772718975500581CD7 /* MockAsyncPaymentMethodTokenizationViewModel.swift */ = {isa = PBXFileReference; lastKnownFileType = sourcecode.swift; path = MockAsyncPaymentMethodTokenizationViewModel.swift; sourceTree = "<group>"; };
		15F32E1C26FDA8E4004B3903 /* PrimerTests.swift */ = {isa = PBXFileReference; lastKnownFileType = sourcecode.swift; path = PrimerTests.swift; sourceTree = "<group>"; };
		15F5BFFE25FBAFDB00426B1C /* PrimerSDK_Example.entitlements */ = {isa = PBXFileReference; lastKnownFileType = text.plist.entitlements; path = PrimerSDK_Example.entitlements; sourceTree = "<group>"; };
		15F5E2FE26982B21003AFF8A /* CardComponentManagerTests.swift */ = {isa = PBXFileReference; lastKnownFileType = sourcecode.swift; path = CardComponentManagerTests.swift; sourceTree = "<group>"; };
		15F97C762624718800DCB3BA /* PaymentMethodCell.swift */ = {isa = PBXFileReference; lastKnownFileType = sourcecode.swift; path = PaymentMethodCell.swift; sourceTree = "<group>"; };
		15F97C7C2624730800DCB3BA /* UIViewController+API.swift */ = {isa = PBXFileReference; lastKnownFileType = sourcecode.swift; path = "UIViewController+API.swift"; sourceTree = "<group>"; };
		15F9E67C2678C88000F6B6C1 /* UniversalCheckout.swift */ = {isa = PBXFileReference; lastKnownFileType = sourcecode.swift; path = UniversalCheckout.swift; sourceTree = "<group>"; };
		1D3922C9270DEC2F001BDCCA /* WebViewUtilTests.swift */ = {isa = PBXFileReference; lastKnownFileType = sourcecode.swift; path = WebViewUtilTests.swift; sourceTree = "<group>"; };
		1DC7EE13261FA3D400BCBFFC /* CreateClientToken.swift */ = {isa = PBXFileReference; lastKnownFileType = sourcecode.swift; path = CreateClientToken.swift; sourceTree = "<group>"; };
		1DE0355B2716E4D1007BADAB /* CheckoutTheme.swift */ = {isa = PBXFileReference; lastKnownFileType = sourcecode.swift; path = CheckoutTheme.swift; sourceTree = "<group>"; };
		1DEBE0DE26B6FD06004E3064 /* ApayaTests.swift */ = {isa = PBXFileReference; fileEncoding = 4; lastKnownFileType = sourcecode.swift; path = ApayaTests.swift; sourceTree = "<group>"; };
		1DED53AF2739561800CD9DE6 /* ThemeTests.swift */ = {isa = PBXFileReference; fileEncoding = 4; lastKnownFileType = sourcecode.swift; path = ThemeTests.swift; sourceTree = "<group>"; };
		23191ADEF044C6D6C5B17A6E /* Pods_PrimerSDK_Tests.framework */ = {isa = PBXFileReference; explicitFileType = wrapper.framework; includeInIndex = 0; path = Pods_PrimerSDK_Tests.framework; sourceTree = BUILT_PRODUCTS_DIR; };
		2C10D10E2840C1A60059B9E1 /* MerchantCheckoutViewController.swift */ = {isa = PBXFileReference; fileEncoding = 4; lastKnownFileType = sourcecode.swift; path = MerchantCheckoutViewController.swift; sourceTree = "<group>"; };
		2C10D10F2840C1A60059B9E1 /* MerchantPaymentMethodsViewController.swift */ = {isa = PBXFileReference; fileEncoding = 4; lastKnownFileType = sourcecode.swift; path = MerchantPaymentMethodsViewController.swift; sourceTree = "<group>"; };
		2C10D1102840C1A60059B9E1 /* AppViewController.swift */ = {isa = PBXFileReference; fileEncoding = 4; lastKnownFileType = sourcecode.swift; path = AppViewController.swift; sourceTree = "<group>"; };
		2C10D1112840C1A60059B9E1 /* MerchantCardFormViewController.swift */ = {isa = PBXFileReference; fileEncoding = 4; lastKnownFileType = sourcecode.swift; path = MerchantCardFormViewController.swift; sourceTree = "<group>"; };
		2C10D1122840C1A60059B9E1 /* HUCResultViewController.swift */ = {isa = PBXFileReference; fileEncoding = 4; lastKnownFileType = sourcecode.swift; path = HUCResultViewController.swift; sourceTree = "<group>"; };
		2C10D1132840C1A60059B9E1 /* ResultViewController.swift */ = {isa = PBXFileReference; fileEncoding = 4; lastKnownFileType = sourcecode.swift; path = ResultViewController.swift; sourceTree = "<group>"; };
		2C10D1142840C1A60059B9E1 /* ManualPaymentMerchantCheckoutViewController.swift */ = {isa = PBXFileReference; fileEncoding = 4; lastKnownFileType = sourcecode.swift; path = ManualPaymentMerchantCheckoutViewController.swift; sourceTree = "<group>"; };
		2C10D11C2840C1B00059B9E1 /* Networking+Models.swift */ = {isa = PBXFileReference; fileEncoding = 4; lastKnownFileType = sourcecode.swift; path = "Networking+Models.swift"; sourceTree = "<group>"; };
		2C10D11D2840C1B00059B9E1 /* ViewController+Primer.swift */ = {isa = PBXFileReference; fileEncoding = 4; lastKnownFileType = sourcecode.swift; path = "ViewController+Primer.swift"; sourceTree = "<group>"; };
		2C10D11E2840C1B00059B9E1 /* ViewController+PrimerUIHelpers.swift */ = {isa = PBXFileReference; fileEncoding = 4; lastKnownFileType = sourcecode.swift; path = "ViewController+PrimerUIHelpers.swift"; sourceTree = "<group>"; };
		2C10D11F2840C1B00059B9E1 /* Data+Extensions.swift */ = {isa = PBXFileReference; fileEncoding = 4; lastKnownFileType = sourcecode.swift; path = "Data+Extensions.swift"; sourceTree = "<group>"; };
		2C10D1202840C1B00059B9E1 /* Range+Extensions.swift */ = {isa = PBXFileReference; fileEncoding = 4; lastKnownFileType = sourcecode.swift; path = "Range+Extensions.swift"; sourceTree = "<group>"; };
		2C10D1212840C1B00059B9E1 /* String+Extensions.swift */ = {isa = PBXFileReference; fileEncoding = 4; lastKnownFileType = sourcecode.swift; path = "String+Extensions.swift"; sourceTree = "<group>"; };
		2C10D1282840C1C90059B9E1 /* MerchantAssetsViewController.swift */ = {isa = PBXFileReference; fileEncoding = 4; lastKnownFileType = sourcecode.swift; path = MerchantAssetsViewController.swift; sourceTree = "<group>"; };
		2C10D12A2840C1D70059B9E1 /* SpinnerViewController.swift */ = {isa = PBXFileReference; fileEncoding = 4; lastKnownFileType = sourcecode.swift; path = SpinnerViewController.swift; sourceTree = "<group>"; };
		2C10D12C2840C41B0059B9E1 /* CreateResumePaymentService.swift */ = {isa = PBXFileReference; fileEncoding = 4; lastKnownFileType = sourcecode.swift; path = CreateResumePaymentService.swift; sourceTree = "<group>"; };
		2C98001628746CC50045A4DE /* UniversalCheckout+PrimerTestPaymentMethods.swift */ = {isa = PBXFileReference; fileEncoding = 4; lastKnownFileType = sourcecode.swift; path = "UniversalCheckout+PrimerTestPaymentMethods.swift"; sourceTree = "<group>"; };
		2C980018287471A80045A4DE /* XCUIElement+Scrolling.swift */ = {isa = PBXFileReference; lastKnownFileType = sourcecode.swift; path = "XCUIElement+Scrolling.swift"; sourceTree = "<group>"; };
		2C9DC7B628A641C00020E03F /* MerchantHUCRawCardDataViewController.swift */ = {isa = PBXFileReference; fileEncoding = 4; lastKnownFileType = sourcecode.swift; path = MerchantHUCRawCardDataViewController.swift; sourceTree = "<group>"; };
		3B55FBF1D40BE6B25F29A5D9 /* LICENSE */ = {isa = PBXFileReference; includeInIndex = 1; lastKnownFileType = text; name = LICENSE; path = ../LICENSE; sourceTree = "<group>"; };
		44B45F6507129BC001068D0B /* Pods_PrimerSDK_Example.framework */ = {isa = PBXFileReference; explicitFileType = wrapper.framework; includeInIndex = 0; path = Pods_PrimerSDK_Example.framework; sourceTree = BUILT_PRODUCTS_DIR; };
		45CA532A34F52954A21835C5 /* README.md */ = {isa = PBXFileReference; includeInIndex = 1; lastKnownFileType = net.daringfireball.markdown; name = README.md; path = ../README.md; sourceTree = "<group>"; };
		607FACD01AFB9204008FA782 /* PrimerSDK_Example.app */ = {isa = PBXFileReference; explicitFileType = wrapper.application; includeInIndex = 0; path = PrimerSDK_Example.app; sourceTree = BUILT_PRODUCTS_DIR; };
		607FACD41AFB9204008FA782 /* Info.plist */ = {isa = PBXFileReference; lastKnownFileType = text.plist.xml; path = Info.plist; sourceTree = "<group>"; };
		607FACD51AFB9204008FA782 /* AppDelegate.swift */ = {isa = PBXFileReference; lastKnownFileType = sourcecode.swift; path = AppDelegate.swift; sourceTree = "<group>"; };
		607FACDA1AFB9204008FA782 /* Base */ = {isa = PBXFileReference; lastKnownFileType = file.storyboard; name = Base; path = Base.lproj/Main.storyboard; sourceTree = "<group>"; };
		607FACDC1AFB9204008FA782 /* Images.xcassets */ = {isa = PBXFileReference; lastKnownFileType = folder.assetcatalog; path = Images.xcassets; sourceTree = "<group>"; };
		607FACDF1AFB9204008FA782 /* Base */ = {isa = PBXFileReference; lastKnownFileType = file.xib; name = Base; path = Base.lproj/LaunchScreen.xib; sourceTree = "<group>"; };
		607FACE51AFB9204008FA782 /* PrimerSDK_Tests.xctest */ = {isa = PBXFileReference; explicitFileType = wrapper.cfbundle; includeInIndex = 0; path = PrimerSDK_Tests.xctest; sourceTree = BUILT_PRODUCTS_DIR; };
		846BE6C8280FEE5F0052E4DB /* el */ = {isa = PBXFileReference; lastKnownFileType = text.plist.strings; name = el; path = el.lproj/Main.strings; sourceTree = "<group>"; };
		846BE6C9280FEE620052E4DB /* it */ = {isa = PBXFileReference; lastKnownFileType = text.plist.strings; name = it; path = it.lproj/Main.strings; sourceTree = "<group>"; };
		846BE6CA280FEE640052E4DB /* nb */ = {isa = PBXFileReference; lastKnownFileType = text.plist.strings; name = nb; path = nb.lproj/Main.strings; sourceTree = "<group>"; };
		846BE6CB280FEE670052E4DB /* pl */ = {isa = PBXFileReference; lastKnownFileType = text.plist.strings; name = pl; path = pl.lproj/Main.strings; sourceTree = "<group>"; };
		846BE6CC280FEE6A0052E4DB /* pt-PT */ = {isa = PBXFileReference; lastKnownFileType = text.plist.strings; name = "pt-PT"; path = "pt-PT.lproj/Main.strings"; sourceTree = "<group>"; };
		846BE6CD280FEE6C0052E4DB /* es */ = {isa = PBXFileReference; lastKnownFileType = text.plist.strings; name = es; path = es.lproj/Main.strings; sourceTree = "<group>"; };
		846BE6CE280FEE6F0052E4DB /* nl */ = {isa = PBXFileReference; lastKnownFileType = text.plist.strings; name = nl; path = nl.lproj/Main.strings; sourceTree = "<group>"; };
		846BE6CF280FEE720052E4DB /* da */ = {isa = PBXFileReference; lastKnownFileType = text.plist.strings; name = da; path = da.lproj/Main.strings; sourceTree = "<group>"; };
		846BE6D0280FEE740052E4DB /* ar */ = {isa = PBXFileReference; lastKnownFileType = text.plist.strings; name = ar; path = ar.lproj/Main.strings; sourceTree = "<group>"; };
		846BE6D2280FEE760052E4DB /* en */ = {isa = PBXFileReference; lastKnownFileType = text.plist.strings; name = en; path = en.lproj/Main.strings; sourceTree = "<group>"; };
		849A28EA275614070037C2D1 /* Networking.swift */ = {isa = PBXFileReference; lastKnownFileType = sourcecode.swift; path = Networking.swift; sourceTree = "<group>"; };
		849A28EC275788040037C2D1 /* ExternalPaymentMethods.swift */ = {isa = PBXFileReference; lastKnownFileType = sourcecode.swift; path = ExternalPaymentMethods.swift; sourceTree = "<group>"; };
		A574DD5DF7111BA543F1B20F /* Pods-PrimerSDK_Tests.debug.xcconfig */ = {isa = PBXFileReference; includeInIndex = 1; lastKnownFileType = text.xcconfig; name = "Pods-PrimerSDK_Tests.debug.xcconfig"; path = "Target Support Files/Pods-PrimerSDK_Tests/Pods-PrimerSDK_Tests.debug.xcconfig"; sourceTree = "<group>"; };
		BD5E8B09A661E9A41A4B75C7 /* Pods-PrimerSDK_Tests.release.xcconfig */ = {isa = PBXFileReference; includeInIndex = 1; lastKnownFileType = text.xcconfig; name = "Pods-PrimerSDK_Tests.release.xcconfig"; path = "Target Support Files/Pods-PrimerSDK_Tests/Pods-PrimerSDK_Tests.release.xcconfig"; sourceTree = "<group>"; };
/* End PBXFileReference section */

/* Begin PBXFrameworksBuildPhase section */
		1582B99C260A3FD300C80BD7 /* Frameworks */ = {
			isa = PBXFrameworksBuildPhase;
			buildActionMask = 2147483647;
			files = (
			);
			runOnlyForDeploymentPostprocessing = 0;
		};
		607FACCD1AFB9204008FA782 /* Frameworks */ = {
			isa = PBXFrameworksBuildPhase;
			buildActionMask = 2147483647;
			files = (
				644D09CBAF3548EDB746C91C /* Pods_PrimerSDK_Example.framework in Frameworks */,
			);
			runOnlyForDeploymentPostprocessing = 0;
		};
		607FACE21AFB9204008FA782 /* Frameworks */ = {
			isa = PBXFrameworksBuildPhase;
			buildActionMask = 2147483647;
			files = (
				BC480709E2B93742D2EB2BF3 /* Pods_PrimerSDK_Tests.framework in Frameworks */,
			);
			runOnlyForDeploymentPostprocessing = 0;
		};
/* End PBXFrameworksBuildPhase section */

/* Begin PBXGroup section */
		151219E426E5F4EC007EFEA1 /* Recovered References */ = {
			isa = PBXGroup;
			children = (
				151B0A1B267CE24B00FB49B8 /* 3DSConstants.swift */,
				151B09F4267B7F9400FB49B8 /* 3DSTests.swift */,
			);
			name = "Recovered References";
			sourceTree = "<group>";
		};
		1582B958260A3F2900C80BD7 /* PrimerSDK_Tests */ = {
			isa = PBXGroup;
			children = (
				15F32E1B26FDA8CF004B3903 /* Primer */,
				1DEBE0DD26B6FC92004E3064 /* Data Models */,
				1582B959260A3F2900C80BD7 /* Mocks */,
				1582B969260A3F2900C80BD7 /* ViewModels */,
				1582B96F260A3F2900C80BD7 /* Utils */,
				1582B972260A3F2900C80BD7 /* Info.plist */,
				1582B973260A3F2900C80BD7 /* Services */,
			);
			name = PrimerSDK_Tests;
			path = ../Tests/PrimerSDK_Tests;
			sourceTree = "<group>";
		};
		1582B959260A3F2900C80BD7 /* Mocks */ = {
			isa = PBXGroup;
			children = (
				1582B95A260A3F2900C80BD7 /* ViewModels */,
				1582B961260A3F2900C80BD7 /* Mocks.swift */,
				1582B962260A3F2900C80BD7 /* Services */,
			);
			path = Mocks;
			sourceTree = "<group>";
		};
		1582B95A260A3F2900C80BD7 /* ViewModels */ = {
			isa = PBXGroup;
			children = (
				1582B95F260A3F2900C80BD7 /* MockVaultCheckoutViewModel.swift */,
				15ED91772718975500581CD7 /* MockAsyncPaymentMethodTokenizationViewModel.swift */,
			);
			path = ViewModels;
			sourceTree = "<group>";
		};
		1582B962260A3F2900C80BD7 /* Services */ = {
			isa = PBXGroup;
			children = (
				2C10D12C2840C41B0059B9E1 /* CreateResumePaymentService.swift */,
				1582B963260A3F2900C80BD7 /* MockPrimerAPIConfigurationService.swift */,
				1582B964260A3F2900C80BD7 /* PayPalService.swift */,
				1582B965260A3F2900C80BD7 /* VaultService.swift */,
				1582B966260A3F2900C80BD7 /* ClientTokenService.swift */,
				1582B967260A3F2900C80BD7 /* TokenizationService.swift */,
			);
			path = Services;
			sourceTree = "<group>";
		};
		1582B969260A3F2900C80BD7 /* ViewModels */ = {
			isa = PBXGroup;
			children = (
				1582B96C260A3F2900C80BD7 /* VaultCheckoutViewModelTests.swift */,
				1582B96B260A3F2900C80BD7 /* VaultPaymentMethodViewModelTests.swift */,
			);
			path = ViewModels;
			sourceTree = "<group>";
		};
		1582B96F260A3F2900C80BD7 /* Utils */ = {
			isa = PBXGroup;
			children = (
				1582B970260A3F2900C80BD7 /* MaskTests.swift */,
				1D3922C9270DEC2F001BDCCA /* WebViewUtilTests.swift */,
			);
			path = Utils;
			sourceTree = "<group>";
		};
		1582B973260A3F2900C80BD7 /* Services */ = {
			isa = PBXGroup;
			children = (
				1582B977260A3F2900C80BD7 /* ClientTokenServiceTests.swift */,
				1582B974260A3F2900C80BD7 /* PaymentMethodConfigServiceTests.swift */,
				1582B978260A3F2900C80BD7 /* PayPalServiceTests.swift */,
				1582B976260A3F2900C80BD7 /* TokenizationServiceTests.swift */,
				15F5E2FE26982B21003AFF8A /* CardComponentManagerTests.swift */,
			);
			path = Services;
			sourceTree = "<group>";
		};
		1582B9A0260A3FD300C80BD7 /* PrimerSDKExample_UITests */ = {
			isa = PBXGroup;
			children = (
				1582B9A1260A3FD300C80BD7 /* PrimerSDKExample_UITests.swift */,
				1582B9AC260A402E00C80BD7 /* Base.swift */,
				1582B9A3260A3FD300C80BD7 /* Info.plist */,
				15F9E67C2678C88000F6B6C1 /* UniversalCheckout.swift */,
				2C98001628746CC50045A4DE /* UniversalCheckout+PrimerTestPaymentMethods.swift */,
				15300DB8267A1211009A1B9C /* Vault.swift */,
				15300DBA267A1646009A1B9C /* VaultKlarna.swift */,
				849A28EC275788040037C2D1 /* ExternalPaymentMethods.swift */,
				2C980018287471A80045A4DE /* XCUIElement+Scrolling.swift */,
			);
			path = PrimerSDKExample_UITests;
			sourceTree = "<group>";
		};
		15ACE9632614B186004C3EAA /* Fonts */ = {
			isa = PBXGroup;
			children = (
				15ACE9642614B186004C3EAA /* chocolate_bar_demo.otf */,
			);
			name = Fonts;
			path = Resources/Fonts;
			sourceTree = "<group>";
		};
		15F32E1B26FDA8CF004B3903 /* Primer */ = {
			isa = PBXGroup;
			children = (
				15F32E1C26FDA8E4004B3903 /* PrimerTests.swift */,
			);
			path = Primer;
			sourceTree = "<group>";
		};
		15F5BFB025FBA35600426B1C /* User Interface */ = {
			isa = PBXGroup;
			children = (
				607FACDE1AFB9204008FA782 /* LaunchScreen.xib */,
				607FACD91AFB9204008FA782 /* Main.storyboard */,
				1DC7EE0A261FA37800BCBFFC /* ViewControllers */,
				1DC7EE01261FA2BD00BCBFFC /* Views */,
				15F97C7B262472F200DCB3BA /* Extensions */,
			);
			name = "User Interface";
			sourceTree = "<group>";
		};
		15F5BFBD25FBA44D00426B1C /* Resources */ = {
			isa = PBXGroup;
			children = (
				15ACE9632614B186004C3EAA /* Fonts */,
				607FACDC1AFB9204008FA782 /* Images.xcassets */,
			);
			name = Resources;
			sourceTree = "<group>";
		};
		15F97C7B262472F200DCB3BA /* Extensions */ = {
			isa = PBXGroup;
			children = (
				2C10D11F2840C1B00059B9E1 /* Data+Extensions.swift */,
				2C10D11C2840C1B00059B9E1 /* Networking+Models.swift */,
				2C10D1202840C1B00059B9E1 /* Range+Extensions.swift */,
				2C10D1212840C1B00059B9E1 /* String+Extensions.swift */,
				2C10D11D2840C1B00059B9E1 /* ViewController+Primer.swift */,
				2C10D11E2840C1B00059B9E1 /* ViewController+PrimerUIHelpers.swift */,
				15F97C7C2624730800DCB3BA /* UIViewController+API.swift */,
			);
			name = Extensions;
			sourceTree = "<group>";
		};
		1DC7EE00261FA2A800BCBFFC /* Data Models */ = {
			isa = PBXGroup;
			children = (
				1DC7EE13261FA3D400BCBFFC /* CreateClientToken.swift */,
				15B2E64726F8A9EE005B8343 /* Apaya.swift */,
				1DE0355B2716E4D1007BADAB /* CheckoutTheme.swift */,
				849A28EA275614070037C2D1 /* Networking.swift */,
			);
			name = "Data Models";
			sourceTree = "<group>";
		};
		1DC7EE01261FA2BD00BCBFFC /* Views */ = {
			isa = PBXGroup;
			children = (
				15F97C762624718800DCB3BA /* PaymentMethodCell.swift */,
			);
			name = Views;
			sourceTree = "<group>";
		};
		1DC7EE0A261FA37800BCBFFC /* ViewControllers */ = {
			isa = PBXGroup;
			children = (
				2C9DC7B628A641C00020E03F /* MerchantHUCRawCardDataViewController.swift */,
				2C10D12A2840C1D70059B9E1 /* SpinnerViewController.swift */,
				2C10D1282840C1C90059B9E1 /* MerchantAssetsViewController.swift */,
				2C10D1102840C1A60059B9E1 /* AppViewController.swift */,
				2C10D1122840C1A60059B9E1 /* HUCResultViewController.swift */,
				2C10D1142840C1A60059B9E1 /* ManualPaymentMerchantCheckoutViewController.swift */,
				2C10D1112840C1A60059B9E1 /* MerchantCardFormViewController.swift */,
				2C10D10E2840C1A60059B9E1 /* MerchantCheckoutViewController.swift */,
				2C10D10F2840C1A60059B9E1 /* MerchantPaymentMethodsViewController.swift */,
				2C10D1132840C1A60059B9E1 /* ResultViewController.swift */,
			);
			name = ViewControllers;
			sourceTree = "<group>";
		};
		1DEBE0DD26B6FC92004E3064 /* Data Models */ = {
			isa = PBXGroup;
			children = (
				1DED53AF2739561800CD9DE6 /* ThemeTests.swift */,
				1DEBE0DE26B6FD06004E3064 /* ApayaTests.swift */,
				156F97082706DDE6004503C0 /* PaymentMethodConfigTests.swift */,
			);
			path = "Data Models";
			sourceTree = "<group>";
		};
		607FACC71AFB9204008FA782 = {
			isa = PBXGroup;
			children = (
				607FACF51AFB993E008FA782 /* Podspec Metadata */,
				607FACD21AFB9204008FA782 /* Example for PrimerSDK */,
				1582B958260A3F2900C80BD7 /* PrimerSDK_Tests */,
				1582B9A0260A3FD300C80BD7 /* PrimerSDKExample_UITests */,
				607FACD11AFB9204008FA782 /* Products */,
				151219E426E5F4EC007EFEA1 /* Recovered References */,
				CAECC3F22E94EA70F1F01CFC /* Pods */,
				F950408D459A6BF28373A778 /* Frameworks */,
			);
			sourceTree = "<group>";
		};
		607FACD11AFB9204008FA782 /* Products */ = {
			isa = PBXGroup;
			children = (
				607FACD01AFB9204008FA782 /* PrimerSDK_Example.app */,
				607FACE51AFB9204008FA782 /* PrimerSDK_Tests.xctest */,
				1582B99F260A3FD300C80BD7 /* PrimerSDKExample_UITests.xctest */,
			);
			name = Products;
			sourceTree = "<group>";
		};
		607FACD21AFB9204008FA782 /* Example for PrimerSDK */ = {
			isa = PBXGroup;
			children = (
				607FACD51AFB9204008FA782 /* AppDelegate.swift */,
				15F5BFFE25FBAFDB00426B1C /* PrimerSDK_Example.entitlements */,
				607FACD41AFB9204008FA782 /* Info.plist */,
				1DC7EE00261FA2A800BCBFFC /* Data Models */,
				15F5BFB025FBA35600426B1C /* User Interface */,
				15F5BFBD25FBA44D00426B1C /* Resources */,
			);
			name = "Example for PrimerSDK";
			path = PrimerSDK;
			sourceTree = "<group>";
		};
		607FACF51AFB993E008FA782 /* Podspec Metadata */ = {
			isa = PBXGroup;
			children = (
				0BEFFA023E994EF5B370A80C /* PrimerSDK.podspec */,
				45CA532A34F52954A21835C5 /* README.md */,
				3B55FBF1D40BE6B25F29A5D9 /* LICENSE */,
			);
			name = "Podspec Metadata";
			sourceTree = "<group>";
		};
		CAECC3F22E94EA70F1F01CFC /* Pods */ = {
			isa = PBXGroup;
			children = (
				000AF62E536D63704C808D1A /* Pods-PrimerSDK_Example.debug.xcconfig */,
				007F0932FCF54D59C2535129 /* Pods-PrimerSDK_Example.release.xcconfig */,
				A574DD5DF7111BA543F1B20F /* Pods-PrimerSDK_Tests.debug.xcconfig */,
				BD5E8B09A661E9A41A4B75C7 /* Pods-PrimerSDK_Tests.release.xcconfig */,
			);
			path = Pods;
			sourceTree = "<group>";
		};
		F950408D459A6BF28373A778 /* Frameworks */ = {
			isa = PBXGroup;
			children = (
				44B45F6507129BC001068D0B /* Pods_PrimerSDK_Example.framework */,
				23191ADEF044C6D6C5B17A6E /* Pods_PrimerSDK_Tests.framework */,
			);
			name = Frameworks;
			sourceTree = "<group>";
		};
/* End PBXGroup section */

/* Begin PBXNativeTarget section */
		1582B99E260A3FD300C80BD7 /* PrimerSDKExample_UITests */ = {
			isa = PBXNativeTarget;
			buildConfigurationList = 1582B9A6260A3FD300C80BD7 /* Build configuration list for PBXNativeTarget "PrimerSDKExample_UITests" */;
			buildPhases = (
				1582B99B260A3FD300C80BD7 /* Sources */,
				1582B99C260A3FD300C80BD7 /* Frameworks */,
				1582B99D260A3FD300C80BD7 /* Resources */,
			);
			buildRules = (
			);
			dependencies = (
				1582B9A5260A3FD300C80BD7 /* PBXTargetDependency */,
			);
			name = PrimerSDKExample_UITests;
			productName = PrimerSDKExample_UITests;
			productReference = 1582B99F260A3FD300C80BD7 /* PrimerSDKExample_UITests.xctest */;
			productType = "com.apple.product-type.bundle.ui-testing";
		};
		607FACCF1AFB9204008FA782 /* PrimerSDK_Example */ = {
			isa = PBXNativeTarget;
			buildConfigurationList = 607FACEF1AFB9204008FA782 /* Build configuration list for PBXNativeTarget "PrimerSDK_Example" */;
			buildPhases = (
				FABD9AB8AD8B5729947E8603 /* [CP] Check Pods Manifest.lock */,
				607FACCC1AFB9204008FA782 /* Sources */,
				607FACCD1AFB9204008FA782 /* Frameworks */,
				607FACCE1AFB9204008FA782 /* Resources */,
				E804E3E6B7B5F7C9CA8B6767 /* [CP] Embed Pods Frameworks */,
			);
			buildRules = (
			);
			dependencies = (
			);
			name = PrimerSDK_Example;
			productName = PrimerSDK;
			productReference = 607FACD01AFB9204008FA782 /* PrimerSDK_Example.app */;
			productType = "com.apple.product-type.application";
		};
		607FACE41AFB9204008FA782 /* PrimerSDK_Tests */ = {
			isa = PBXNativeTarget;
			buildConfigurationList = 607FACF21AFB9204008FA782 /* Build configuration list for PBXNativeTarget "PrimerSDK_Tests" */;
			buildPhases = (
				14CC780A31C4F4E0E8168371 /* [CP] Check Pods Manifest.lock */,
				607FACE11AFB9204008FA782 /* Sources */,
				607FACE21AFB9204008FA782 /* Frameworks */,
				607FACE31AFB9204008FA782 /* Resources */,
			);
			buildRules = (
			);
			dependencies = (
				607FACE71AFB9204008FA782 /* PBXTargetDependency */,
			);
			name = PrimerSDK_Tests;
			productName = Tests;
			productReference = 607FACE51AFB9204008FA782 /* PrimerSDK_Tests.xctest */;
			productType = "com.apple.product-type.bundle.unit-test";
		};
/* End PBXNativeTarget section */

/* Begin PBXProject section */
		607FACC81AFB9204008FA782 /* Project object */ = {
			isa = PBXProject;
			attributes = {
				LastSwiftUpdateCheck = 1240;
				LastUpgradeCheck = 1240;
				ORGANIZATIONNAME = CocoaPods;
				TargetAttributes = {
					1582B99E260A3FD300C80BD7 = {
						CreatedOnToolsVersion = 12.4;
						DevelopmentTeam = N8UN9TR5DY;
						ProvisioningStyle = Automatic;
						TestTargetID = 607FACCF1AFB9204008FA782;
					};
					607FACCF1AFB9204008FA782 = {
						CreatedOnToolsVersion = 6.3.1;
						DevelopmentTeam = N8UN9TR5DY;
						LastSwiftMigration = 0900;
						ProvisioningStyle = Manual;
					};
					607FACE41AFB9204008FA782 = {
						CreatedOnToolsVersion = 6.3.1;
						DevelopmentTeam = N8UN9TR5DY;
						LastSwiftMigration = 0900;
						ProvisioningStyle = Manual;
						TestTargetID = 607FACCF1AFB9204008FA782;
					};
				};
			};
			buildConfigurationList = 607FACCB1AFB9204008FA782 /* Build configuration list for PBXProject "PrimerSDK" */;
			compatibilityVersion = "Xcode 3.2";
			developmentRegion = en;
			hasScannedForEncodings = 0;
			knownRegions = (
				en,
				Base,
				fr,
				tr,
				de,
				sv,
				el,
				it,
				da,
				nl,
				nb,
				pl,
				"pt-PT",
				es,
				ar,
			);
			mainGroup = 607FACC71AFB9204008FA782;
			productRefGroup = 607FACD11AFB9204008FA782 /* Products */;
			projectDirPath = "";
			projectRoot = "";
			targets = (
				607FACCF1AFB9204008FA782 /* PrimerSDK_Example */,
				607FACE41AFB9204008FA782 /* PrimerSDK_Tests */,
				1582B99E260A3FD300C80BD7 /* PrimerSDKExample_UITests */,
			);
		};
/* End PBXProject section */

/* Begin PBXResourcesBuildPhase section */
		1582B99D260A3FD300C80BD7 /* Resources */ = {
			isa = PBXResourcesBuildPhase;
			buildActionMask = 2147483647;
			files = (
			);
			runOnlyForDeploymentPostprocessing = 0;
		};
		607FACCE1AFB9204008FA782 /* Resources */ = {
			isa = PBXResourcesBuildPhase;
			buildActionMask = 2147483647;
			files = (
				607FACDB1AFB9204008FA782 /* Main.storyboard in Resources */,
				607FACE01AFB9204008FA782 /* LaunchScreen.xib in Resources */,
				607FACDD1AFB9204008FA782 /* Images.xcassets in Resources */,
				15ACE9652614B186004C3EAA /* chocolate_bar_demo.otf in Resources */,
			);
			runOnlyForDeploymentPostprocessing = 0;
		};
		607FACE31AFB9204008FA782 /* Resources */ = {
			isa = PBXResourcesBuildPhase;
			buildActionMask = 2147483647;
			files = (
			);
			runOnlyForDeploymentPostprocessing = 0;
		};
/* End PBXResourcesBuildPhase section */

/* Begin PBXShellScriptBuildPhase section */
		14CC780A31C4F4E0E8168371 /* [CP] Check Pods Manifest.lock */ = {
			isa = PBXShellScriptBuildPhase;
			buildActionMask = 2147483647;
			files = (
			);
			inputFileListPaths = (
			);
			inputPaths = (
				"${PODS_PODFILE_DIR_PATH}/Podfile.lock",
				"${PODS_ROOT}/Manifest.lock",
			);
			name = "[CP] Check Pods Manifest.lock";
			outputFileListPaths = (
			);
			outputPaths = (
				"$(DERIVED_FILE_DIR)/Pods-PrimerSDK_Tests-checkManifestLockResult.txt",
			);
			runOnlyForDeploymentPostprocessing = 0;
			shellPath = /bin/sh;
			shellScript = "diff \"${PODS_PODFILE_DIR_PATH}/Podfile.lock\" \"${PODS_ROOT}/Manifest.lock\" > /dev/null\nif [ $? != 0 ] ; then\n    # print error to STDERR\n    echo \"error: The sandbox is not in sync with the Podfile.lock. Run 'pod install' or update your CocoaPods installation.\" >&2\n    exit 1\nfi\n# This output is used by Xcode 'outputs' to avoid re-running this script phase.\necho \"SUCCESS\" > \"${SCRIPT_OUTPUT_FILE_0}\"\n";
			showEnvVarsInLog = 0;
		};
		E804E3E6B7B5F7C9CA8B6767 /* [CP] Embed Pods Frameworks */ = {
			isa = PBXShellScriptBuildPhase;
			buildActionMask = 2147483647;
			files = (
			);
			inputPaths = (
				"${PODS_ROOT}/Target Support Files/Pods-PrimerSDK_Example/Pods-PrimerSDK_Example-frameworks.sh",
				"${BUILT_PRODUCTS_DIR}/Primer3DS/Primer3DS.framework",
				"${BUILT_PRODUCTS_DIR}/PrimerKlarnaSDK/PrimerKlarnaSDK.framework",
				"${BUILT_PRODUCTS_DIR}/PrimerSDK/PrimerSDK.framework",
				"${PODS_XCFRAMEWORKS_BUILD_DIR}/KlarnaMobileSDK/full/KlarnaMobileSDK.framework/KlarnaMobileSDK",
				"${PODS_XCFRAMEWORKS_BUILD_DIR}/Primer3DS/ThreeDS_SDK.framework/ThreeDS_SDK",
			);
			name = "[CP] Embed Pods Frameworks";
			outputPaths = (
				"${TARGET_BUILD_DIR}/${FRAMEWORKS_FOLDER_PATH}/Primer3DS.framework",
				"${TARGET_BUILD_DIR}/${FRAMEWORKS_FOLDER_PATH}/PrimerKlarnaSDK.framework",
				"${TARGET_BUILD_DIR}/${FRAMEWORKS_FOLDER_PATH}/PrimerSDK.framework",
				"${TARGET_BUILD_DIR}/${FRAMEWORKS_FOLDER_PATH}/KlarnaMobileSDK.framework",
				"${TARGET_BUILD_DIR}/${FRAMEWORKS_FOLDER_PATH}/ThreeDS_SDK.framework",
			);
			runOnlyForDeploymentPostprocessing = 0;
			shellPath = /bin/sh;
			shellScript = "\"${PODS_ROOT}/Target Support Files/Pods-PrimerSDK_Example/Pods-PrimerSDK_Example-frameworks.sh\"\n";
			showEnvVarsInLog = 0;
		};
		FABD9AB8AD8B5729947E8603 /* [CP] Check Pods Manifest.lock */ = {
			isa = PBXShellScriptBuildPhase;
			buildActionMask = 2147483647;
			files = (
			);
			inputFileListPaths = (
			);
			inputPaths = (
				"${PODS_PODFILE_DIR_PATH}/Podfile.lock",
				"${PODS_ROOT}/Manifest.lock",
			);
			name = "[CP] Check Pods Manifest.lock";
			outputFileListPaths = (
			);
			outputPaths = (
				"$(DERIVED_FILE_DIR)/Pods-PrimerSDK_Example-checkManifestLockResult.txt",
			);
			runOnlyForDeploymentPostprocessing = 0;
			shellPath = /bin/sh;
			shellScript = "diff \"${PODS_PODFILE_DIR_PATH}/Podfile.lock\" \"${PODS_ROOT}/Manifest.lock\" > /dev/null\nif [ $? != 0 ] ; then\n    # print error to STDERR\n    echo \"error: The sandbox is not in sync with the Podfile.lock. Run 'pod install' or update your CocoaPods installation.\" >&2\n    exit 1\nfi\n# This output is used by Xcode 'outputs' to avoid re-running this script phase.\necho \"SUCCESS\" > \"${SCRIPT_OUTPUT_FILE_0}\"\n";
			showEnvVarsInLog = 0;
		};
/* End PBXShellScriptBuildPhase section */

/* Begin PBXSourcesBuildPhase section */
		1582B99B260A3FD300C80BD7 /* Sources */ = {
			isa = PBXSourcesBuildPhase;
			buildActionMask = 2147483647;
			files = (
				15F9E67D2678C88000F6B6C1 /* UniversalCheckout.swift in Sources */,
				2C980019287471A80045A4DE /* XCUIElement+Scrolling.swift in Sources */,
				1582B9AD260A402E00C80BD7 /* Base.swift in Sources */,
				849A28ED275788040037C2D1 /* ExternalPaymentMethods.swift in Sources */,
				1582B9A2260A3FD300C80BD7 /* PrimerSDKExample_UITests.swift in Sources */,
				15300DBB267A1646009A1B9C /* VaultKlarna.swift in Sources */,
				2C98001728746CC50045A4DE /* UniversalCheckout+PrimerTestPaymentMethods.swift in Sources */,
				151B098C267A276100FB49B8 /* Vault.swift in Sources */,
			);
			runOnlyForDeploymentPostprocessing = 0;
		};
		607FACCC1AFB9204008FA782 /* Sources */ = {
			isa = PBXSourcesBuildPhase;
			buildActionMask = 2147483647;
			files = (
				2C10D12B2840C1D70059B9E1 /* SpinnerViewController.swift in Sources */,
				2C10D1272840C1B00059B9E1 /* String+Extensions.swift in Sources */,
				2C10D11A2840C1A60059B9E1 /* ResultViewController.swift in Sources */,
				2C10D1172840C1A60059B9E1 /* AppViewController.swift in Sources */,
				2C10D1242840C1B00059B9E1 /* ViewController+PrimerUIHelpers.swift in Sources */,
				2C10D1262840C1B00059B9E1 /* Range+Extensions.swift in Sources */,
				2C10D1252840C1B00059B9E1 /* Data+Extensions.swift in Sources */,
				15F97C7D2624730800DCB3BA /* UIViewController+API.swift in Sources */,
				849A28EB275614070037C2D1 /* Networking.swift in Sources */,
				2C10D1182840C1A60059B9E1 /* MerchantCardFormViewController.swift in Sources */,
				15F97C772624718800DCB3BA /* PaymentMethodCell.swift in Sources */,
				15B2E64826F8A9EE005B8343 /* Apaya.swift in Sources */,
				2C10D1292840C1C90059B9E1 /* MerchantAssetsViewController.swift in Sources */,
				1DE0355C2716E4D1007BADAB /* CheckoutTheme.swift in Sources */,
				2C10D1222840C1B00059B9E1 /* Networking+Models.swift in Sources */,
				2C9DC7B728A641C00020E03F /* MerchantHUCRawCardDataViewController.swift in Sources */,
				607FACD61AFB9204008FA782 /* AppDelegate.swift in Sources */,
				2C10D1152840C1A60059B9E1 /* MerchantCheckoutViewController.swift in Sources */,
				1DC7EE14261FA3D400BCBFFC /* CreateClientToken.swift in Sources */,
				2C10D11B2840C1A60059B9E1 /* ManualPaymentMerchantCheckoutViewController.swift in Sources */,
				2C10D1192840C1A60059B9E1 /* HUCResultViewController.swift in Sources */,
				2C10D1162840C1A60059B9E1 /* MerchantPaymentMethodsViewController.swift in Sources */,
				2C10D1232840C1B00059B9E1 /* ViewController+Primer.swift in Sources */,
			);
			runOnlyForDeploymentPostprocessing = 0;
		};
		607FACE11AFB9204008FA782 /* Sources */ = {
			isa = PBXSourcesBuildPhase;
			buildActionMask = 2147483647;
			files = (
				1DED53B02739561800CD9DE6 /* ThemeTests.swift in Sources */,
				1582B981260A3F2900C80BD7 /* PayPalService.swift in Sources */,
				1582B991260A3F2900C80BD7 /* ClientTokenServiceTests.swift in Sources */,
				1582B98E260A3F2900C80BD7 /* PaymentMethodConfigServiceTests.swift in Sources */,
				15F5E2FF26982B21003AFF8A /* CardComponentManagerTests.swift in Sources */,
				1582B98B260A3F2900C80BD7 /* MaskTests.swift in Sources */,
				1582B983260A3F2900C80BD7 /* ClientTokenService.swift in Sources */,
				1582B980260A3F2900C80BD7 /* MockPrimerAPIConfigurationService.swift in Sources */,
				15F32E1D26FDA8E4004B3903 /* PrimerTests.swift in Sources */,
				1582B988260A3F2900C80BD7 /* VaultCheckoutViewModelTests.swift in Sources */,
				2C10D12E2840C42F0059B9E1 /* CreateResumePaymentService.swift in Sources */,
				1582B97F260A3F2900C80BD7 /* Mocks.swift in Sources */,
				1582B992260A3F2900C80BD7 /* PayPalServiceTests.swift in Sources */,
				156F97092706DDE6004503C0 /* PaymentMethodConfigTests.swift in Sources */,
				1582B984260A3F2900C80BD7 /* TokenizationService.swift in Sources */,
				1DEBE0DF26B6FD06004E3064 /* ApayaTests.swift in Sources */,
				1582B982260A3F2900C80BD7 /* VaultService.swift in Sources */,
				1582B97D260A3F2900C80BD7 /* MockVaultCheckoutViewModel.swift in Sources */,
				1582B987260A3F2900C80BD7 /* VaultPaymentMethodViewModelTests.swift in Sources */,
				1582B990260A3F2900C80BD7 /* TokenizationServiceTests.swift in Sources */,
			);
			runOnlyForDeploymentPostprocessing = 0;
		};
/* End PBXSourcesBuildPhase section */

/* Begin PBXTargetDependency section */
		1582B9A5260A3FD300C80BD7 /* PBXTargetDependency */ = {
			isa = PBXTargetDependency;
			target = 607FACCF1AFB9204008FA782 /* PrimerSDK_Example */;
			targetProxy = 1582B9A4260A3FD300C80BD7 /* PBXContainerItemProxy */;
		};
		607FACE71AFB9204008FA782 /* PBXTargetDependency */ = {
			isa = PBXTargetDependency;
			target = 607FACCF1AFB9204008FA782 /* PrimerSDK_Example */;
			targetProxy = 607FACE61AFB9204008FA782 /* PBXContainerItemProxy */;
		};
/* End PBXTargetDependency section */

/* Begin PBXVariantGroup section */
		607FACD91AFB9204008FA782 /* Main.storyboard */ = {
			isa = PBXVariantGroup;
			children = (
				607FACDA1AFB9204008FA782 /* Base */,
				15ACEA6F2615C723004C3EAA /* fr */,
				15ACEA712615C741004C3EAA /* tr */,
				15ACEA732615C75D004C3EAA /* de */,
				15ACEA772615C791004C3EAA /* sv */,
				846BE6C8280FEE5F0052E4DB /* el */,
				846BE6C9280FEE620052E4DB /* it */,
				846BE6CA280FEE640052E4DB /* nb */,
				846BE6CB280FEE670052E4DB /* pl */,
				846BE6CC280FEE6A0052E4DB /* pt-PT */,
				846BE6CD280FEE6C0052E4DB /* es */,
				846BE6CE280FEE6F0052E4DB /* nl */,
				846BE6CF280FEE720052E4DB /* da */,
				846BE6D0280FEE740052E4DB /* ar */,
				846BE6D2280FEE760052E4DB /* en */,
			);
			name = Main.storyboard;
			sourceTree = "<group>";
		};
		607FACDE1AFB9204008FA782 /* LaunchScreen.xib */ = {
			isa = PBXVariantGroup;
			children = (
				607FACDF1AFB9204008FA782 /* Base */,
				15ACEA6E2615C722004C3EAA /* fr */,
				15ACEA702615C741004C3EAA /* tr */,
				15ACEA722615C75D004C3EAA /* de */,
				15ACEA762615C791004C3EAA /* sv */,
			);
			name = LaunchScreen.xib;
			sourceTree = "<group>";
		};
/* End PBXVariantGroup section */

/* Begin XCBuildConfiguration section */
		1582B9A7260A3FD300C80BD7 /* Debug */ = {
			isa = XCBuildConfiguration;
			buildSettings = {
				CLANG_ANALYZER_NONNULL = YES;
				CLANG_ANALYZER_NUMBER_OBJECT_CONVERSION = YES_AGGRESSIVE;
				CLANG_CXX_LANGUAGE_STANDARD = "gnu++14";
				CLANG_ENABLE_OBJC_WEAK = YES;
				CLANG_WARN_DOCUMENTATION_COMMENTS = YES;
				CLANG_WARN_UNGUARDED_AVAILABILITY = YES_AGGRESSIVE;
				CODE_SIGN_STYLE = Automatic;
				DEBUG_INFORMATION_FORMAT = dwarf;
				DEVELOPMENT_TEAM = N8UN9TR5DY;
				GCC_C_LANGUAGE_STANDARD = gnu11;
				INFOPLIST_FILE = PrimerSDKExample_UITests/Info.plist;
				IPHONEOS_DEPLOYMENT_TARGET = 14.4;
				LD_RUNPATH_SEARCH_PATHS = "$(inherited) @executable_path/Frameworks @loader_path/Frameworks";
				MTL_ENABLE_DEBUG_INFO = INCLUDE_SOURCE;
				MTL_FAST_MATH = YES;
				PRODUCT_BUNDLE_IDENTIFIER = "com.primer.PrimerSDKExample-UITests";
				PRODUCT_NAME = "$(TARGET_NAME)";
				SWIFT_ACTIVE_COMPILATION_CONDITIONS = DEBUG;
				SWIFT_VERSION = 5.0;
				TARGETED_DEVICE_FAMILY = "1,2";
				TEST_TARGET_NAME = PrimerSDK_Example;
			};
			name = Debug;
		};
		1582B9A8260A3FD300C80BD7 /* Release */ = {
			isa = XCBuildConfiguration;
			buildSettings = {
				CLANG_ANALYZER_NONNULL = YES;
				CLANG_ANALYZER_NUMBER_OBJECT_CONVERSION = YES_AGGRESSIVE;
				CLANG_CXX_LANGUAGE_STANDARD = "gnu++14";
				CLANG_ENABLE_OBJC_WEAK = YES;
				CLANG_WARN_DOCUMENTATION_COMMENTS = YES;
				CLANG_WARN_UNGUARDED_AVAILABILITY = YES_AGGRESSIVE;
				CODE_SIGN_STYLE = Automatic;
				DEVELOPMENT_TEAM = N8UN9TR5DY;
				GCC_C_LANGUAGE_STANDARD = gnu11;
				INFOPLIST_FILE = PrimerSDKExample_UITests/Info.plist;
				IPHONEOS_DEPLOYMENT_TARGET = 14.4;
				LD_RUNPATH_SEARCH_PATHS = "$(inherited) @executable_path/Frameworks @loader_path/Frameworks";
				MTL_FAST_MATH = YES;
				PRODUCT_BUNDLE_IDENTIFIER = "com.primer.PrimerSDKExample-UITests";
				PRODUCT_NAME = "$(TARGET_NAME)";
				SWIFT_VERSION = 5.0;
				TARGETED_DEVICE_FAMILY = "1,2";
				TEST_TARGET_NAME = PrimerSDK_Example;
			};
			name = Release;
		};
		607FACED1AFB9204008FA782 /* Debug */ = {
			isa = XCBuildConfiguration;
			buildSettings = {
				ALWAYS_SEARCH_USER_PATHS = NO;
				CLANG_ANALYZER_LOCALIZABILITY_NONLOCALIZED = YES;
				CLANG_CXX_LANGUAGE_STANDARD = "gnu++0x";
				CLANG_CXX_LIBRARY = "libc++";
				CLANG_ENABLE_MODULES = YES;
				CLANG_ENABLE_OBJC_ARC = YES;
				CLANG_WARN_BLOCK_CAPTURE_AUTORELEASING = YES;
				CLANG_WARN_BOOL_CONVERSION = YES;
				CLANG_WARN_COMMA = YES;
				CLANG_WARN_CONSTANT_CONVERSION = YES;
				CLANG_WARN_DEPRECATED_OBJC_IMPLEMENTATIONS = YES;
				CLANG_WARN_DIRECT_OBJC_ISA_USAGE = YES_ERROR;
				CLANG_WARN_EMPTY_BODY = YES;
				CLANG_WARN_ENUM_CONVERSION = YES;
				CLANG_WARN_INFINITE_RECURSION = YES;
				CLANG_WARN_INT_CONVERSION = YES;
				CLANG_WARN_NON_LITERAL_NULL_CONVERSION = YES;
				CLANG_WARN_OBJC_IMPLICIT_RETAIN_SELF = YES;
				CLANG_WARN_OBJC_LITERAL_CONVERSION = YES;
				CLANG_WARN_OBJC_ROOT_CLASS = YES_ERROR;
				CLANG_WARN_QUOTED_INCLUDE_IN_FRAMEWORK_HEADER = YES;
				CLANG_WARN_RANGE_LOOP_ANALYSIS = YES;
				CLANG_WARN_STRICT_PROTOTYPES = YES;
				CLANG_WARN_SUSPICIOUS_MOVE = YES;
				CLANG_WARN_UNREACHABLE_CODE = YES;
				CLANG_WARN__DUPLICATE_METHOD_MATCH = YES;
				CODE_SIGN_IDENTITY = "iPhone Developer";
				"CODE_SIGN_IDENTITY[sdk=iphoneos*]" = "iPhone Developer";
				CODE_SIGN_STYLE = Manual;
				COPY_PHASE_STRIP = NO;
				CURRENT_PROJECT_VERSION = 1633887881;
				DEBUG_INFORMATION_FORMAT = "dwarf-with-dsym";
				DEVELOPMENT_TEAM = N8UN9TR5DY;
				ENABLE_STRICT_OBJC_MSGSEND = YES;
				ENABLE_TESTABILITY = YES;
				GCC_C_LANGUAGE_STANDARD = gnu99;
				GCC_DYNAMIC_NO_PIC = NO;
				GCC_NO_COMMON_BLOCKS = YES;
				GCC_OPTIMIZATION_LEVEL = 0;
				GCC_PREPROCESSOR_DEFINITIONS = (
					"DEBUG=1",
					"$(inherited)",
				);
				GCC_SYMBOLS_PRIVATE_EXTERN = NO;
				GCC_WARN_64_TO_32_BIT_CONVERSION = YES;
				GCC_WARN_ABOUT_RETURN_TYPE = YES_ERROR;
				GCC_WARN_UNDECLARED_SELECTOR = YES;
				GCC_WARN_UNINITIALIZED_AUTOS = YES_AGGRESSIVE;
				GCC_WARN_UNUSED_FUNCTION = YES;
				GCC_WARN_UNUSED_VARIABLE = YES;
				IPHONEOS_DEPLOYMENT_TARGET = 9.3;
				MARKETING_VERSION = 1.8.0;
				MTL_ENABLE_DEBUG_INFO = YES;
				ONLY_ACTIVE_ARCH = YES;
				SDKROOT = iphoneos;
				SWIFT_OPTIMIZATION_LEVEL = "-Onone";
				SWIFT_VERSION = "";
				VERSIONING_SYSTEM = "apple-generic";
			};
			name = Debug;
		};
		607FACEE1AFB9204008FA782 /* Release */ = {
			isa = XCBuildConfiguration;
			buildSettings = {
				ALWAYS_SEARCH_USER_PATHS = NO;
				CLANG_ANALYZER_LOCALIZABILITY_NONLOCALIZED = YES;
				CLANG_CXX_LANGUAGE_STANDARD = "gnu++0x";
				CLANG_CXX_LIBRARY = "libc++";
				CLANG_ENABLE_MODULES = YES;
				CLANG_ENABLE_OBJC_ARC = YES;
				CLANG_WARN_BLOCK_CAPTURE_AUTORELEASING = YES;
				CLANG_WARN_BOOL_CONVERSION = YES;
				CLANG_WARN_COMMA = YES;
				CLANG_WARN_CONSTANT_CONVERSION = YES;
				CLANG_WARN_DEPRECATED_OBJC_IMPLEMENTATIONS = YES;
				CLANG_WARN_DIRECT_OBJC_ISA_USAGE = YES_ERROR;
				CLANG_WARN_EMPTY_BODY = YES;
				CLANG_WARN_ENUM_CONVERSION = YES;
				CLANG_WARN_INFINITE_RECURSION = YES;
				CLANG_WARN_INT_CONVERSION = YES;
				CLANG_WARN_NON_LITERAL_NULL_CONVERSION = YES;
				CLANG_WARN_OBJC_IMPLICIT_RETAIN_SELF = YES;
				CLANG_WARN_OBJC_LITERAL_CONVERSION = YES;
				CLANG_WARN_OBJC_ROOT_CLASS = YES_ERROR;
				CLANG_WARN_QUOTED_INCLUDE_IN_FRAMEWORK_HEADER = YES;
				CLANG_WARN_RANGE_LOOP_ANALYSIS = YES;
				CLANG_WARN_STRICT_PROTOTYPES = YES;
				CLANG_WARN_SUSPICIOUS_MOVE = YES;
				CLANG_WARN_UNREACHABLE_CODE = YES;
				CLANG_WARN__DUPLICATE_METHOD_MATCH = YES;
				CODE_SIGN_IDENTITY = "iPhone Developer";
				"CODE_SIGN_IDENTITY[sdk=iphoneos*]" = "iPhone Developer";
				CODE_SIGN_STYLE = Manual;
				COPY_PHASE_STRIP = NO;
				CURRENT_PROJECT_VERSION = 1633887881;
				DEBUG_INFORMATION_FORMAT = "dwarf-with-dsym";
				DEVELOPMENT_TEAM = N8UN9TR5DY;
				ENABLE_NS_ASSERTIONS = NO;
				ENABLE_STRICT_OBJC_MSGSEND = YES;
				GCC_C_LANGUAGE_STANDARD = gnu99;
				GCC_NO_COMMON_BLOCKS = YES;
				GCC_WARN_64_TO_32_BIT_CONVERSION = YES;
				GCC_WARN_ABOUT_RETURN_TYPE = YES_ERROR;
				GCC_WARN_UNDECLARED_SELECTOR = YES;
				GCC_WARN_UNINITIALIZED_AUTOS = YES_AGGRESSIVE;
				GCC_WARN_UNUSED_FUNCTION = YES;
				GCC_WARN_UNUSED_VARIABLE = YES;
				IPHONEOS_DEPLOYMENT_TARGET = 9.3;
				MARKETING_VERSION = 1.8.0;
				MTL_ENABLE_DEBUG_INFO = NO;
				SDKROOT = iphoneos;
				SWIFT_OPTIMIZATION_LEVEL = "-Owholemodule";
				SWIFT_VERSION = "";
				VALIDATE_PRODUCT = YES;
				VERSIONING_SYSTEM = "apple-generic";
			};
			name = Release;
		};
		607FACF01AFB9204008FA782 /* Debug */ = {
			isa = XCBuildConfiguration;
			baseConfigurationReference = 000AF62E536D63704C808D1A /* Pods-PrimerSDK_Example.debug.xcconfig */;
			buildSettings = {
				ASSETCATALOG_COMPILER_APPICON_NAME = AppIcon;
				CODE_SIGN_ENTITLEMENTS = PrimerSDK_Example.entitlements;
				CODE_SIGN_IDENTITY = "Apple Development: DX Primer (8B5K7AGMS8)";
				"CODE_SIGN_IDENTITY[sdk=iphoneos*]" = "Apple Development: DX Primer (8B5K7AGMS8)";
				CODE_SIGN_STYLE = Manual;
				CURRENT_PROJECT_VERSION = 1652387287;
				DEVELOPMENT_TEAM = N8UN9TR5DY;
				INFOPLIST_FILE = PrimerSDK/Info.plist;
				IPHONEOS_DEPLOYMENT_TARGET = 12.1;
				LD_RUNPATH_SEARCH_PATHS = "$(inherited) @executable_path/Frameworks";
				MARKETING_VERSION = 2.2.0;
				MODULE_NAME = ExampleApp;
				ONLY_ACTIVE_ARCH = YES;
				PRODUCT_BUNDLE_IDENTIFIER = com.primerapi.PrimerSDKExample;
				PRODUCT_NAME = "$(TARGET_NAME)";
				PROVISIONING_PROFILE_SPECIFIER = "match Development com.primerapi.PrimerSDKExample";
				SWIFT_SWIFT3_OBJC_INFERENCE = Default;
				SWIFT_VERSION = 4.2;
			};
			name = Debug;
		};
		607FACF11AFB9204008FA782 /* Release */ = {
			isa = XCBuildConfiguration;
			baseConfigurationReference = 007F0932FCF54D59C2535129 /* Pods-PrimerSDK_Example.release.xcconfig */;
			buildSettings = {
				ASSETCATALOG_COMPILER_APPICON_NAME = AppIcon;
				CODE_SIGN_ENTITLEMENTS = PrimerSDK_Example.entitlements;
				CODE_SIGN_IDENTITY = "Apple Development: DX Primer (8B5K7AGMS8)";
				"CODE_SIGN_IDENTITY[sdk=iphoneos*]" = "Apple Development: DX Primer (8B5K7AGMS8)";
				CODE_SIGN_STYLE = Manual;
				CURRENT_PROJECT_VERSION = 1652387287;
				DEVELOPMENT_TEAM = N8UN9TR5DY;
				INFOPLIST_FILE = PrimerSDK/Info.plist;
				IPHONEOS_DEPLOYMENT_TARGET = 12.1;
				LD_RUNPATH_SEARCH_PATHS = "$(inherited) @executable_path/Frameworks";
				MARKETING_VERSION = 2.2.0;
				MODULE_NAME = ExampleApp;
				ONLY_ACTIVE_ARCH = YES;
				PRODUCT_BUNDLE_IDENTIFIER = com.primerapi.PrimerSDKExample;
				PRODUCT_NAME = "$(TARGET_NAME)";
				PROVISIONING_PROFILE_SPECIFIER = "match Development com.primerapi.PrimerSDKExample";
				SWIFT_SWIFT3_OBJC_INFERENCE = Default;
				SWIFT_VERSION = 4.2;
			};
			name = Release;
		};
		607FACF31AFB9204008FA782 /* Debug */ = {
			isa = XCBuildConfiguration;
			baseConfigurationReference = A574DD5DF7111BA543F1B20F /* Pods-PrimerSDK_Tests.debug.xcconfig */;
			buildSettings = {
				CODE_SIGN_IDENTITY = "iPhone Developer";
				"CODE_SIGN_IDENTITY[sdk=macosx*]" = "-";
				CODE_SIGN_STYLE = Manual;
				DEVELOPMENT_TEAM = N8UN9TR5DY;
				FRAMEWORK_SEARCH_PATHS = (
					"$(PLATFORM_DIR)/Developer/Library/Frameworks",
					"$(inherited)",
				);
				GCC_PREPROCESSOR_DEFINITIONS = (
					"DEBUG=1",
					"$(inherited)",
				);
				INFOPLIST_FILE = ../Tests/PrimerSDK_Tests/Info.plist;
				IPHONEOS_DEPLOYMENT_TARGET = 10.0;
				LD_RUNPATH_SEARCH_PATHS = "$(inherited) @executable_path/Frameworks @loader_path/Frameworks";
				PRODUCT_BUNDLE_IDENTIFIER = "org.cocoapods.$(PRODUCT_NAME:rfc1034identifier)";
				PRODUCT_NAME = "$(TARGET_NAME)";
				PROVISIONING_PROFILE_SPECIFIER = "";
				"PROVISIONING_PROFILE_SPECIFIER[sdk=macosx*]" = "";
				SWIFT_SWIFT3_OBJC_INFERENCE = Default;
				SWIFT_VERSION = 4.0;
				TEST_HOST = "$(BUILT_PRODUCTS_DIR)/PrimerSDK_Example.app/PrimerSDK_Example";
			};
			name = Debug;
		};
		607FACF41AFB9204008FA782 /* Release */ = {
			isa = XCBuildConfiguration;
			baseConfigurationReference = BD5E8B09A661E9A41A4B75C7 /* Pods-PrimerSDK_Tests.release.xcconfig */;
			buildSettings = {
				CODE_SIGN_IDENTITY = "iPhone Developer";
				"CODE_SIGN_IDENTITY[sdk=macosx*]" = "-";
				CODE_SIGN_STYLE = Manual;
				DEVELOPMENT_TEAM = N8UN9TR5DY;
				FRAMEWORK_SEARCH_PATHS = (
					"$(PLATFORM_DIR)/Developer/Library/Frameworks",
					"$(inherited)",
				);
				INFOPLIST_FILE = ../Tests/PrimerSDK_Tests/Info.plist;
				IPHONEOS_DEPLOYMENT_TARGET = 10.0;
				LD_RUNPATH_SEARCH_PATHS = "$(inherited) @executable_path/Frameworks @loader_path/Frameworks";
				PRODUCT_BUNDLE_IDENTIFIER = "org.cocoapods.$(PRODUCT_NAME:rfc1034identifier)";
				PRODUCT_NAME = "$(TARGET_NAME)";
				PROVISIONING_PROFILE_SPECIFIER = "";
				"PROVISIONING_PROFILE_SPECIFIER[sdk=macosx*]" = "";
				SWIFT_SWIFT3_OBJC_INFERENCE = Default;
				SWIFT_VERSION = 4.0;
				TEST_HOST = "$(BUILT_PRODUCTS_DIR)/PrimerSDK_Example.app/PrimerSDK_Example";
			};
			name = Release;
		};
/* End XCBuildConfiguration section */

/* Begin XCConfigurationList section */
		1582B9A6260A3FD300C80BD7 /* Build configuration list for PBXNativeTarget "PrimerSDKExample_UITests" */ = {
			isa = XCConfigurationList;
			buildConfigurations = (
				1582B9A7260A3FD300C80BD7 /* Debug */,
				1582B9A8260A3FD300C80BD7 /* Release */,
			);
			defaultConfigurationIsVisible = 0;
			defaultConfigurationName = Release;
		};
		607FACCB1AFB9204008FA782 /* Build configuration list for PBXProject "PrimerSDK" */ = {
			isa = XCConfigurationList;
			buildConfigurations = (
				607FACED1AFB9204008FA782 /* Debug */,
				607FACEE1AFB9204008FA782 /* Release */,
			);
			defaultConfigurationIsVisible = 0;
			defaultConfigurationName = Release;
		};
		607FACEF1AFB9204008FA782 /* Build configuration list for PBXNativeTarget "PrimerSDK_Example" */ = {
			isa = XCConfigurationList;
			buildConfigurations = (
				607FACF01AFB9204008FA782 /* Debug */,
				607FACF11AFB9204008FA782 /* Release */,
			);
			defaultConfigurationIsVisible = 0;
			defaultConfigurationName = Release;
		};
		607FACF21AFB9204008FA782 /* Build configuration list for PBXNativeTarget "PrimerSDK_Tests" */ = {
			isa = XCConfigurationList;
			buildConfigurations = (
				607FACF31AFB9204008FA782 /* Debug */,
				607FACF41AFB9204008FA782 /* Release */,
			);
			defaultConfigurationIsVisible = 0;
			defaultConfigurationName = Release;
		};
/* End XCConfigurationList section */
	};
	rootObject = 607FACC81AFB9204008FA782 /* Project object */;
}
