PODS:
  - KlarnaMobileSDK (2.2.2):
    - KlarnaMobileSDK/full (= 2.2.2)
  - KlarnaMobileSDK/full (2.2.2)
  - Primer3DS (2.0.0)
  - PrimerIPay88MYSDK (0.1.5)
  - PrimerKlarnaSDK (1.0.4):
    - KlarnaMobileSDK (= 2.2.2)
  - PrimerSDK (2.17.5):
    - PrimerSDK/Core (= 2.17.5)
  - PrimerSDK/Core (2.17.5)

DEPENDENCIES:
  - Primer3DS (~> 2.0.0)
  - PrimerIPay88MYSDK (from `https://github.com/primer-io/primer-ipay88-sdk-ios.git`, branch `master`)
  - PrimerKlarnaSDK
  - PrimerSDK (from `../`)

SPEC REPOS:
  trunk:
    - KlarnaMobileSDK
    - Primer3DS
    - PrimerKlarnaSDK

EXTERNAL SOURCES:
  PrimerIPay88MYSDK:
    :branch: master
    :git: https://github.com/primer-io/primer-ipay88-sdk-ios.git
  PrimerSDK:
    :path: "../"

CHECKOUT OPTIONS:
  PrimerIPay88MYSDK:
    :commit: 32bc1782c8d172ed25fa501977a18c9d2a90a80d
    :git: https://github.com/primer-io/primer-ipay88-sdk-ios.git

SPEC CHECKSUMS:
  KlarnaMobileSDK: 23b44390d06c6e3a90b5325bea6c10bf97ac6044
  Primer3DS: 109e46ed31726039b9fb0ee6e1a0948fda345b24
  PrimerIPay88MYSDK: 347ecaaa7b484cf8f1fb19384393e31695fdc36b
  PrimerKlarnaSDK: de4b8b8fda075e3e4ebbd4ab80bd141c76a30d85
  PrimerSDK: 68ed0270e950874a7a23929bf86f66b132ba048c

PODFILE CHECKSUM: 767fc2a30881175cd72482b91908fca025ea8bb9

COCOAPODS: 1.13.0
