PODS:
  - IQKeyboardCore (1.0.9)
  - IQKeyboardManagerSwift (8.0.3):
    - IQKeyboardManagerSwift/Appearance (= 8.0.3)
    - IQKeyboardManagerSwift/Core (= 8.0.3)
    - IQKeyboardManagerSwift/IQKeyboardReturnManager (= 8.0.3)
    - IQKeyboardManagerSwift/IQKeyboardToolbarManager (= 8.0.3)
    - IQKeyboardManagerSwift/IQTextView (= 8.0.3)
    - IQKeyboardManagerSwift/Resign (= 8.0.3)
  - IQKeyboardManagerSwift/Appearance (8.0.3):
    - IQKeyboardManagerSwift/Core
    - IQTextInputViewNotification
  - IQKeyboardManagerSwift/Core (8.0.3):
    - IQKeyboardNotification
    - IQTextInputViewNotification
  - IQKeyboardManagerSwift/IQKeyboardReturnManager (8.0.3):
    - IQKeyboardReturnManager
  - IQKeyboardManagerSwift/IQKeyboardToolbarManager (8.0.3):
    - IQKeyboardManagerSwift/Core
    - IQKeyboardToolbarManager
  - IQKeyboardManagerSwift/IQTextView (8.0.3):
    - IQTextView
  - IQKeyboardManagerSwift/Resign (8.0.3):
    - IQKeyboardManagerSwift/Core
    - IQTextInputViewNotification
  - IQKeyboardNotification (1.0.7)
  - IQKeyboardReturnManager (1.0.6):
    - IQKeyboardCore
  - IQKeyboardToolbar (1.1.4):
    - IQKeyboardToolbar/Core (= 1.1.4)
  - IQKeyboardToolbar/Core (1.1.4):
    - IQKeyboardCore
    - IQKeyboardToolbar/Placeholderable
  - IQKeyboardToolbar/Placeholderable (1.1.4)
  - IQKeyboardToolbarManager (1.1.5):
    - IQKeyboardToolbar
    - IQTextInputViewNotification
  - IQTextInputViewNotification (1.0.9):
    - IQKeyboardCore
  - IQTextView (1.0.5):
    - IQKeyboardToolbar/Placeholderable
  - Primer3DS (2.8.0)
  - PrimerBDCCore (3.0.0-beta.4):
    - PrimerBDCEngine (= 3.0.0-beta.4)
    - PrimerFoundation (= 3.0.0-beta.4)
    - PrimerStepResolver (= 3.0.0-beta.4)
  - PrimerBDCEngine (3.0.0-beta.4):
    - PrimerFoundation (= 3.0.0-beta.4)
    - PrimerStepResolver (= 3.0.0-beta.4)
  - PrimerCore (3.0.0-beta.4):
    - Primer3DS
    - PrimerFoundation (= 3.0.0-beta.4)
    - PrimerResources (= 3.0.0-beta.4)
  - PrimerFoundation (3.0.0-beta.4)
  - PrimerIPay88MYSDK (0.1.7)
  - PrimerKlarnaSDK (1.4.0)
  - PrimerNetworking (3.0.0-beta.4):
    - PrimerFoundation (= 3.0.0-beta.4)
  - PrimerNolPaySDK (1.0.1)
  - PrimerResources (3.0.0-beta.4)
  - PrimerSDK (3.0.0-beta.4):
    - PrimerSDK/Core (= 3.0.0-beta.4)
  - PrimerSDK/Core (3.0.0-beta.4):
    - PrimerBDCCore (= 3.0.0-beta.4)
    - PrimerBDCEngine (= 3.0.0-beta.4)
    - PrimerCore (= 3.0.0-beta.4)
    - PrimerFoundation (= 3.0.0-beta.4)
    - PrimerNetworking (= 3.0.0-beta.4)
    - PrimerResources (= 3.0.0-beta.4)
    - PrimerStepResolver (= 3.0.0-beta.4)
    - PrimerUI (= 3.0.0-beta.4)
  - PrimerStepResolver (3.0.0-beta.4):
    - PrimerFoundation (= 3.0.0-beta.4)
  - PrimerStripeSDK (1.0.1)
  - PrimerUI (3.0.0-beta.4):
    - PrimerCore (= 3.0.0-beta.4)
    - PrimerFoundation (= 3.0.0-beta.4)
    - PrimerResources (= 3.0.0-beta.4)

DEPENDENCIES:
  - IQKeyboardManagerSwift
  - Primer3DS
  - PrimerBDCCore (from `../`)
  - PrimerBDCEngine (from `../`)
  - PrimerCore (from `../`)
  - PrimerFoundation (from `../`)
  - PrimerIPay88MYSDK
  - PrimerKlarnaSDK
  - PrimerNetworking (from `../`)
  - PrimerNolPaySDK
  - PrimerResources (from `../`)
  - PrimerSDK (from `../`)
  - PrimerStepResolver (from `../`)
  - PrimerStripeSDK
  - PrimerUI (from `../`)

SPEC REPOS:
  trunk:
    - IQKeyboardCore
    - IQKeyboardManagerSwift
    - IQKeyboardNotification
    - IQKeyboardReturnManager
    - IQKeyboardToolbar
    - IQKeyboardToolbarManager
    - IQTextInputViewNotification
    - IQTextView
    - Primer3DS
    - PrimerIPay88MYSDK
    - PrimerKlarnaSDK
    - PrimerNolPaySDK
    - PrimerStripeSDK

EXTERNAL SOURCES:
  PrimerBDCCore:
    :path: "../"
  PrimerBDCEngine:
    :path: "../"
  PrimerCore:
    :path: "../"
  PrimerFoundation:
    :path: "../"
  PrimerNetworking:
    :path: "../"
  PrimerResources:
    :path: "../"
  PrimerSDK:
    :path: "../"
  PrimerStepResolver:
    :path: "../"
  PrimerUI:
    :path: "../"

SPEC CHECKSUMS:
  IQKeyboardCore: 250a88dfc713b2ecbe1dce250811d054fc016959
  IQKeyboardManagerSwift: 7f6a9a1e2285732d3ff5f485ff921215253ea77e
  IQKeyboardNotification: 3b9bc812a5af2cf97df08a363d9daa9fc0dc1848
  IQKeyboardReturnManager: fcbf51fc68d7536fc1fbcca5231c4e82576b12ac
  IQKeyboardToolbar: 8e3c1360d11f9edb16a64494761674eccb053fe9
  IQKeyboardToolbarManager: d449479b5843d4a3fb902d03bf62d6ca031ac20e
  IQTextInputViewNotification: 3b9fb27a16e7ee8958cc9092cfb07a1a9e1fd559
  IQTextView: ae13b4922f22e6f027f62c557d9f4f236b19d5c7
  Primer3DS: b8b583ef260f703180870358bc55069de74f8f51
  PrimerBDCCore: d88c196ef886a7cde923d4230bf3b25ba62c7533
  PrimerBDCEngine: 341bae74df17252f595d66519faf2b64d587a8fd
  PrimerCore: eeb4a145a58c4e2ddac6c2662887347a2839c328
  PrimerFoundation: 5fa356189ee98d54cc326abc8310bd7e8b05ebdf
  PrimerIPay88MYSDK: 436ee0be7e2c97e4e81456ccddee20175e9e3c4d
  PrimerKlarnaSDK: 871d684b3a43d1f0f7cd5c3b19a6f3a23e581d49
  PrimerNetworking: f30c1024c92d5c10ea44fbb0a773566fd686cc08
  PrimerNolPaySDK: 08b140ed39b378a0b33b4f8746544a402175c0cc
  PrimerResources: 8d42007e62a21c8af28a7f80d1d2cc5ba80a4f03
  PrimerSDK: 69acab817983b6d4b219ee0a1a3dd26ff7b3e5b3
  PrimerStepResolver: 2ce1edf9eea3b37819ad25390f16b47eb61835d8
  PrimerStripeSDK: dce5e37d10223ee724f33d1cdeaa17235a71ddbb
  PrimerUI: f36fd8c559f507e904cd7ecbaa13e2c342042705

PODFILE CHECKSUM: 98d1048cba1fd1f0cc031e88ea8b9ab9519b2ae8

COCOAPODS: 1.16.2
