<?xml version="1.0" encoding="UTF-8"?>
<Scheme
   LastUpgradeVersion = "1010"
   version = "1.7">
   <BuildAction
      parallelizeBuildables = "YES"
      buildImplicitDependencies = "YES">
      <PreActions>
         <ExecutionAction
            ActionType = "Xcode.IDEStandardExecutionActionsCore.ExecutionActionType.ShellScriptAction">
            <ActionContent
               title = "Run Script"
               scriptText = "SECRETS_PATH=&quot;${PROJECT_DIR}/secrets.defaults.properties&quot;&#10;if [[ -f &quot;${SECRETS_PATH}&quot; ]]; then&#10;  exit 0;&#10;fi&#10;cat &gt; &quot;${SECRETS_PATH}&quot; &lt;&lt;- EOM&#10;# Put secrets that are used by our SDK or third-party SDKs here&#10;#STRIPE_PUBLISHABLE_KEY=pk_test_*********&#10;EOM&#10;"
               shellToInvoke = "/bin/bash">
               <EnvironmentBuildable>
                  <BuildableReference
                     BuildableIdentifier = "primary"
                     BlueprintIdentifier = "BEB14ABCDF34E3D24759EAAB"
                     BuildableName = "Debug App.app"
                     BlueprintName = "Debug App"
                     ReferencedContainer = "container:Debug App/Primer.io Debug App.xcodeproj">
                  </BuildableReference>
               </EnvironmentBuildable>
            </ActionContent>
         </ExecutionAction>
      </PreActions>
      <BuildActionEntries>
         <BuildActionEntry
            buildForTesting = "YES"
            buildForRunning = "YES"
            buildForProfiling = "YES"
            buildForArchiving = "YES"
            buildForAnalyzing = "YES">
            <BuildableReference
               BuildableIdentifier = "primary"
               BlueprintIdentifier = "BEB14ABCDF34E3D24759EAAB"
               BuildableName = "Debug App.app"
               BlueprintName = "Debug App"
               ReferencedContainer = "container:Debug App/Primer.io Debug App.xcodeproj">
            </BuildableReference>
         </BuildActionEntry>
         <BuildActionEntry
            buildForTesting = "YES"
            buildForRunning = "NO"
            buildForProfiling = "NO"
            buildForArchiving = "NO"
            buildForAnalyzing = "NO">
            <BuildableReference
               BuildableIdentifier = "primary"
               BlueprintIdentifier = "301F25EE1514F3AF2E4A7FBD"
               BuildableName = "Debug App Tests.xctest"
               BlueprintName = "Debug App Tests"
               ReferencedContainer = "container:Debug App/Primer.io Debug App.xcodeproj">
            </BuildableReference>
         </BuildActionEntry>
      </BuildActionEntries>
   </BuildAction>
   <TestAction
      buildConfiguration = "Debug"
      selectedDebuggerIdentifier = ""
      selectedLauncherIdentifier = "Xcode.IDEFoundation.Launcher.PosixSpawn"
      shouldUseLaunchSchemeArgsEnv = "YES">
      <Testables>
         <TestableReference
            skipped = "NO">
            <BuildableReference
               BuildableIdentifier = "primary"
               BlueprintIdentifier = "301F25EE1514F3AF2E4A7FBD"
               BuildableName = "Debug App Tests.xctest"
               BlueprintName = "Debug App Tests"
               ReferencedContainer = "container:Debug App/Primer.io Debug App.xcodeproj">
            </BuildableReference>
         </TestableReference>
      </Testables>
   </TestAction>
   <LaunchAction
      buildConfiguration = "Debug"
      selectedDebuggerIdentifier = "Xcode.DebuggerFoundation.Debugger.LLDB"
      selectedLauncherIdentifier = "Xcode.DebuggerFoundation.Launcher.LLDB"
      launchStyle = "0"
      useCustomWorkingDirectory = "NO"
      ignoresPersistentStateOnLaunch = "NO"
      debugDocumentVersioning = "YES"
      debugServiceExtension = "internal"
      allowLocationSimulation = "YES"
      disablePerformanceAntipatternChecker = "YES">
      <BuildableProductRunnable
         runnableDebuggingMode = "0">
         <BuildableReference
            BuildableIdentifier = "primary"
            BlueprintIdentifier = "BEB14ABCDF34E3D24759EAAB"
            BuildableName = "Debug App.app"
            BlueprintName = "Debug App"
            ReferencedContainer = "container:Debug App/Primer.io Debug App.xcodeproj">
         </BuildableReference>
      </BuildableProductRunnable>
   </LaunchAction>
   <ProfileAction
      buildConfiguration = "Release"
      shouldUseLaunchSchemeArgsEnv = "YES"
      savedToolIdentifier = ""
      useCustomWorkingDirectory = "NO"
      debugDocumentVersioning = "YES">
      <BuildableProductRunnable
         runnableDebuggingMode = "0">
         <BuildableReference
            BuildableIdentifier = "primary"
            BlueprintIdentifier = "BEB14ABCDF34E3D24759EAAB"
            BuildableName = "Debug App.app"
            BlueprintName = "Debug App"
            ReferencedContainer = "container:Debug App/Primer.io Debug App.xcodeproj">
         </BuildableReference>
      </BuildableProductRunnable>
   </ProfileAction>
   <AnalyzeAction
      buildConfiguration = "Debug">
   </AnalyzeAction>
   <ArchiveAction
      buildConfiguration = "Release"
      revealArchiveInOrganizer = "YES">
   </ArchiveAction>
</Scheme>
