// !$*UTF8*$!
{
	archiveVersion = 1;
	classes = {
	};
	objectVersion = 55;
	objects = {

/* Begin PBXBuildFile section */
		16E200C61B3867111B35523F /* Pods_HeadlessUniversalCheckoutExample.framework in Frameworks */ = {isa = PBXBuildFile; fileRef = C2DCEB19716C44984BCD3688 /* Pods_HeadlessUniversalCheckoutExample.framework */; };
		84FB34DA27BD0DC100BA0EDC /* AppDelegate.swift in Sources */ = {isa = PBXBuildFile; fileRef = 84FB34D927BD0DC100BA0EDC /* AppDelegate.swift */; };
		84FB34DC27BD0DC100BA0EDC /* SceneDelegate.swift in Sources */ = {isa = PBXBuildFile; fileRef = 84FB34DB27BD0DC100BA0EDC /* SceneDelegate.swift */; };
		84FB34DE27BD0DC100BA0EDC /* PayViewController.swift in Sources */ = {isa = PBXBuildFile; fileRef = 84FB34DD27BD0DC100BA0EDC /* PayViewController.swift */; };
		84FB34E127BD0DC100BA0EDC /* Main.storyboard in Resources */ = {isa = PBXBuildFile; fileRef = 84FB34DF27BD0DC100BA0EDC /* Main.storyboard */; };
		84FB34E327BD0DC200BA0EDC /* Assets.xcassets in Resources */ = {isa = PBXBuildFile; fileRef = 84FB34E227BD0DC200BA0EDC /* Assets.xcassets */; };
		84FB34E627BD0DC200BA0EDC /* LaunchScreen.storyboard in Resources */ = {isa = PBXBuildFile; fileRef = 84FB34E427BD0DC200BA0EDC /* LaunchScreen.storyboard */; };
		84FB34F727BD161F00BA0EDC /* Networking.swift in Sources */ = {isa = PBXBuildFile; fileRef = 84FB34F627BD161F00BA0EDC /* Networking.swift */; };
		84FB34F927BD16A900BA0EDC /* ClientSessionRequestBody.swift in Sources */ = {isa = PBXBuildFile; fileRef = 84FB34F827BD16A900BA0EDC /* ClientSessionRequestBody.swift */; };
		84FB34FC27BD231800BA0EDC /* UIViewControllerExtension.swift in Sources */ = {isa = PBXBuildFile; fileRef = 84FB34FB27BD231800BA0EDC /* UIViewControllerExtension.swift */; };
		84FB34FE27BD258000BA0EDC /* StringExtension.swift in Sources */ = {isa = PBXBuildFile; fileRef = 84FB34FD27BD258000BA0EDC /* StringExtension.swift */; };
		84FB350227BD5DFE00BA0EDC /* IntExtension.swift in Sources */ = {isa = PBXBuildFile; fileRef = 84FB350127BD5DFE00BA0EDC /* IntExtension.swift */; };
		84FB350427BE526800BA0EDC /* DataExtension.swift in Sources */ = {isa = PBXBuildFile; fileRef = 84FB350327BE526800BA0EDC /* DataExtension.swift */; };
/* End PBXBuildFile section */

/* Begin PBXFileReference section */
		60BD45CF4A9E615442A15E00 /* Pods-HeadlessUniversalCheckoutExample.debug.xcconfig */ = {isa = PBXFileReference; includeInIndex = 1; lastKnownFileType = text.xcconfig; name = "Pods-HeadlessUniversalCheckoutExample.debug.xcconfig"; path = "Target Support Files/Pods-HeadlessUniversalCheckoutExample/Pods-HeadlessUniversalCheckoutExample.debug.xcconfig"; sourceTree = "<group>"; };
		64B85E9DA9A5B40B428EA91B /* Pods-HeadlessUniversalCheckoutExample.release.xcconfig */ = {isa = PBXFileReference; includeInIndex = 1; lastKnownFileType = text.xcconfig; name = "Pods-HeadlessUniversalCheckoutExample.release.xcconfig"; path = "Target Support Files/Pods-HeadlessUniversalCheckoutExample/Pods-HeadlessUniversalCheckoutExample.release.xcconfig"; sourceTree = "<group>"; };
		84FB34D627BD0DC100BA0EDC /* HeadlessUniversalCheckoutExample.app */ = {isa = PBXFileReference; explicitFileType = wrapper.application; includeInIndex = 0; path = HeadlessUniversalCheckoutExample.app; sourceTree = BUILT_PRODUCTS_DIR; };
		84FB34D927BD0DC100BA0EDC /* AppDelegate.swift */ = {isa = PBXFileReference; lastKnownFileType = sourcecode.swift; path = AppDelegate.swift; sourceTree = "<group>"; };
		84FB34DB27BD0DC100BA0EDC /* SceneDelegate.swift */ = {isa = PBXFileReference; lastKnownFileType = sourcecode.swift; path = SceneDelegate.swift; sourceTree = "<group>"; };
		84FB34DD27BD0DC100BA0EDC /* PayViewController.swift */ = {isa = PBXFileReference; lastKnownFileType = sourcecode.swift; path = PayViewController.swift; sourceTree = "<group>"; };
		84FB34E027BD0DC100BA0EDC /* Base */ = {isa = PBXFileReference; lastKnownFileType = file.storyboard; name = Base; path = Base.lproj/Main.storyboard; sourceTree = "<group>"; };
		84FB34E227BD0DC200BA0EDC /* Assets.xcassets */ = {isa = PBXFileReference; lastKnownFileType = folder.assetcatalog; path = Assets.xcassets; sourceTree = "<group>"; };
		84FB34E527BD0DC200BA0EDC /* Base */ = {isa = PBXFileReference; lastKnownFileType = file.storyboard; name = Base; path = Base.lproj/LaunchScreen.storyboard; sourceTree = "<group>"; };
		84FB34E727BD0DC200BA0EDC /* Info.plist */ = {isa = PBXFileReference; lastKnownFileType = text.plist.xml; path = Info.plist; sourceTree = "<group>"; };
		84FB34F627BD161F00BA0EDC /* Networking.swift */ = {isa = PBXFileReference; fileEncoding = 4; lastKnownFileType = sourcecode.swift; path = Networking.swift; sourceTree = "<group>"; };
		84FB34F827BD16A900BA0EDC /* ClientSessionRequestBody.swift */ = {isa = PBXFileReference; lastKnownFileType = sourcecode.swift; path = ClientSessionRequestBody.swift; sourceTree = "<group>"; };
		84FB34FB27BD231800BA0EDC /* UIViewControllerExtension.swift */ = {isa = PBXFileReference; lastKnownFileType = sourcecode.swift; path = UIViewControllerExtension.swift; sourceTree = "<group>"; };
		84FB34FD27BD258000BA0EDC /* StringExtension.swift */ = {isa = PBXFileReference; lastKnownFileType = sourcecode.swift; path = StringExtension.swift; sourceTree = "<group>"; };
		84FB350127BD5DFE00BA0EDC /* IntExtension.swift */ = {isa = PBXFileReference; lastKnownFileType = sourcecode.swift; path = IntExtension.swift; sourceTree = "<group>"; };
		84FB350327BE526800BA0EDC /* DataExtension.swift */ = {isa = PBXFileReference; lastKnownFileType = sourcecode.swift; path = DataExtension.swift; sourceTree = "<group>"; };
		C2DCEB19716C44984BCD3688 /* Pods_HeadlessUniversalCheckoutExample.framework */ = {isa = PBXFileReference; explicitFileType = wrapper.framework; includeInIndex = 0; path = Pods_HeadlessUniversalCheckoutExample.framework; sourceTree = BUILT_PRODUCTS_DIR; };
/* End PBXFileReference section */

/* Begin PBXFrameworksBuildPhase section */
		84FB34D327BD0DC100BA0EDC /* Frameworks */ = {
			isa = PBXFrameworksBuildPhase;
			buildActionMask = 2147483647;
			files = (
				16E200C61B3867111B35523F /* Pods_HeadlessUniversalCheckoutExample.framework in Frameworks */,
			);
			runOnlyForDeploymentPostprocessing = 0;
		};
/* End PBXFrameworksBuildPhase section */

/* Begin PBXGroup section */
		12EF53EDC90244B7993C0991 /* Pods */ = {
			isa = PBXGroup;
			children = (
				60BD45CF4A9E615442A15E00 /* Pods-HeadlessUniversalCheckoutExample.debug.xcconfig */,
				64B85E9DA9A5B40B428EA91B /* Pods-HeadlessUniversalCheckoutExample.release.xcconfig */,
			);
			path = Pods;
			sourceTree = "<group>";
		};
		1CAA11CBB8127283F398DAA2 /* Frameworks */ = {
			isa = PBXGroup;
			children = (
				C2DCEB19716C44984BCD3688 /* Pods_HeadlessUniversalCheckoutExample.framework */,
			);
			name = Frameworks;
			sourceTree = "<group>";
		};
		84FB34CD27BD0DC100BA0EDC = {
			isa = PBXGroup;
			children = (
				84FB34D827BD0DC100BA0EDC /* HeadlessUniversalCheckoutExample */,
				84FB34D727BD0DC100BA0EDC /* Products */,
				12EF53EDC90244B7993C0991 /* Pods */,
				1CAA11CBB8127283F398DAA2 /* Frameworks */,
			);
			sourceTree = "<group>";
		};
		84FB34D727BD0DC100BA0EDC /* Products */ = {
			isa = PBXGroup;
			children = (
				84FB34D627BD0DC100BA0EDC /* HeadlessUniversalCheckoutExample.app */,
			);
			name = Products;
			sourceTree = "<group>";
		};
		84FB34D827BD0DC100BA0EDC /* HeadlessUniversalCheckoutExample */ = {
			isa = PBXGroup;
			children = (
				84FB34D927BD0DC100BA0EDC /* AppDelegate.swift */,
				84FB34DB27BD0DC100BA0EDC /* SceneDelegate.swift */,
				84FB34E227BD0DC200BA0EDC /* Assets.xcassets */,
				84FB34E427BD0DC200BA0EDC /* LaunchScreen.storyboard */,
				84FB34E727BD0DC200BA0EDC /* Info.plist */,
				84FB350027BD28B400BA0EDC /* User Interface */,
				84FB34FF27BD265000BA0EDC /* Networking */,
				84FB34F627BD161F00BA0EDC /* Networking.swift */,
				84FB34FA27BD22FF00BA0EDC /* Extensions */,
			);
			path = HeadlessUniversalCheckoutExample;
			sourceTree = "<group>";
		};
		84FB34FA27BD22FF00BA0EDC /* Extensions */ = {
			isa = PBXGroup;
			children = (
				84FB350327BE526800BA0EDC /* DataExtension.swift */,
				84FB350127BD5DFE00BA0EDC /* IntExtension.swift */,
				84FB34FD27BD258000BA0EDC /* StringExtension.swift */,
				84FB34FB27BD231800BA0EDC /* UIViewControllerExtension.swift */,
			);
			path = Extensions;
			sourceTree = "<group>";
		};
		84FB34FF27BD265000BA0EDC /* Networking */ = {
			isa = PBXGroup;
			children = (
				84FB34F827BD16A900BA0EDC /* ClientSessionRequestBody.swift */,
			);
			path = Networking;
			sourceTree = "<group>";
		};
		84FB350027BD28B400BA0EDC /* User Interface */ = {
			isa = PBXGroup;
			children = (
				84FB34DF27BD0DC100BA0EDC /* Main.storyboard */,
				84FB34DD27BD0DC100BA0EDC /* PayViewController.swift */,
			);
			path = "User Interface";
			sourceTree = "<group>";
		};
/* End PBXGroup section */

/* Begin PBXNativeTarget section */
		84FB34D527BD0DC100BA0EDC /* HeadlessUniversalCheckoutExample */ = {
			isa = PBXNativeTarget;
			buildConfigurationList = 84FB34EA27BD0DC200BA0EDC /* Build configuration list for PBXNativeTarget "HeadlessUniversalCheckoutExample" */;
			buildPhases = (
				2CE34DE56818CA0B0D1258C0 /* [CP] Check Pods Manifest.lock */,
				84FB34D227BD0DC100BA0EDC /* Sources */,
				84FB34D327BD0DC100BA0EDC /* Frameworks */,
				84FB34D427BD0DC100BA0EDC /* Resources */,
				854A57D6F037EC1FF0C2863B /* [CP] Embed Pods Frameworks */,
			);
			buildRules = (
			);
			dependencies = (
			);
			name = HeadlessUniversalCheckoutExample;
			productName = HeadlessUniversalCheckoutExample;
			productReference = 84FB34D627BD0DC100BA0EDC /* HeadlessUniversalCheckoutExample.app */;
			productType = "com.apple.product-type.application";
		};
/* End PBXNativeTarget section */

/* Begin PBXProject section */
		84FB34CE27BD0DC100BA0EDC /* Project object */ = {
			isa = PBXProject;
			attributes = {
				BuildIndependentTargetsInParallel = 1;
				LastSwiftUpdateCheck = 1320;
				LastUpgradeCheck = 1320;
				TargetAttributes = {
					84FB34D527BD0DC100BA0EDC = {
						CreatedOnToolsVersion = 13.2.1;
					};
				};
			};
			buildConfigurationList = 84FB34D127BD0DC100BA0EDC /* Build configuration list for PBXProject "HeadlessUniversalCheckoutExample" */;
			compatibilityVersion = "Xcode 13.0";
			developmentRegion = en;
			hasScannedForEncodings = 0;
			knownRegions = (
				en,
				Base,
			);
			mainGroup = 84FB34CD27BD0DC100BA0EDC;
			productRefGroup = 84FB34D727BD0DC100BA0EDC /* Products */;
			projectDirPath = "";
			projectRoot = "";
			targets = (
				84FB34D527BD0DC100BA0EDC /* HeadlessUniversalCheckoutExample */,
			);
		};
/* End PBXProject section */

/* Begin PBXResourcesBuildPhase section */
		84FB34D427BD0DC100BA0EDC /* Resources */ = {
			isa = PBXResourcesBuildPhase;
			buildActionMask = 2147483647;
			files = (
				84FB34E627BD0DC200BA0EDC /* LaunchScreen.storyboard in Resources */,
				84FB34E327BD0DC200BA0EDC /* Assets.xcassets in Resources */,
				84FB34E127BD0DC100BA0EDC /* Main.storyboard in Resources */,
			);
			runOnlyForDeploymentPostprocessing = 0;
		};
/* End PBXResourcesBuildPhase section */

/* Begin PBXShellScriptBuildPhase section */
		2CE34DE56818CA0B0D1258C0 /* [CP] Check Pods Manifest.lock */ = {
			isa = PBXShellScriptBuildPhase;
			buildActionMask = 2147483647;
			files = (
			);
			inputFileListPaths = (
			);
			inputPaths = (
				"${PODS_PODFILE_DIR_PATH}/Podfile.lock",
				"${PODS_ROOT}/Manifest.lock",
			);
			name = "[CP] Check Pods Manifest.lock";
			outputFileListPaths = (
			);
			outputPaths = (
				"$(DERIVED_FILE_DIR)/Pods-HeadlessUniversalCheckoutExample-checkManifestLockResult.txt",
			);
			runOnlyForDeploymentPostprocessing = 0;
			shellPath = /bin/sh;
			shellScript = "diff \"${PODS_PODFILE_DIR_PATH}/Podfile.lock\" \"${PODS_ROOT}/Manifest.lock\" > /dev/null\nif [ $? != 0 ] ; then\n    # print error to STDERR\n    echo \"error: The sandbox is not in sync with the Podfile.lock. Run 'pod install' or update your CocoaPods installation.\" >&2\n    exit 1\nfi\n# This output is used by Xcode 'outputs' to avoid re-running this script phase.\necho \"SUCCESS\" > \"${SCRIPT_OUTPUT_FILE_0}\"\n";
			showEnvVarsInLog = 0;
		};
		854A57D6F037EC1FF0C2863B /* [CP] Embed Pods Frameworks */ = {
			isa = PBXShellScriptBuildPhase;
			buildActionMask = 2147483647;
			files = (
			);
			inputFileListPaths = (
				"${PODS_ROOT}/Target Support Files/Pods-HeadlessUniversalCheckoutExample/Pods-HeadlessUniversalCheckoutExample-frameworks-${CONFIGURATION}-input-files.xcfilelist",
			);
			name = "[CP] Embed Pods Frameworks";
			outputFileListPaths = (
				"${PODS_ROOT}/Target Support Files/Pods-HeadlessUniversalCheckoutExample/Pods-HeadlessUniversalCheckoutExample-frameworks-${CONFIGURATION}-output-files.xcfilelist",
			);
			runOnlyForDeploymentPostprocessing = 0;
			shellPath = /bin/sh;
			shellScript = "\"${PODS_ROOT}/Target Support Files/Pods-HeadlessUniversalCheckoutExample/Pods-HeadlessUniversalCheckoutExample-frameworks.sh\"\n";
			showEnvVarsInLog = 0;
		};
/* End PBXShellScriptBuildPhase section */

/* Begin PBXSourcesBuildPhase section */
		84FB34D227BD0DC100BA0EDC /* Sources */ = {
			isa = PBXSourcesBuildPhase;
			buildActionMask = 2147483647;
			files = (
				84FB34F727BD161F00BA0EDC /* Networking.swift in Sources */,
				84FB34DE27BD0DC100BA0EDC /* PayViewController.swift in Sources */,
				84FB350427BE526800BA0EDC /* DataExtension.swift in Sources */,
				84FB34DA27BD0DC100BA0EDC /* AppDelegate.swift in Sources */,
				84FB34FE27BD258000BA0EDC /* StringExtension.swift in Sources */,
				84FB350227BD5DFE00BA0EDC /* IntExtension.swift in Sources */,
				84FB34F927BD16A900BA0EDC /* ClientSessionRequestBody.swift in Sources */,
				84FB34FC27BD231800BA0EDC /* UIViewControllerExtension.swift in Sources */,
				84FB34DC27BD0DC100BA0EDC /* SceneDelegate.swift in Sources */,
			);
			runOnlyForDeploymentPostprocessing = 0;
		};
/* End PBXSourcesBuildPhase section */

/* Begin PBXVariantGroup section */
		84FB34DF27BD0DC100BA0EDC /* Main.storyboard */ = {
			isa = PBXVariantGroup;
			children = (
				84FB34E027BD0DC100BA0EDC /* Base */,
			);
			name = Main.storyboard;
			sourceTree = "<group>";
		};
		84FB34E427BD0DC200BA0EDC /* LaunchScreen.storyboard */ = {
			isa = PBXVariantGroup;
			children = (
				84FB34E527BD0DC200BA0EDC /* Base */,
			);
			name = LaunchScreen.storyboard;
			sourceTree = "<group>";
		};
/* End PBXVariantGroup section */

/* Begin XCBuildConfiguration section */
		84FB34E827BD0DC200BA0EDC /* Debug */ = {
			isa = XCBuildConfiguration;
			buildSettings = {
				ALWAYS_SEARCH_USER_PATHS = NO;
				CLANG_ANALYZER_NONNULL = YES;
				CLANG_ANALYZER_NUMBER_OBJECT_CONVERSION = YES_AGGRESSIVE;
				CLANG_CXX_LANGUAGE_STANDARD = "gnu++17";
				CLANG_CXX_LIBRARY = "libc++";
				CLANG_ENABLE_MODULES = YES;
				CLANG_ENABLE_OBJC_ARC = YES;
				CLANG_ENABLE_OBJC_WEAK = YES;
				CLANG_WARN_BLOCK_CAPTURE_AUTORELEASING = YES;
				CLANG_WARN_BOOL_CONVERSION = YES;
				CLANG_WARN_COMMA = YES;
				CLANG_WARN_CONSTANT_CONVERSION = YES;
				CLANG_WARN_DEPRECATED_OBJC_IMPLEMENTATIONS = YES;
				CLANG_WARN_DIRECT_OBJC_ISA_USAGE = YES_ERROR;
				CLANG_WARN_DOCUMENTATION_COMMENTS = YES;
				CLANG_WARN_EMPTY_BODY = YES;
				CLANG_WARN_ENUM_CONVERSION = YES;
				CLANG_WARN_INFINITE_RECURSION = YES;
				CLANG_WARN_INT_CONVERSION = YES;
				CLANG_WARN_NON_LITERAL_NULL_CONVERSION = YES;
				CLANG_WARN_OBJC_IMPLICIT_RETAIN_SELF = YES;
				CLANG_WARN_OBJC_LITERAL_CONVERSION = YES;
				CLANG_WARN_OBJC_ROOT_CLASS = YES_ERROR;
				CLANG_WARN_QUOTED_INCLUDE_IN_FRAMEWORK_HEADER = YES;
				CLANG_WARN_RANGE_LOOP_ANALYSIS = YES;
				CLANG_WARN_STRICT_PROTOTYPES = YES;
				CLANG_WARN_SUSPICIOUS_MOVE = YES;
				CLANG_WARN_UNGUARDED_AVAILABILITY = YES_AGGRESSIVE;
				CLANG_WARN_UNREACHABLE_CODE = YES;
				CLANG_WARN__DUPLICATE_METHOD_MATCH = YES;
				COPY_PHASE_STRIP = NO;
				DEBUG_INFORMATION_FORMAT = dwarf;
				ENABLE_STRICT_OBJC_MSGSEND = YES;
				ENABLE_TESTABILITY = YES;
				GCC_C_LANGUAGE_STANDARD = gnu11;
				GCC_DYNAMIC_NO_PIC = NO;
				GCC_NO_COMMON_BLOCKS = YES;
				GCC_OPTIMIZATION_LEVEL = 0;
				GCC_PREPROCESSOR_DEFINITIONS = (
					"DEBUG=1",
					"$(inherited)",
				);
				GCC_WARN_64_TO_32_BIT_CONVERSION = YES;
				GCC_WARN_ABOUT_RETURN_TYPE = YES_ERROR;
				GCC_WARN_UNDECLARED_SELECTOR = YES;
				GCC_WARN_UNINITIALIZED_AUTOS = YES_AGGRESSIVE;
				GCC_WARN_UNUSED_FUNCTION = YES;
				GCC_WARN_UNUSED_VARIABLE = YES;
				IPHONEOS_DEPLOYMENT_TARGET = 15.2;
				MTL_ENABLE_DEBUG_INFO = INCLUDE_SOURCE;
				MTL_FAST_MATH = YES;
				ONLY_ACTIVE_ARCH = YES;
				SDKROOT = iphoneos;
				SWIFT_ACTIVE_COMPILATION_CONDITIONS = DEBUG;
				SWIFT_OPTIMIZATION_LEVEL = "-Onone";
			};
			name = Debug;
		};
		84FB34E927BD0DC200BA0EDC /* Release */ = {
			isa = XCBuildConfiguration;
			buildSettings = {
				ALWAYS_SEARCH_USER_PATHS = NO;
				CLANG_ANALYZER_NONNULL = YES;
				CLANG_ANALYZER_NUMBER_OBJECT_CONVERSION = YES_AGGRESSIVE;
				CLANG_CXX_LANGUAGE_STANDARD = "gnu++17";
				CLANG_CXX_LIBRARY = "libc++";
				CLANG_ENABLE_MODULES = YES;
				CLANG_ENABLE_OBJC_ARC = YES;
				CLANG_ENABLE_OBJC_WEAK = YES;
				CLANG_WARN_BLOCK_CAPTURE_AUTORELEASING = YES;
				CLANG_WARN_BOOL_CONVERSION = YES;
				CLANG_WARN_COMMA = YES;
				CLANG_WARN_CONSTANT_CONVERSION = YES;
				CLANG_WARN_DEPRECATED_OBJC_IMPLEMENTATIONS = YES;
				CLANG_WARN_DIRECT_OBJC_ISA_USAGE = YES_ERROR;
				CLANG_WARN_DOCUMENTATION_COMMENTS = YES;
				CLANG_WARN_EMPTY_BODY = YES;
				CLANG_WARN_ENUM_CONVERSION = YES;
				CLANG_WARN_INFINITE_RECURSION = YES;
				CLANG_WARN_INT_CONVERSION = YES;
				CLANG_WARN_NON_LITERAL_NULL_CONVERSION = YES;
				CLANG_WARN_OBJC_IMPLICIT_RETAIN_SELF = YES;
				CLANG_WARN_OBJC_LITERAL_CONVERSION = YES;
				CLANG_WARN_OBJC_ROOT_CLASS = YES_ERROR;
				CLANG_WARN_QUOTED_INCLUDE_IN_FRAMEWORK_HEADER = YES;
				CLANG_WARN_RANGE_LOOP_ANALYSIS = YES;
				CLANG_WARN_STRICT_PROTOTYPES = YES;
				CLANG_WARN_SUSPICIOUS_MOVE = YES;
				CLANG_WARN_UNGUARDED_AVAILABILITY = YES_AGGRESSIVE;
				CLANG_WARN_UNREACHABLE_CODE = YES;
				CLANG_WARN__DUPLICATE_METHOD_MATCH = YES;
				COPY_PHASE_STRIP = NO;
				DEBUG_INFORMATION_FORMAT = "dwarf-with-dsym";
				ENABLE_NS_ASSERTIONS = NO;
				ENABLE_STRICT_OBJC_MSGSEND = YES;
				GCC_C_LANGUAGE_STANDARD = gnu11;
				GCC_NO_COMMON_BLOCKS = YES;
				GCC_WARN_64_TO_32_BIT_CONVERSION = YES;
				GCC_WARN_ABOUT_RETURN_TYPE = YES_ERROR;
				GCC_WARN_UNDECLARED_SELECTOR = YES;
				GCC_WARN_UNINITIALIZED_AUTOS = YES_AGGRESSIVE;
				GCC_WARN_UNUSED_FUNCTION = YES;
				GCC_WARN_UNUSED_VARIABLE = YES;
				IPHONEOS_DEPLOYMENT_TARGET = 15.2;
				MTL_ENABLE_DEBUG_INFO = NO;
				MTL_FAST_MATH = YES;
				SDKROOT = iphoneos;
				SWIFT_COMPILATION_MODE = wholemodule;
				SWIFT_OPTIMIZATION_LEVEL = "-O";
				VALIDATE_PRODUCT = YES;
			};
			name = Release;
		};
		84FB34EB27BD0DC200BA0EDC /* Debug */ = {
			isa = XCBuildConfiguration;
			baseConfigurationReference = 60BD45CF4A9E615442A15E00 /* Pods-HeadlessUniversalCheckoutExample.debug.xcconfig */;
			buildSettings = {
				ASSETCATALOG_COMPILER_APPICON_NAME = AppIcon;
				ASSETCATALOG_COMPILER_GLOBAL_ACCENT_COLOR_NAME = AccentColor;
				CODE_SIGN_STYLE = Automatic;
				CURRENT_PROJECT_VERSION = 1;
				DEVELOPMENT_TEAM = N8UN9TR5DY;
				GENERATE_INFOPLIST_FILE = YES;
				INFOPLIST_FILE = HeadlessUniversalCheckoutExample/Info.plist;
				INFOPLIST_KEY_UIApplicationSupportsIndirectInputEvents = YES;
				INFOPLIST_KEY_UILaunchStoryboardName = LaunchScreen;
				INFOPLIST_KEY_UIMainStoryboardFile = Main;
				INFOPLIST_KEY_UISupportedInterfaceOrientations_iPad = "UIInterfaceOrientationPortrait UIInterfaceOrientationPortraitUpsideDown UIInterfaceOrientationLandscapeLeft UIInterfaceOrientationLandscapeRight";
				INFOPLIST_KEY_UISupportedInterfaceOrientations_iPhone = "UIInterfaceOrientationPortrait UIInterfaceOrientationLandscapeLeft UIInterfaceOrientationLandscapeRight";
				LD_RUNPATH_SEARCH_PATHS = (
					"$(inherited)",
					"@executable_path/Frameworks",
				);
				MARKETING_VERSION = 1.0;
				PRODUCT_BUNDLE_IDENTIFIER = io.primer.HeadlessUniversalCheckoutExample;
				PRODUCT_NAME = "$(TARGET_NAME)";
				SWIFT_EMIT_LOC_STRINGS = YES;
				SWIFT_VERSION = 5.0;
				TARGETED_DEVICE_FAMILY = "1,2";
			};
			name = Debug;
		};
		84FB34EC27BD0DC200BA0EDC /* Release */ = {
			isa = XCBuildConfiguration;
			baseConfigurationReference = 64B85E9DA9A5B40B428EA91B /* Pods-HeadlessUniversalCheckoutExample.release.xcconfig */;
			buildSettings = {
				ASSETCATALOG_COMPILER_APPICON_NAME = AppIcon;
				ASSETCATALOG_COMPILER_GLOBAL_ACCENT_COLOR_NAME = AccentColor;
				CODE_SIGN_STYLE = Automatic;
				CURRENT_PROJECT_VERSION = 1;
				DEVELOPMENT_TEAM = N8UN9TR5DY;
				GENERATE_INFOPLIST_FILE = YES;
				INFOPLIST_FILE = HeadlessUniversalCheckoutExample/Info.plist;
				INFOPLIST_KEY_UIApplicationSupportsIndirectInputEvents = YES;
				INFOPLIST_KEY_UILaunchStoryboardName = LaunchScreen;
				INFOPLIST_KEY_UIMainStoryboardFile = Main;
				INFOPLIST_KEY_UISupportedInterfaceOrientations_iPad = "UIInterfaceOrientationPortrait UIInterfaceOrientationPortraitUpsideDown UIInterfaceOrientationLandscapeLeft UIInterfaceOrientationLandscapeRight";
				INFOPLIST_KEY_UISupportedInterfaceOrientations_iPhone = "UIInterfaceOrientationPortrait UIInterfaceOrientationLandscapeLeft UIInterfaceOrientationLandscapeRight";
				LD_RUNPATH_SEARCH_PATHS = (
					"$(inherited)",
					"@executable_path/Frameworks",
				);
				MARKETING_VERSION = 1.0;
				PRODUCT_BUNDLE_IDENTIFIER = io.primer.HeadlessUniversalCheckoutExample;
				PRODUCT_NAME = "$(TARGET_NAME)";
				SWIFT_EMIT_LOC_STRINGS = YES;
				SWIFT_VERSION = 5.0;
				TARGETED_DEVICE_FAMILY = "1,2";
			};
			name = Release;
		};
/* End XCBuildConfiguration section */

/* Begin XCConfigurationList section */
		84FB34D127BD0DC100BA0EDC /* Build configuration list for PBXProject "HeadlessUniversalCheckoutExample" */ = {
			isa = XCConfigurationList;
			buildConfigurations = (
				84FB34E827BD0DC200BA0EDC /* Debug */,
				84FB34E927BD0DC200BA0EDC /* Release */,
			);
			defaultConfigurationIsVisible = 0;
			defaultConfigurationName = Release;
		};
		84FB34EA27BD0DC200BA0EDC /* Build configuration list for PBXNativeTarget "HeadlessUniversalCheckoutExample" */ = {
			isa = XCConfigurationList;
			buildConfigurations = (
				84FB34EB27BD0DC200BA0EDC /* Debug */,
				84FB34EC27BD0DC200BA0EDC /* Release */,
			);
			defaultConfigurationIsVisible = 0;
			defaultConfigurationName = Release;
		};
/* End XCConfigurationList section */
	};
	rootObject = 84FB34CE27BD0DC100BA0EDC /* Project object */;
}
