// !$*UTF8*$!
{
	archiveVersion = 1;
	classes = {
	};
	objectVersion = 55;
	objects = {

/* Begin PBXBuildFile section */
		041295AA2AB9E25D00A4F243 /* MerchantHeadlessCheckoutNolPayViewController.swift in Sources */ = {isa = PBXBuildFile; fileRef = 041295A92AB9E25D00A4F243 /* MerchantHeadlessCheckoutNolPayViewController.swift */; };
		0489E2BB2B68F71300FA0682 /* TapGestureRecognizer.swift in Sources */ = {isa = PBXBuildFile; fileRef = 0489E2BA2B68F71300FA0682 /* TapGestureRecognizer.swift */; };
		049A055E2B4BF057002CEEBA /* MerchantHeadlessVaultManagerViewController.swift in Sources */ = {isa = PBXBuildFile; fileRef = 049A055D2B4BF057002CEEBA /* MerchantHeadlessVaultManagerViewController.swift */; };
		04F3235C2BD2F99000F5927C /* UIApplication+Extensions.swift in Sources */ = {isa = PBXBuildFile; fileRef = 04F3235B2BD2F99000F5927C /* UIApplication+Extensions.swift */; };
		04F323612BD408C600F5927C /* AppetizeConfigTests.swift in Sources */ = {isa = PBXBuildFile; fileRef = 04F3235D2BD408C600F5927C /* AppetizeConfigTests.swift */; };
		04F323622BD408C600F5927C /* Debug App Tests-Info.plist in Resources */ = {isa = PBXBuildFile; fileRef = 04F3235E2BD408C600F5927C /* Debug App Tests-Info.plist */; };
		04F323632BD408C600F5927C /* MetadataParserTests.swift in Sources */ = {isa = PBXBuildFile; fileRef = 04F3235F2BD408C600F5927C /* MetadataParserTests.swift */; };
		04F323642BD409FE00F5927C /* BanksListModel.swift in Sources */ = {isa = PBXBuildFile; fileRef = E11F47512B06C5030091C31F /* BanksListModel.swift */; };
		04F323652BD40A0E00F5927C /* MerchantHeadlessCheckoutBankViewController.swift in Sources */ = {isa = PBXBuildFile; fileRef = E129D66F2B162022004694F9 /* MerchantHeadlessCheckoutBankViewController.swift */; };
		04F323662BD40A2300F5927C /* MerchantNewLineItemViewController.swift in Sources */ = {isa = PBXBuildFile; fileRef = 0ED746F8924E70AD868BC0F4 /* MerchantNewLineItemViewController.swift */; };
		0BB8BB3F9A6AC28A0C107DC8 /* UIStackViewExtensions.swift in Sources */ = {isa = PBXBuildFile; fileRef = 93F15C1E46C70C3D73B50F31 /* UIStackViewExtensions.swift */; };
		135E5BFD51371FABB5FF35D3 /* MerchantHeadlessCheckoutAvailablePaymentMethodsViewController.swift in Sources */ = {isa = PBXBuildFile; fileRef = 72E691B9A6A8EBB9F6A6B266 /* MerchantHeadlessCheckoutAvailablePaymentMethodsViewController.swift */; };
		14EE32F4821BD1F19F75227F /* MerchantHeadlessCheckoutRawRetailDataViewController.swift in Sources */ = {isa = PBXBuildFile; fileRef = 4C353D84EABA4990DAB4DD28 /* MerchantHeadlessCheckoutRawRetailDataViewController.swift */; };
		247E60D41F4919A5813C56E0 /* Pods_Debug_App_Tests.framework in Frameworks */ = {isa = PBXBuildFile; fileRef = BA46CBDC52B1427E20AA6502 /* Pods_Debug_App_Tests.framework */; };
		34CDCA7B403C001E4C55D26D /* MerchantSessionAndSettingsViewController.swift in Sources */ = {isa = PBXBuildFile; fileRef = C18C9664115CFDEB59FED19A /* MerchantSessionAndSettingsViewController.swift */; };
		465FBD3A980F57EFEE2ED37E /* Pods_Debug_App.framework in Frameworks */ = {isa = PBXBuildFile; fileRef = 97C7526C7C4524A4DA7E0788 /* Pods_Debug_App.framework */; };
		53E3182FFC4E5F05D866CFAE /* Networking.swift in Sources */ = {isa = PBXBuildFile; fileRef = E8DE1E4FB055B60582977315 /* Networking.swift */; };
		592E00D98C8835CBCDAA26D9 /* MerchantDropInUIViewController.swift in Sources */ = {isa = PBXBuildFile; fileRef = 9874F439DA3EA5854A454687 /* MerchantDropInUIViewController.swift */; };
		5E24CD5B3084FE3E8A3E85EC /* CheckoutTheme.swift in Sources */ = {isa = PBXBuildFile; fileRef = 72845A3010F10A88F2EC7849 /* CheckoutTheme.swift */; };
		60F6C3AFA11A7EDB0687856A /* ViewController+PrimerUIHelpers.swift in Sources */ = {isa = PBXBuildFile; fileRef = D4139D8F153BB399DA67F2EE /* ViewController+PrimerUIHelpers.swift */; };
		60F7E716B34BE721651566DA /* Data+Extensions.swift in Sources */ = {isa = PBXBuildFile; fileRef = 1594BC5C96ECC3F46C811B2F /* Data+Extensions.swift */; };
		72F8D6065334FCD5B726A52C /* MerchantHeadlessCheckoutRawPhoneNumberDataViewController.swift in Sources */ = {isa = PBXBuildFile; fileRef = 404E173A513B986A36F835F7 /* MerchantHeadlessCheckoutRawPhoneNumberDataViewController.swift */; };
		85605C241F1CD45BA676D4A7 /* String+Extensions.swift in Sources */ = {isa = PBXBuildFile; fileRef = F9023841AFCE8E3205CB713A /* String+Extensions.swift */; };
		85EDC3F175D699BFF6BD48EF /* ViewController+Primer.swift in Sources */ = {isa = PBXBuildFile; fileRef = 39CCCB917D1881082ED75975 /* ViewController+Primer.swift */; };
		876140D52B63F7DB0058CA8C /* MerchantHeadlessCheckoutKlarnaViewController.swift in Sources */ = {isa = PBXBuildFile; fileRef = 876140D42B63F7DB0058CA8C /* MerchantHeadlessCheckoutKlarnaViewController.swift */; };
		876140E62B67F3B30058CA8C /* MerchantHeadlessCheckoutKlarnaViewController+Klarna.swift in Sources */ = {isa = PBXBuildFile; fileRef = 876140E52B67F3B30058CA8C /* MerchantHeadlessCheckoutKlarnaViewController+Klarna.swift */; };
		876140EF2B6BE8C20058CA8C /* MerchantHelpers.swift in Sources */ = {isa = PBXBuildFile; fileRef = 876140EE2B6BE8C20058CA8C /* MerchantHelpers.swift */; };
		876141082B8346650058CA8C /* MerchantHeadlessKlarnaInitializationView.swift in Sources */ = {isa = PBXBuildFile; fileRef = 876141072B8346650058CA8C /* MerchantHeadlessKlarnaInitializationView.swift */; };
		8761410A2B8355920058CA8C /* MerchantHeadlessKlarnaInitializationViewModel.swift in Sources */ = {isa = PBXBuildFile; fileRef = 876141092B8355920058CA8C /* MerchantHeadlessKlarnaInitializationViewModel.swift */; };
		8761410C2B849A250058CA8C /* MerchantHeadlessKlarnaInitializationView+Elements.swift in Sources */ = {isa = PBXBuildFile; fileRef = 8761410B2B849A250058CA8C /* MerchantHeadlessKlarnaInitializationView+Elements.swift */; };
		949864026D1CDE6F5C62C66E /* Main.storyboard in Resources */ = {isa = PBXBuildFile; fileRef = CE259612A00F85709107B872 /* Main.storyboard */; };
		A19EF5632B20E22E00A72F60 /* .swiftlint.yml in Resources */ = {isa = PBXBuildFile; fileRef = A19EF5622B20E22E00A72F60 /* .swiftlint.yml */; };
		AAE3B30B64B6822A20987FCA /* CreateClientToken.swift in Sources */ = {isa = PBXBuildFile; fileRef = 229849A3DBE0858EE90673B9 /* CreateClientToken.swift */; };
		AD9CF1073EE0676E6640481A /* MerchantHeadlessCheckoutRawDataViewController.swift in Sources */ = {isa = PBXBuildFile; fileRef = B866FF13033A5CB8B4C3388E /* MerchantHeadlessCheckoutRawDataViewController.swift */; };
		C0115AC7BC96FDF49EF8E530 /* PaymentMethodCell.swift in Sources */ = {isa = PBXBuildFile; fileRef = 4E79C93EA805E87E1137A513 /* PaymentMethodCell.swift */; };
		C75A11E6AEEFC2B7A29BBC04 /* TestScenario.swift in Sources */ = {isa = PBXBuildFile; fileRef = A6AEF11B151368BF993C3EA9 /* TestScenario.swift */; };
		CE5E673A96BB5B96AE5EFC56 /* Range+Extensions.swift in Sources */ = {isa = PBXBuildFile; fileRef = 9128566126AA7F571FFECA3A /* Range+Extensions.swift */; };
		D886D8E47D883304B505CE11 /* AppDelegate.swift in Sources */ = {isa = PBXBuildFile; fileRef = DAC5687FF32E8661F1A00CE5 /* AppDelegate.swift */; };
		DE53DA2D0AD108306C92E198 /* UIViewController+API.swift in Sources */ = {isa = PBXBuildFile; fileRef = B1FD8065D40A2D691F643F3B /* UIViewController+API.swift */; };
		E11F47542B06C5030091C31F /* BanksListView.swift in Sources */ = {isa = PBXBuildFile; fileRef = E11F47502B06C5030091C31F /* BanksListView.swift */; };
		E11F47562B06C5030091C31F /* ImageViewWithUrl.swift in Sources */ = {isa = PBXBuildFile; fileRef = E11F47522B06C5030091C31F /* ImageViewWithUrl.swift */; };
		E1A2971F2B021ABA005ADA51 /* URL+NetworkHeaders.swift in Sources */ = {isa = PBXBuildFile; fileRef = E1AB44D12AFE13AF00639DC5 /* URL+NetworkHeaders.swift */; };
		EA7FAA4F8476BD3711D628CB /* Images.xcassets in Resources */ = {isa = PBXBuildFile; fileRef = B18D7E7738BF86467B0F1465 /* Images.xcassets */; };
		F02F496FD20B5291C044F62C /* MerchantResultViewController.swift in Sources */ = {isa = PBXBuildFile; fileRef = 00E3C8FE62D22147335F2455 /* MerchantResultViewController.swift */; };
		F03699592AC2E63700E4179D /* BuildFile in Sources */ = {isa = PBXBuildFile; };
		F08F63D82B9B5A7C006EF9A9 /* SessionConfiguration.swift in Sources */ = {isa = PBXBuildFile; fileRef = F08F63D72B9B5A7C006EF9A9 /* SessionConfiguration.swift */; };
		F08F63DA2B9B5BC5006EF9A9 /* AppetizeConfigProvider.swift in Sources */ = {isa = PBXBuildFile; fileRef = F08F63D92B9B5BC5006EF9A9 /* AppetizeConfigProvider.swift */; };
		F08F63DC2B9F27B0006EF9A9 /* MetadataParser.swift in Sources */ = {isa = PBXBuildFile; fileRef = F08F63DB2B9F27B0006EF9A9 /* MetadataParser.swift */; };
		F0C2147F6FA26527BE55549A /* LaunchScreen.xib in Resources */ = {isa = PBXBuildFile; fileRef = FC701AFD94F96F0F1D108D1A /* LaunchScreen.xib */; };
		FD5ADBCFA70DB606339F3AF2 /* TransactionResponse.swift in Sources */ = {isa = PBXBuildFile; fileRef = 70D3D6CF0F006A06B7CEC71B /* TransactionResponse.swift */; };
/* End PBXBuildFile section */

/* Begin PBXContainerItemProxy section */
		FED76127253C549C91488087 /* PBXContainerItemProxy */ = {
			isa = PBXContainerItemProxy;
			containerPortal = 25AB41367F759CCDA1881AD2 /* Project object */;
			proxyType = 1;
			remoteGlobalIDString = BEB14ABCDF34E3D24759EAAB;
			remoteInfo = "Debug App";
		};
/* End PBXContainerItemProxy section */

/* Begin PBXCopyFilesBuildPhase section */
		73B416AD9A0CB3B0EA16AF79 /* Embed Frameworks */ = {
			isa = PBXCopyFilesBuildPhase;
			buildActionMask = 2147483647;
			dstPath = "";
			dstSubfolderSpec = 10;
			files = (
			);
			name = "Embed Frameworks";
			runOnlyForDeploymentPostprocessing = 0;
		};
		D11E367C3560C383BC4CA0A7 /* Embed Frameworks */ = {
			isa = PBXCopyFilesBuildPhase;
			buildActionMask = 2147483647;
			dstPath = "";
			dstSubfolderSpec = 10;
			files = (
			);
			name = "Embed Frameworks";
			runOnlyForDeploymentPostprocessing = 0;
		};
/* End PBXCopyFilesBuildPhase section */

/* Begin PBXFileReference section */
		00E3C8FE62D22147335F2455 /* MerchantResultViewController.swift */ = {isa = PBXFileReference; lastKnownFileType = sourcecode.swift; path = MerchantResultViewController.swift; sourceTree = "<group>"; };
		01C09DEAB07F42004B26A278 /* pt-PT */ = {isa = PBXFileReference; lastKnownFileType = text.plist.strings; name = "pt-PT"; path = "pt-PT.lproj/LaunchScreen.strings"; sourceTree = "<group>"; };
		041295A92AB9E25D00A4F243 /* MerchantHeadlessCheckoutNolPayViewController.swift */ = {isa = PBXFileReference; fileEncoding = 4; lastKnownFileType = sourcecode.swift; path = MerchantHeadlessCheckoutNolPayViewController.swift; sourceTree = "<group>"; };
		0489E2BA2B68F71300FA0682 /* TapGestureRecognizer.swift */ = {isa = PBXFileReference; lastKnownFileType = sourcecode.swift; path = TapGestureRecognizer.swift; sourceTree = "<group>"; };
		049A055D2B4BF057002CEEBA /* MerchantHeadlessVaultManagerViewController.swift */ = {isa = PBXFileReference; fileEncoding = 4; lastKnownFileType = sourcecode.swift; path = MerchantHeadlessVaultManagerViewController.swift; sourceTree = "<group>"; };
		04F3235B2BD2F99000F5927C /* UIApplication+Extensions.swift */ = {isa = PBXFileReference; lastKnownFileType = sourcecode.swift; path = "UIApplication+Extensions.swift"; sourceTree = "<group>"; };
		04F3235D2BD408C600F5927C /* AppetizeConfigTests.swift */ = {isa = PBXFileReference; fileEncoding = 4; lastKnownFileType = sourcecode.swift; path = AppetizeConfigTests.swift; sourceTree = "<group>"; };
		04F3235E2BD408C600F5927C /* Debug App Tests-Info.plist */ = {isa = PBXFileReference; fileEncoding = 4; lastKnownFileType = text.plist.xml; path = "Debug App Tests-Info.plist"; sourceTree = "<group>"; };
		04F3235F2BD408C600F5927C /* MetadataParserTests.swift */ = {isa = PBXFileReference; fileEncoding = 4; lastKnownFileType = sourcecode.swift; path = MetadataParserTests.swift; sourceTree = "<group>"; };
		0DA32ABCF07A4EBED014327B /* es */ = {isa = PBXFileReference; lastKnownFileType = text.plist.strings; name = es; path = es.lproj/LaunchScreen.strings; sourceTree = "<group>"; };
		0ED746F8924E70AD868BC0F4 /* MerchantNewLineItemViewController.swift */ = {isa = PBXFileReference; lastKnownFileType = sourcecode.swift; path = MerchantNewLineItemViewController.swift; sourceTree = "<group>"; };
		0FD08B8CE57A11D1E35A8684 /* de */ = {isa = PBXFileReference; lastKnownFileType = text.plist.strings; name = de; path = de.lproj/LaunchScreen.strings; sourceTree = "<group>"; };
		13FA89917603E4BA5BB66AFC /* da */ = {isa = PBXFileReference; lastKnownFileType = text.plist.strings; name = da; path = da.lproj/LaunchScreen.strings; sourceTree = "<group>"; };
		1594BC5C96ECC3F46C811B2F /* Data+Extensions.swift */ = {isa = PBXFileReference; lastKnownFileType = sourcecode.swift; path = "Data+Extensions.swift"; sourceTree = "<group>"; };
		1D05E65C196E6715D7D8B0C6 /* sv */ = {isa = PBXFileReference; lastKnownFileType = text.plist.strings; name = sv; path = sv.lproj/Main.strings; sourceTree = "<group>"; };
		229849A3DBE0858EE90673B9 /* CreateClientToken.swift */ = {isa = PBXFileReference; lastKnownFileType = sourcecode.swift; path = CreateClientToken.swift; sourceTree = "<group>"; };
		2A328E38DA586FFE0ED2894B /* de */ = {isa = PBXFileReference; lastKnownFileType = text.plist.strings; name = de; path = de.lproj/Main.strings; sourceTree = "<group>"; };
		2E64F057A39A91CA01CCB57F /* tr */ = {isa = PBXFileReference; lastKnownFileType = text.plist.strings; name = tr; path = tr.lproj/Main.strings; sourceTree = "<group>"; };
		32D31D44121174CCFF30E452 /* Pods-Debug App.debug.xcconfig */ = {isa = PBXFileReference; includeInIndex = 1; lastKnownFileType = text.xcconfig; name = "Pods-Debug App.debug.xcconfig"; path = "Target Support Files/Pods-Debug App/Pods-Debug App.debug.xcconfig"; sourceTree = "<group>"; };
		33E18D5B5190C64631309D1B /* ar */ = {isa = PBXFileReference; lastKnownFileType = text.plist.strings; name = ar; path = ar.lproj/LaunchScreen.strings; sourceTree = "<group>"; };
		39CCCB917D1881082ED75975 /* ViewController+Primer.swift */ = {isa = PBXFileReference; lastKnownFileType = sourcecode.swift; path = "ViewController+Primer.swift"; sourceTree = "<group>"; };
		404E173A513B986A36F835F7 /* MerchantHeadlessCheckoutRawPhoneNumberDataViewController.swift */ = {isa = PBXFileReference; lastKnownFileType = sourcecode.swift; path = MerchantHeadlessCheckoutRawPhoneNumberDataViewController.swift; sourceTree = "<group>"; };
		483D2036DE3F89CA2C244C4F /* Debug App Tests.xctest */ = {isa = PBXFileReference; explicitFileType = wrapper.cfbundle; includeInIndex = 0; path = "Debug App Tests.xctest"; sourceTree = BUILT_PRODUCTS_DIR; };
		4ACFB17A73AB7240BED98585 /* ExampleApp.entitlements */ = {isa = PBXFileReference; lastKnownFileType = text.plist.entitlements; path = ExampleApp.entitlements; sourceTree = "<group>"; };
		4C353D84EABA4990DAB4DD28 /* MerchantHeadlessCheckoutRawRetailDataViewController.swift */ = {isa = PBXFileReference; lastKnownFileType = sourcecode.swift; path = MerchantHeadlessCheckoutRawRetailDataViewController.swift; sourceTree = "<group>"; };
		4E79C93EA805E87E1137A513 /* PaymentMethodCell.swift */ = {isa = PBXFileReference; lastKnownFileType = sourcecode.swift; path = PaymentMethodCell.swift; sourceTree = "<group>"; };
		52F54EC3C1ACE19DF48BD6E2 /* tr */ = {isa = PBXFileReference; lastKnownFileType = text.plist.strings; name = tr; path = tr.lproj/LaunchScreen.strings; sourceTree = "<group>"; };
		6493EA8D95DDA066DE982B24 /* es */ = {isa = PBXFileReference; lastKnownFileType = text.plist.strings; name = es; path = es.lproj/Main.strings; sourceTree = "<group>"; };
		68E2722188A5A2948DB31144 /* Debug App.app */ = {isa = PBXFileReference; explicitFileType = wrapper.application; includeInIndex = 0; path = "Debug App.app"; sourceTree = BUILT_PRODUCTS_DIR; };
		6D2261DDEE5DC5D2ED518037 /* Base */ = {isa = PBXFileReference; lastKnownFileType = file.xib; name = Base; path = Base.lproj/LaunchScreen.xib; sourceTree = "<group>"; };
		6D665EEA8106E51925C3CF2B /* da */ = {isa = PBXFileReference; lastKnownFileType = text.plist.strings; name = da; path = da.lproj/Main.strings; sourceTree = "<group>"; };
		70D3D6CF0F006A06B7CEC71B /* TransactionResponse.swift */ = {isa = PBXFileReference; lastKnownFileType = sourcecode.swift; path = TransactionResponse.swift; sourceTree = "<group>"; };
		721B75053C8E82756FB8AD0D /* pl */ = {isa = PBXFileReference; lastKnownFileType = text.plist.strings; name = pl; path = pl.lproj/LaunchScreen.strings; sourceTree = "<group>"; };
		72845A3010F10A88F2EC7849 /* CheckoutTheme.swift */ = {isa = PBXFileReference; lastKnownFileType = sourcecode.swift; path = CheckoutTheme.swift; sourceTree = "<group>"; };
		72E691B9A6A8EBB9F6A6B266 /* MerchantHeadlessCheckoutAvailablePaymentMethodsViewController.swift */ = {isa = PBXFileReference; lastKnownFileType = sourcecode.swift; path = MerchantHeadlessCheckoutAvailablePaymentMethodsViewController.swift; sourceTree = "<group>"; };
		743E00065B4A8D6C95092A23 /* it */ = {isa = PBXFileReference; lastKnownFileType = text.plist.strings; name = it; path = it.lproj/LaunchScreen.strings; sourceTree = "<group>"; };
		7480FE5F665CC66C092BC95A /* Base */ = {isa = PBXFileReference; lastKnownFileType = file.storyboard; name = Base; path = Base.lproj/Main.storyboard; sourceTree = "<group>"; };
		876140D42B63F7DB0058CA8C /* MerchantHeadlessCheckoutKlarnaViewController.swift */ = {isa = PBXFileReference; lastKnownFileType = sourcecode.swift; path = MerchantHeadlessCheckoutKlarnaViewController.swift; sourceTree = "<group>"; };
		876140E52B67F3B30058CA8C /* MerchantHeadlessCheckoutKlarnaViewController+Klarna.swift */ = {isa = PBXFileReference; lastKnownFileType = sourcecode.swift; path = "MerchantHeadlessCheckoutKlarnaViewController+Klarna.swift"; sourceTree = "<group>"; };
		876140EE2B6BE8C20058CA8C /* MerchantHelpers.swift */ = {isa = PBXFileReference; lastKnownFileType = sourcecode.swift; path = MerchantHelpers.swift; sourceTree = "<group>"; };
		876141072B8346650058CA8C /* MerchantHeadlessKlarnaInitializationView.swift */ = {isa = PBXFileReference; lastKnownFileType = sourcecode.swift; path = MerchantHeadlessKlarnaInitializationView.swift; sourceTree = "<group>"; };
		876141092B8355920058CA8C /* MerchantHeadlessKlarnaInitializationViewModel.swift */ = {isa = PBXFileReference; lastKnownFileType = sourcecode.swift; path = MerchantHeadlessKlarnaInitializationViewModel.swift; sourceTree = "<group>"; };
		8761410B2B849A250058CA8C /* MerchantHeadlessKlarnaInitializationView+Elements.swift */ = {isa = PBXFileReference; lastKnownFileType = sourcecode.swift; path = "MerchantHeadlessKlarnaInitializationView+Elements.swift"; sourceTree = "<group>"; };
		8A3FDC6FE0EB5AB5828D4D80 /* el */ = {isa = PBXFileReference; lastKnownFileType = text.plist.strings; name = el; path = el.lproj/LaunchScreen.strings; sourceTree = "<group>"; };
		9128566126AA7F571FFECA3A /* Range+Extensions.swift */ = {isa = PBXFileReference; lastKnownFileType = sourcecode.swift; path = "Range+Extensions.swift"; sourceTree = "<group>"; };
		92BE0A1A904DCEA405A11CC1 /* pl */ = {isa = PBXFileReference; lastKnownFileType = text.plist.strings; name = pl; path = pl.lproj/Main.strings; sourceTree = "<group>"; };
		93F15C1E46C70C3D73B50F31 /* UIStackViewExtensions.swift */ = {isa = PBXFileReference; lastKnownFileType = sourcecode.swift; path = UIStackViewExtensions.swift; sourceTree = "<group>"; };
		942332BD921CBCAFBC77BD6D /* ar */ = {isa = PBXFileReference; lastKnownFileType = text.plist.strings; name = ar; path = ar.lproj/Main.strings; sourceTree = "<group>"; };
		97C7526C7C4524A4DA7E0788 /* Pods_Debug_App.framework */ = {isa = PBXFileReference; explicitFileType = wrapper.framework; includeInIndex = 0; path = Pods_Debug_App.framework; sourceTree = BUILT_PRODUCTS_DIR; };
		98079137F3DE1FE6221DA7EC /* nb */ = {isa = PBXFileReference; lastKnownFileType = text.plist.strings; name = nb; path = nb.lproj/Main.strings; sourceTree = "<group>"; };
		9874F439DA3EA5854A454687 /* MerchantDropInUIViewController.swift */ = {isa = PBXFileReference; lastKnownFileType = sourcecode.swift; path = MerchantDropInUIViewController.swift; sourceTree = "<group>"; };
		A1604A656AF654D7422A2A5E /* fr */ = {isa = PBXFileReference; lastKnownFileType = text.plist.strings; name = fr; path = fr.lproj/Main.strings; sourceTree = "<group>"; };
		A19EF5622B20E22E00A72F60 /* .swiftlint.yml */ = {isa = PBXFileReference; fileEncoding = 4; lastKnownFileType = text.yaml; path = .swiftlint.yml; sourceTree = "<group>"; };
		A6AEF11B151368BF993C3EA9 /* TestScenario.swift */ = {isa = PBXFileReference; lastKnownFileType = sourcecode.swift; path = TestScenario.swift; sourceTree = "<group>"; };
		B18D7E7738BF86467B0F1465 /* Images.xcassets */ = {isa = PBXFileReference; lastKnownFileType = folder.assetcatalog; path = Images.xcassets; sourceTree = "<group>"; };
		B1FD8065D40A2D691F643F3B /* UIViewController+API.swift */ = {isa = PBXFileReference; lastKnownFileType = sourcecode.swift; path = "UIViewController+API.swift"; sourceTree = "<group>"; };
		B866FF13033A5CB8B4C3388E /* MerchantHeadlessCheckoutRawDataViewController.swift */ = {isa = PBXFileReference; lastKnownFileType = sourcecode.swift; path = MerchantHeadlessCheckoutRawDataViewController.swift; sourceTree = "<group>"; };
		BA46CBDC52B1427E20AA6502 /* Pods_Debug_App_Tests.framework */ = {isa = PBXFileReference; explicitFileType = wrapper.framework; includeInIndex = 0; path = Pods_Debug_App_Tests.framework; sourceTree = BUILT_PRODUCTS_DIR; };
		BB820C2B2A56D3DD440C79D8 /* Pods-Debug App.release.xcconfig */ = {isa = PBXFileReference; includeInIndex = 1; lastKnownFileType = text.xcconfig; name = "Pods-Debug App.release.xcconfig"; path = "Target Support Files/Pods-Debug App/Pods-Debug App.release.xcconfig"; sourceTree = "<group>"; };
		C18C9664115CFDEB59FED19A /* MerchantSessionAndSettingsViewController.swift */ = {isa = PBXFileReference; lastKnownFileType = sourcecode.swift; path = MerchantSessionAndSettingsViewController.swift; sourceTree = "<group>"; };
		C2E6FAE3F20A45847E06CD8A /* Pods-Debug App Tests.release.xcconfig */ = {isa = PBXFileReference; includeInIndex = 1; lastKnownFileType = text.xcconfig; name = "Pods-Debug App Tests.release.xcconfig"; path = "Target Support Files/Pods-Debug App Tests/Pods-Debug App Tests.release.xcconfig"; sourceTree = "<group>"; };
		C4DFE77F28AB538220A0F6EE /* ka */ = {isa = PBXFileReference; lastKnownFileType = text.plist.strings; name = ka; path = ka.lproj/Main.strings; sourceTree = "<group>"; };
		C7EB86C62BA46BF51C64ABC2 /* nb */ = {isa = PBXFileReference; lastKnownFileType = text.plist.strings; name = nb; path = nb.lproj/LaunchScreen.strings; sourceTree = "<group>"; };
		D4139D8F153BB399DA67F2EE /* ViewController+PrimerUIHelpers.swift */ = {isa = PBXFileReference; lastKnownFileType = sourcecode.swift; path = "ViewController+PrimerUIHelpers.swift"; sourceTree = "<group>"; };
		D5C1B1F65A9382606A25CE77 /* el */ = {isa = PBXFileReference; lastKnownFileType = text.plist.strings; name = el; path = el.lproj/Main.strings; sourceTree = "<group>"; };
		DAC5687FF32E8661F1A00CE5 /* AppDelegate.swift */ = {isa = PBXFileReference; lastKnownFileType = sourcecode.swift; path = AppDelegate.swift; sourceTree = "<group>"; };
		DBC8EA85D1CBC1EC4AB3EB8C /* fr */ = {isa = PBXFileReference; lastKnownFileType = text.plist.strings; name = fr; path = fr.lproj/LaunchScreen.strings; sourceTree = "<group>"; };
		DECCDC4079DC6471CEDDEA84 /* sv */ = {isa = PBXFileReference; lastKnownFileType = text.plist.strings; name = sv; path = sv.lproj/LaunchScreen.strings; sourceTree = "<group>"; };
		E11F47502B06C5030091C31F /* BanksListView.swift */ = {isa = PBXFileReference; fileEncoding = 4; lastKnownFileType = sourcecode.swift; path = BanksListView.swift; sourceTree = "<group>"; };
		E11F47512B06C5030091C31F /* BanksListModel.swift */ = {isa = PBXFileReference; fileEncoding = 4; lastKnownFileType = sourcecode.swift; path = BanksListModel.swift; sourceTree = "<group>"; };
		E11F47522B06C5030091C31F /* ImageViewWithUrl.swift */ = {isa = PBXFileReference; fileEncoding = 4; lastKnownFileType = sourcecode.swift; path = ImageViewWithUrl.swift; sourceTree = "<group>"; };
		E129D66F2B162022004694F9 /* MerchantHeadlessCheckoutBankViewController.swift */ = {isa = PBXFileReference; fileEncoding = 4; lastKnownFileType = sourcecode.swift; path = MerchantHeadlessCheckoutBankViewController.swift; sourceTree = "<group>"; };
		E1AB44D12AFE13AF00639DC5 /* URL+NetworkHeaders.swift */ = {isa = PBXFileReference; fileEncoding = 4; lastKnownFileType = sourcecode.swift; path = "URL+NetworkHeaders.swift"; sourceTree = "<group>"; };
		E1C3EF0BA039C0A50EDE13A5 /* nl */ = {isa = PBXFileReference; lastKnownFileType = text.plist.strings; name = nl; path = nl.lproj/Main.strings; sourceTree = "<group>"; };
		E7640DB186F9638C2F556F77 /* it */ = {isa = PBXFileReference; lastKnownFileType = text.plist.strings; name = it; path = it.lproj/Main.strings; sourceTree = "<group>"; };
		E8DE1E4FB055B60582977315 /* Networking.swift */ = {isa = PBXFileReference; lastKnownFileType = sourcecode.swift; path = Networking.swift; sourceTree = "<group>"; };
		F08F63D72B9B5A7C006EF9A9 /* SessionConfiguration.swift */ = {isa = PBXFileReference; lastKnownFileType = sourcecode.swift; path = SessionConfiguration.swift; sourceTree = "<group>"; };
		F08F63D92B9B5BC5006EF9A9 /* AppetizeConfigProvider.swift */ = {isa = PBXFileReference; lastKnownFileType = sourcecode.swift; path = AppetizeConfigProvider.swift; sourceTree = "<group>"; };
		F08F63DB2B9F27B0006EF9A9 /* MetadataParser.swift */ = {isa = PBXFileReference; lastKnownFileType = sourcecode.swift; path = MetadataParser.swift; sourceTree = "<group>"; };
		F39E251863277DCB60F4C337 /* Pods-Debug App Tests.debug.xcconfig */ = {isa = PBXFileReference; includeInIndex = 1; lastKnownFileType = text.xcconfig; name = "Pods-Debug App Tests.debug.xcconfig"; path = "Target Support Files/Pods-Debug App Tests/Pods-Debug App Tests.debug.xcconfig"; sourceTree = "<group>"; };
		F816A2444633C4336A7CB071 /* en */ = {isa = PBXFileReference; lastKnownFileType = text.plist.strings; name = en; path = en.lproj/Main.strings; sourceTree = "<group>"; };
		F9023841AFCE8E3205CB713A /* String+Extensions.swift */ = {isa = PBXFileReference; lastKnownFileType = sourcecode.swift; path = "String+Extensions.swift"; sourceTree = "<group>"; };
		FB1F71737862EF5D0F4FE5AB /* Info.plist */ = {isa = PBXFileReference; lastKnownFileType = text.plist; path = Info.plist; sourceTree = "<group>"; };
		FC8A21D574BAEF7E0ED9E9CD /* pt-PT */ = {isa = PBXFileReference; lastKnownFileType = text.plist.strings; name = "pt-PT"; path = "pt-PT.lproj/Main.strings"; sourceTree = "<group>"; };
		FEEF675F553A6AD99750CB0F /* nl */ = {isa = PBXFileReference; lastKnownFileType = text.plist.strings; name = nl; path = nl.lproj/LaunchScreen.strings; sourceTree = "<group>"; };
		FF4B1BBF378E48EBDBDCEE2A /* ka */ = {isa = PBXFileReference; lastKnownFileType = text.plist.strings; name = ka; path = ka.lproj/LaunchScreen.strings; sourceTree = "<group>"; };
/* End PBXFileReference section */

/* Begin PBXFrameworksBuildPhase section */
		70DF25A36D08F36CBD603C15 /* Frameworks */ = {
			isa = PBXFrameworksBuildPhase;
			buildActionMask = 2147483647;
			files = (
				247E60D41F4919A5813C56E0 /* Pods_Debug_App_Tests.framework in Frameworks */,
			);
			runOnlyForDeploymentPostprocessing = 0;
		};
		CB612F7DF16CD3190025327F /* Frameworks */ = {
			isa = PBXFrameworksBuildPhase;
			buildActionMask = 2147483647;
			files = (
				465FBD3A980F57EFEE2ED37E /* Pods_Debug_App.framework in Frameworks */,
			);
			runOnlyForDeploymentPostprocessing = 0;
		};
/* End PBXFrameworksBuildPhase section */

/* Begin PBXGroup section */
		0489E2B92B68F70400FA0682 /* Utilities */ = {
			isa = PBXGroup;
			children = (
				0489E2BA2B68F71300FA0682 /* TapGestureRecognizer.swift */,
				F08F63D92B9B5BC5006EF9A9 /* AppetizeConfigProvider.swift */,
				F08F63DB2B9F27B0006EF9A9 /* MetadataParser.swift */,
			);
			path = Utilities;
			sourceTree = "<group>";
		};
		04F323602BD408C600F5927C /* Tests */ = {
			isa = PBXGroup;
			children = (
				04F3235E2BD408C600F5927C /* Debug App Tests-Info.plist */,
				04F3235D2BD408C600F5927C /* AppetizeConfigTests.swift */,
				04F3235F2BD408C600F5927C /* MetadataParserTests.swift */,
			);
			path = Tests;
			sourceTree = "<group>";
		};
		094077DEFDC2739B10CF4183 /* Resources */ = {
			isa = PBXGroup;
			children = (
				2A9F290E21D650154DEB2F19 /* Localized Views */,
				B18D7E7738BF86467B0F1465 /* Images.xcassets */,
			);
			path = Resources;
			sourceTree = "<group>";
		};
		0E5CB4D963647832FF985B29 /* View Controllers */ = {
			isa = PBXGroup;
			children = (
				876140ED2B6BE8860058CA8C /* Merchant Helpers */,
				EF5FBE3673FBCB40F55F4DC0 /* New UI */,
				9874F439DA3EA5854A454687 /* MerchantDropInUIViewController.swift */,
				72E691B9A6A8EBB9F6A6B266 /* MerchantHeadlessCheckoutAvailablePaymentMethodsViewController.swift */,
				B866FF13033A5CB8B4C3388E /* MerchantHeadlessCheckoutRawDataViewController.swift */,
				404E173A513B986A36F835F7 /* MerchantHeadlessCheckoutRawPhoneNumberDataViewController.swift */,
				4C353D84EABA4990DAB4DD28 /* MerchantHeadlessCheckoutRawRetailDataViewController.swift */,
				049A055D2B4BF057002CEEBA /* MerchantHeadlessVaultManagerViewController.swift */,
				00E3C8FE62D22147335F2455 /* MerchantResultViewController.swift */,
				C18C9664115CFDEB59FED19A /* MerchantSessionAndSettingsViewController.swift */,
			);
			path = "View Controllers";
			sourceTree = "<group>";
		};
		1C9799A622D0CCDBBF94925B = {
			isa = PBXGroup;
			children = (
				A19EF5622B20E22E00A72F60 /* .swiftlint.yml */,
				FBDF3F8B5F93A0EC28048640 /* Project */,
				DF30711EB149C64C364BB79A /* Products */,
				61E8D69DF93462D748F446DF /* Pods */,
				BC936BF598DE6F90E97CFB9C /* Frameworks */,
			);
			sourceTree = "<group>";
		};
		2A9F290E21D650154DEB2F19 /* Localized Views */ = {
			isa = PBXGroup;
			children = (
				FC701AFD94F96F0F1D108D1A /* LaunchScreen.xib */,
				CE259612A00F85709107B872 /* Main.storyboard */,
			);
			path = "Localized Views";
			sourceTree = "<group>";
		};
		553A7EDE72B8249F55A0E6B9 /* Extension */ = {
			isa = PBXGroup;
			children = (
				1594BC5C96ECC3F46C811B2F /* Data+Extensions.swift */,
				9128566126AA7F571FFECA3A /* Range+Extensions.swift */,
				F9023841AFCE8E3205CB713A /* String+Extensions.swift */,
				93F15C1E46C70C3D73B50F31 /* UIStackViewExtensions.swift */,
				B1FD8065D40A2D691F643F3B /* UIViewController+API.swift */,
				39CCCB917D1881082ED75975 /* ViewController+Primer.swift */,
				D4139D8F153BB399DA67F2EE /* ViewController+PrimerUIHelpers.swift */,
				04F3235B2BD2F99000F5927C /* UIApplication+Extensions.swift */,
			);
			path = Extension;
			sourceTree = "<group>";
		};
		5E99BB590FD6521F2D5403BB /* Sources */ = {
			isa = PBXGroup;
			children = (
				553A7EDE72B8249F55A0E6B9 /* Extension */,
				D9AC6F54A87D432982864A63 /* Model */,
				64FB843527A1671D550B536F /* Network */,
				0489E2B92B68F70400FA0682 /* Utilities */,
				F214F09DF97D2A83FC7D0BE0 /* View */,
				0E5CB4D963647832FF985B29 /* View Controllers */,
				DAC5687FF32E8661F1A00CE5 /* AppDelegate.swift */,
			);
			path = Sources;
			sourceTree = "<group>";
		};
		61E8D69DF93462D748F446DF /* Pods */ = {
			isa = PBXGroup;
			children = (
				32D31D44121174CCFF30E452 /* Pods-Debug App.debug.xcconfig */,
				BB820C2B2A56D3DD440C79D8 /* Pods-Debug App.release.xcconfig */,
				F39E251863277DCB60F4C337 /* Pods-Debug App Tests.debug.xcconfig */,
				C2E6FAE3F20A45847E06CD8A /* Pods-Debug App Tests.release.xcconfig */,
			);
			path = Pods;
			sourceTree = "<group>";
		};
		64FB843527A1671D550B536F /* Network */ = {
			isa = PBXGroup;
			children = (
				E8DE1E4FB055B60582977315 /* Networking.swift */,
				E1AB44D12AFE13AF00639DC5 /* URL+NetworkHeaders.swift */,
			);
			path = Network;
			sourceTree = "<group>";
		};
		876140D32B63F79E0058CA8C /* KlarnaHeadless */ = {
			isa = PBXGroup;
			children = (
				876140D42B63F7DB0058CA8C /* MerchantHeadlessCheckoutKlarnaViewController.swift */,
				876140E52B67F3B30058CA8C /* MerchantHeadlessCheckoutKlarnaViewController+Klarna.swift */,
				876141072B8346650058CA8C /* MerchantHeadlessKlarnaInitializationView.swift */,
				8761410B2B849A250058CA8C /* MerchantHeadlessKlarnaInitializationView+Elements.swift */,
				876141092B8355920058CA8C /* MerchantHeadlessKlarnaInitializationViewModel.swift */,
			);
			path = KlarnaHeadless;
			sourceTree = "<group>";
		};
		876140ED2B6BE8860058CA8C /* Merchant Helpers */ = {
			isa = PBXGroup;
			children = (
				876140EE2B6BE8C20058CA8C /* MerchantHelpers.swift */,
			);
			path = "Merchant Helpers";
			sourceTree = "<group>";
		};
		BC936BF598DE6F90E97CFB9C /* Frameworks */ = {
			isa = PBXGroup;
			children = (
				97C7526C7C4524A4DA7E0788 /* Pods_Debug_App.framework */,
				BA46CBDC52B1427E20AA6502 /* Pods_Debug_App_Tests.framework */,
			);
			name = Frameworks;
			sourceTree = "<group>";
		};
		D9AC6F54A87D432982864A63 /* Model */ = {
			isa = PBXGroup;
			children = (
				72845A3010F10A88F2EC7849 /* CheckoutTheme.swift */,
				229849A3DBE0858EE90673B9 /* CreateClientToken.swift */,
				A6AEF11B151368BF993C3EA9 /* TestScenario.swift */,
				70D3D6CF0F006A06B7CEC71B /* TransactionResponse.swift */,
				F08F63D72B9B5A7C006EF9A9 /* SessionConfiguration.swift */,
			);
			path = Model;
			sourceTree = "<group>";
		};
		DF30711EB149C64C364BB79A /* Products */ = {
			isa = PBXGroup;
			children = (
				483D2036DE3F89CA2C244C4F /* Debug App Tests.xctest */,
				68E2722188A5A2948DB31144 /* Debug App.app */,
			);
			name = Products;
			sourceTree = "<group>";
		};
		E11F474E2B06C5030091C31F /* FormWithRedirect */ = {
			isa = PBXGroup;
			children = (
				E129D66F2B162022004694F9 /* MerchantHeadlessCheckoutBankViewController.swift */,
				E11F47502B06C5030091C31F /* BanksListView.swift */,
				E11F47512B06C5030091C31F /* BanksListModel.swift */,
				E11F47522B06C5030091C31F /* ImageViewWithUrl.swift */,
			);
			path = FormWithRedirect;
			sourceTree = "<group>";
		};
		EF5FBE3673FBCB40F55F4DC0 /* New UI */ = {
			isa = PBXGroup;
			children = (
				876140D32B63F79E0058CA8C /* KlarnaHeadless */,
				E11F474E2B06C5030091C31F /* FormWithRedirect */,
				041295A92AB9E25D00A4F243 /* MerchantHeadlessCheckoutNolPayViewController.swift */,
				0ED746F8924E70AD868BC0F4 /* MerchantNewLineItemViewController.swift */,
			);
			path = "New UI";
			sourceTree = "<group>";
		};
		F214F09DF97D2A83FC7D0BE0 /* View */ = {
			isa = PBXGroup;
			children = (
				4E79C93EA805E87E1137A513 /* PaymentMethodCell.swift */,
			);
			path = View;
			sourceTree = "<group>";
		};
		FBDF3F8B5F93A0EC28048640 /* Project */ = {
			isa = PBXGroup;
			children = (
				04F323602BD408C600F5927C /* Tests */,
				094077DEFDC2739B10CF4183 /* Resources */,
				5E99BB590FD6521F2D5403BB /* Sources */,
				4ACFB17A73AB7240BED98585 /* ExampleApp.entitlements */,
				FB1F71737862EF5D0F4FE5AB /* Info.plist */,
			);
			name = Project;
			sourceTree = "<group>";
		};
/* End PBXGroup section */

/* Begin PBXNativeTarget section */
		301F25EE1514F3AF2E4A7FBD /* Debug App Tests */ = {
			isa = PBXNativeTarget;
			buildConfigurationList = 4700FFD06E10F0EE123A7B8B /* Build configuration list for PBXNativeTarget "Debug App Tests" */;
			buildPhases = (
				CAD325D369DA0EBCF367DEAB /* [CP] Check Pods Manifest.lock */,
				1E0FCAD905F5F8F13B6A164B /* Sources */,
				9CED4C4EFACB340F3C55B1F0 /* Resources */,
				D11E367C3560C383BC4CA0A7 /* Embed Frameworks */,
				70DF25A36D08F36CBD603C15 /* Frameworks */,
			);
			buildRules = (
			);
			dependencies = (
				0F2453263528C0A3659CD00A /* PBXTargetDependency */,
			);
			name = "Debug App Tests";
			productName = "Debug App Tests";
			productReference = 483D2036DE3F89CA2C244C4F /* Debug App Tests.xctest */;
			productType = "com.apple.product-type.bundle.unit-test";
		};
		BEB14ABCDF34E3D24759EAAB /* Debug App */ = {
			isa = PBXNativeTarget;
			buildConfigurationList = CA98A6B11506835A81F6391A /* Build configuration list for PBXNativeTarget "Debug App" */;
			buildPhases = (
				15D13D87FB3E1A35A734236A /* [CP] Check Pods Manifest.lock */,
				66BB6A7BADD3A9CDD6412CE2 /* Sources */,
				10FBAAC827CE0E3983CD7597 /* Resources */,
				73B416AD9A0CB3B0EA16AF79 /* Embed Frameworks */,
				CB612F7DF16CD3190025327F /* Frameworks */,
				A18BD8BD2AFE4B0900923C87 /* SwiftLint */,
				E968AE935ABB4E0742A4E405 /* [CP] Embed Pods Frameworks */,
			);
			buildRules = (
			);
			dependencies = (
			);
			name = "Debug App";
			productName = "Debug App";
			productReference = 68E2722188A5A2948DB31144 /* Debug App.app */;
			productType = "com.apple.product-type.application";
		};
/* End PBXNativeTarget section */

/* Begin PBXProject section */
		25AB41367F759CCDA1881AD2 /* Project object */ = {
			isa = PBXProject;
			attributes = {
				BuildIndependentTargetsInParallel = YES;
				ORGANIZATIONNAME = "Primer API Ltd";
				TargetAttributes = {
					301F25EE1514F3AF2E4A7FBD = {
						TestTargetID = BEB14ABCDF34E3D24759EAAB;
					};
				};
			};
			buildConfigurationList = 10479B54C02C96DE0B327687 /* Build configuration list for PBXProject "Primer.io Debug App" */;
			compatibilityVersion = "Xcode 13.0";
			developmentRegion = en;
			hasScannedForEncodings = 0;
			knownRegions = (
				Base,
				ar,
				da,
				de,
				el,
				en,
				es,
				fr,
				it,
				ka,
				nb,
				nl,
				pl,
				"pt-PT",
				sv,
				tr,
			);
			mainGroup = 1C9799A622D0CCDBBF94925B;
			productRefGroup = DF30711EB149C64C364BB79A /* Products */;
			projectDirPath = "";
			projectRoot = "";
			targets = (
				BEB14ABCDF34E3D24759EAAB /* Debug App */,
				301F25EE1514F3AF2E4A7FBD /* Debug App Tests */,
			);
		};
/* End PBXProject section */

/* Begin PBXResourcesBuildPhase section */
		10FBAAC827CE0E3983CD7597 /* Resources */ = {
			isa = PBXResourcesBuildPhase;
			buildActionMask = 2147483647;
			files = (
				A19EF5632B20E22E00A72F60 /* .swiftlint.yml in Resources */,
				EA7FAA4F8476BD3711D628CB /* Images.xcassets in Resources */,
				F0C2147F6FA26527BE55549A /* LaunchScreen.xib in Resources */,
				949864026D1CDE6F5C62C66E /* Main.storyboard in Resources */,
			);
			runOnlyForDeploymentPostprocessing = 0;
		};
		9CED4C4EFACB340F3C55B1F0 /* Resources */ = {
			isa = PBXResourcesBuildPhase;
			buildActionMask = 2147483647;
			files = (
				04F323622BD408C600F5927C /* Debug App Tests-Info.plist in Resources */,
			);
			runOnlyForDeploymentPostprocessing = 0;
		};
/* End PBXResourcesBuildPhase section */

/* Begin PBXShellScriptBuildPhase section */
		15D13D87FB3E1A35A734236A /* [CP] Check Pods Manifest.lock */ = {
			isa = PBXShellScriptBuildPhase;
			buildActionMask = 2147483647;
			files = (
			);
			inputFileListPaths = (
			);
			inputPaths = (
				"${PODS_PODFILE_DIR_PATH}/Podfile.lock",
				"${PODS_ROOT}/Manifest.lock",
			);
			name = "[CP] Check Pods Manifest.lock";
			outputFileListPaths = (
			);
			outputPaths = (
				"$(DERIVED_FILE_DIR)/Pods-Debug App-checkManifestLockResult.txt",
			);
			runOnlyForDeploymentPostprocessing = 0;
			shellPath = /bin/sh;
			shellScript = "diff \"${PODS_PODFILE_DIR_PATH}/Podfile.lock\" \"${PODS_ROOT}/Manifest.lock\" > /dev/null\nif [ $? != 0 ] ; then\n    # print error to STDERR\n    echo \"error: The sandbox is not in sync with the Podfile.lock. Run 'pod install' or update your CocoaPods installation.\" >&2\n    exit 1\nfi\n# This output is used by Xcode 'outputs' to avoid re-running this script phase.\necho \"SUCCESS\" > \"${SCRIPT_OUTPUT_FILE_0}\"\n";
			showEnvVarsInLog = 0;
		};
		A18BD8BD2AFE4B0900923C87 /* SwiftLint */ = {
			isa = PBXShellScriptBuildPhase;
			alwaysOutOfDate = 1;
			buildActionMask = 2147483647;
			files = (
			);
			inputFileListPaths = (
			);
			inputPaths = (
			);
			name = SwiftLint;
			outputFileListPaths = (
			);
			outputPaths = (
			);
			runOnlyForDeploymentPostprocessing = 0;
			shellPath = /bin/sh;
			shellScript = "if [[ \"$(uname -m)\" == arm64 ]]; then\n    export PATH=\"/opt/homebrew/bin:$PATH\"\nfi\n\nif which swiftlint > /dev/null; then\n  swiftlint\nelse\n  echo \"warning: SwiftLint not installed, download from https://github.com/realm/SwiftLint\"\nfi\n";
		};
		CAD325D369DA0EBCF367DEAB /* [CP] Check Pods Manifest.lock */ = {
			isa = PBXShellScriptBuildPhase;
			buildActionMask = 2147483647;
			files = (
			);
			inputFileListPaths = (
			);
			inputPaths = (
				"${PODS_PODFILE_DIR_PATH}/Podfile.lock",
				"${PODS_ROOT}/Manifest.lock",
			);
			name = "[CP] Check Pods Manifest.lock";
			outputFileListPaths = (
			);
			outputPaths = (
				"$(DERIVED_FILE_DIR)/Pods-Debug App Tests-checkManifestLockResult.txt",
			);
			runOnlyForDeploymentPostprocessing = 0;
			shellPath = /bin/sh;
			shellScript = "diff \"${PODS_PODFILE_DIR_PATH}/Podfile.lock\" \"${PODS_ROOT}/Manifest.lock\" > /dev/null\nif [ $? != 0 ] ; then\n    # print error to STDERR\n    echo \"error: The sandbox is not in sync with the Podfile.lock. Run 'pod install' or update your CocoaPods installation.\" >&2\n    exit 1\nfi\n# This output is used by Xcode 'outputs' to avoid re-running this script phase.\necho \"SUCCESS\" > \"${SCRIPT_OUTPUT_FILE_0}\"\n";
			showEnvVarsInLog = 0;
		};
		E968AE935ABB4E0742A4E405 /* [CP] Embed Pods Frameworks */ = {
			isa = PBXShellScriptBuildPhase;
			buildActionMask = 2147483647;
			files = (
			);
			inputFileListPaths = (
				"${PODS_ROOT}/Target Support Files/Pods-Debug App/Pods-Debug App-frameworks-${CONFIGURATION}-input-files.xcfilelist",
			);
			name = "[CP] Embed Pods Frameworks";
			outputFileListPaths = (
				"${PODS_ROOT}/Target Support Files/Pods-Debug App/Pods-Debug App-frameworks-${CONFIGURATION}-output-files.xcfilelist",
			);
			runOnlyForDeploymentPostprocessing = 0;
			shellPath = /bin/sh;
			shellScript = "\"${PODS_ROOT}/Target Support Files/Pods-Debug App/Pods-Debug App-frameworks.sh\"\n";
			showEnvVarsInLog = 0;
		};
/* End PBXShellScriptBuildPhase section */

/* Begin PBXSourcesBuildPhase section */
		1E0FCAD905F5F8F13B6A164B /* Sources */ = {
			isa = PBXSourcesBuildPhase;
			buildActionMask = 2147483647;
			files = (
				F03699592AC2E63700E4179D /* BuildFile in Sources */,
				04F323612BD408C600F5927C /* AppetizeConfigTests.swift in Sources */,
				04F323632BD408C600F5927C /* MetadataParserTests.swift in Sources */,
			);
			runOnlyForDeploymentPostprocessing = 0;
		};
		66BB6A7BADD3A9CDD6412CE2 /* Sources */ = {
			isa = PBXSourcesBuildPhase;
			buildActionMask = 2147483647;
			files = (
				D886D8E47D883304B505CE11 /* AppDelegate.swift in Sources */,
				60F7E716B34BE721651566DA /* Data+Extensions.swift in Sources */,
				CE5E673A96BB5B96AE5EFC56 /* Range+Extensions.swift in Sources */,
				85605C241F1CD45BA676D4A7 /* String+Extensions.swift in Sources */,
				04F323662BD40A2300F5927C /* MerchantNewLineItemViewController.swift in Sources */,
				0BB8BB3F9A6AC28A0C107DC8 /* UIStackViewExtensions.swift in Sources */,
				DE53DA2D0AD108306C92E198 /* UIViewController+API.swift in Sources */,
				85EDC3F175D699BFF6BD48EF /* ViewController+Primer.swift in Sources */,
				60F6C3AFA11A7EDB0687856A /* ViewController+PrimerUIHelpers.swift in Sources */,
				5E24CD5B3084FE3E8A3E85EC /* CheckoutTheme.swift in Sources */,
				04F323642BD409FE00F5927C /* BanksListModel.swift in Sources */,
				AAE3B30B64B6822A20987FCA /* CreateClientToken.swift in Sources */,
				F08F63D82B9B5A7C006EF9A9 /* SessionConfiguration.swift in Sources */,
				04F323652BD40A0E00F5927C /* MerchantHeadlessCheckoutBankViewController.swift in Sources */,
				876141082B8346650058CA8C /* MerchantHeadlessKlarnaInitializationView.swift in Sources */,
				C75A11E6AEEFC2B7A29BBC04 /* TestScenario.swift in Sources */,
				F08F63DC2B9F27B0006EF9A9 /* MetadataParser.swift in Sources */,
				E1A2971F2B021ABA005ADA51 /* URL+NetworkHeaders.swift in Sources */,
				FD5ADBCFA70DB606339F3AF2 /* TransactionResponse.swift in Sources */,
				876140D52B63F7DB0058CA8C /* MerchantHeadlessCheckoutKlarnaViewController.swift in Sources */,
				049A055E2B4BF057002CEEBA /* MerchantHeadlessVaultManagerViewController.swift in Sources */,
				53E3182FFC4E5F05D866CFAE /* Networking.swift in Sources */,
				592E00D98C8835CBCDAA26D9 /* MerchantDropInUIViewController.swift in Sources */,
				8761410A2B8355920058CA8C /* MerchantHeadlessKlarnaInitializationViewModel.swift in Sources */,
				041295AA2AB9E25D00A4F243 /* MerchantHeadlessCheckoutNolPayViewController.swift in Sources */,
				135E5BFD51371FABB5FF35D3 /* MerchantHeadlessCheckoutAvailablePaymentMethodsViewController.swift in Sources */,
				E11F47542B06C5030091C31F /* BanksListView.swift in Sources */,
				AD9CF1073EE0676E6640481A /* MerchantHeadlessCheckoutRawDataViewController.swift in Sources */,
				72F8D6065334FCD5B726A52C /* MerchantHeadlessCheckoutRawPhoneNumberDataViewController.swift in Sources */,
				14EE32F4821BD1F19F75227F /* MerchantHeadlessCheckoutRawRetailDataViewController.swift in Sources */,
				F02F496FD20B5291C044F62C /* MerchantResultViewController.swift in Sources */,
				04F3235C2BD2F99000F5927C /* UIApplication+Extensions.swift in Sources */,
				8761410C2B849A250058CA8C /* MerchantHeadlessKlarnaInitializationView+Elements.swift in Sources */,
				876140EF2B6BE8C20058CA8C /* MerchantHelpers.swift in Sources */,
				0489E2BB2B68F71300FA0682 /* TapGestureRecognizer.swift in Sources */,
				F08F63DA2B9B5BC5006EF9A9 /* AppetizeConfigProvider.swift in Sources */,
				E11F47562B06C5030091C31F /* ImageViewWithUrl.swift in Sources */,
				34CDCA7B403C001E4C55D26D /* MerchantSessionAndSettingsViewController.swift in Sources */,
				876140E62B67F3B30058CA8C /* MerchantHeadlessCheckoutKlarnaViewController+Klarna.swift in Sources */,
				C0115AC7BC96FDF49EF8E530 /* PaymentMethodCell.swift in Sources */,
			);
			runOnlyForDeploymentPostprocessing = 0;
		};
/* End PBXSourcesBuildPhase section */

/* Begin PBXTargetDependency section */
		0F2453263528C0A3659CD00A /* PBXTargetDependency */ = {
			isa = PBXTargetDependency;
			name = "Debug App";
			target = BEB14ABCDF34E3D24759EAAB /* Debug App */;
			targetProxy = FED76127253C549C91488087 /* PBXContainerItemProxy */;
		};
/* End PBXTargetDependency section */

/* Begin PBXVariantGroup section */
		CE259612A00F85709107B872 /* Main.storyboard */ = {
			isa = PBXVariantGroup;
			children = (
				942332BD921CBCAFBC77BD6D /* ar */,
				7480FE5F665CC66C092BC95A /* Base */,
				6D665EEA8106E51925C3CF2B /* da */,
				2A328E38DA586FFE0ED2894B /* de */,
				D5C1B1F65A9382606A25CE77 /* el */,
				F816A2444633C4336A7CB071 /* en */,
				6493EA8D95DDA066DE982B24 /* es */,
				A1604A656AF654D7422A2A5E /* fr */,
				E7640DB186F9638C2F556F77 /* it */,
				C4DFE77F28AB538220A0F6EE /* ka */,
				98079137F3DE1FE6221DA7EC /* nb */,
				E1C3EF0BA039C0A50EDE13A5 /* nl */,
				92BE0A1A904DCEA405A11CC1 /* pl */,
				FC8A21D574BAEF7E0ED9E9CD /* pt-PT */,
				1D05E65C196E6715D7D8B0C6 /* sv */,
				2E64F057A39A91CA01CCB57F /* tr */,
			);
			name = Main.storyboard;
			sourceTree = "<group>";
		};
		FC701AFD94F96F0F1D108D1A /* LaunchScreen.xib */ = {
			isa = PBXVariantGroup;
			children = (
				33E18D5B5190C64631309D1B /* ar */,
				6D2261DDEE5DC5D2ED518037 /* Base */,
				13FA89917603E4BA5BB66AFC /* da */,
				0FD08B8CE57A11D1E35A8684 /* de */,
				8A3FDC6FE0EB5AB5828D4D80 /* el */,
				0DA32ABCF07A4EBED014327B /* es */,
				DBC8EA85D1CBC1EC4AB3EB8C /* fr */,
				743E00065B4A8D6C95092A23 /* it */,
				FF4B1BBF378E48EBDBDCEE2A /* ka */,
				C7EB86C62BA46BF51C64ABC2 /* nb */,
				FEEF675F553A6AD99750CB0F /* nl */,
				721B75053C8E82756FB8AD0D /* pl */,
				01C09DEAB07F42004B26A278 /* pt-PT */,
				DECCDC4079DC6471CEDDEA84 /* sv */,
				52F54EC3C1ACE19DF48BD6E2 /* tr */,
			);
			name = LaunchScreen.xib;
			sourceTree = "<group>";
		};
/* End PBXVariantGroup section */

/* Begin XCBuildConfiguration section */
		313E094F25A94116E340B043 /* Debug */ = {
			isa = XCBuildConfiguration;
			baseConfigurationReference = 32D31D44121174CCFF30E452 /* Pods-Debug App.debug.xcconfig */;
			buildSettings = {
				ASSETCATALOG_COMPILER_APPICON_NAME = AppIcon;
				CODE_SIGN_ENTITLEMENTS = "$(SRCROOT)/ExampleApp.entitlements";
				CODE_SIGN_IDENTITY = "Apple Development";
				"CODE_SIGN_IDENTITY[sdk=iphoneos*]" = "iPhone Developer";
				CODE_SIGN_STYLE = Manual;
				DEVELOPMENT_TEAM = "";
				"DEVELOPMENT_TEAM[sdk=iphoneos*]" = N8UN9TR5DY;
				ENABLE_PREVIEWS = YES;
				INFOPLIST_FILE = Info.plist;
				INFOPLIST_KEY_CFBundleDisplayName = "Primer Debug";
				LD_RUNPATH_SEARCH_PATHS = (
					"$(inherited)",
					"@executable_path/Frameworks",
				);
				PRODUCT_BUNDLE_IDENTIFIER = com.primerapi.PrimerSDKExample;
				PRODUCT_NAME = "Debug App";
				PROVISIONING_PROFILE_SPECIFIER = "";
				"PROVISIONING_PROFILE_SPECIFIER[sdk=iphoneos*]" = "match Development com.primerapi.PrimerSDKExample";
				SDKROOT = iphoneos;
				SUPPORTED_PLATFORMS = "iphoneos iphonesimulator";
				SUPPORTS_MACCATALYST = NO;
				SUPPORTS_MAC_DESIGNED_FOR_IPHONE_IPAD = NO;
				SUPPORTS_XR_DESIGNED_FOR_IPHONE_IPAD = NO;
				SWIFT_ACTIVE_COMPILATION_CONDITIONS = DEBUG;
				SWIFT_COMPILATION_MODE = singlefile;
				SWIFT_OPTIMIZATION_LEVEL = "-Onone";
				SWIFT_VERSION = 5.0;
				TARGETED_DEVICE_FAMILY = 1;
			};
			name = Debug;
		};
		44381669975E0C07E78FA641 /* Release */ = {
			isa = XCBuildConfiguration;
			baseConfigurationReference = BB820C2B2A56D3DD440C79D8 /* Pods-Debug App.release.xcconfig */;
			buildSettings = {
				ASSETCATALOG_COMPILER_APPICON_NAME = AppIcon;
				CODE_SIGN_ENTITLEMENTS = "$(SRCROOT)/ExampleApp.entitlements";
				CODE_SIGN_IDENTITY = "Apple Development";
				"CODE_SIGN_IDENTITY[sdk=iphoneos*]" = "iPhone Developer";
				CODE_SIGN_STYLE = Manual;
				DEVELOPMENT_TEAM = "";
				"DEVELOPMENT_TEAM[sdk=iphoneos*]" = N8UN9TR5DY;
				ENABLE_PREVIEWS = YES;
				INFOPLIST_FILE = Info.plist;
				INFOPLIST_KEY_CFBundleDisplayName = "Primer Debug";
				LD_RUNPATH_SEARCH_PATHS = (
					"$(inherited)",
					"@executable_path/Frameworks",
				);
				PRODUCT_BUNDLE_IDENTIFIER = com.primerapi.PrimerSDKExample;
				PRODUCT_NAME = "Debug App";
				PROVISIONING_PROFILE_SPECIFIER = "";
				"PROVISIONING_PROFILE_SPECIFIER[sdk=iphoneos*]" = "match Development com.primerapi.PrimerSDKExample";
				SDKROOT = iphoneos;
				SUPPORTED_PLATFORMS = "iphoneos iphonesimulator";
				SUPPORTS_MACCATALYST = NO;
				SUPPORTS_MAC_DESIGNED_FOR_IPHONE_IPAD = NO;
				SUPPORTS_XR_DESIGNED_FOR_IPHONE_IPAD = NO;
				SWIFT_COMPILATION_MODE = wholemodule;
				SWIFT_OPTIMIZATION_LEVEL = "-Owholemodule";
				SWIFT_VERSION = 5.0;
				TARGETED_DEVICE_FAMILY = 1;
			};
			name = Release;
		};
		5434DA74E34D2EBEBD3D74C7 /* Debug */ = {
			isa = XCBuildConfiguration;
			baseConfigurationReference = F39E251863277DCB60F4C337 /* Pods-Debug App Tests.debug.xcconfig */;
			buildSettings = {
				BUNDLE_LOADER = "$(TEST_HOST)";
				CODE_SIGN_IDENTITY = "iPhone Developer";
				DEVELOPMENT_TEAM = N8UN9TR5DY;
				INFOPLIST_FILE = "Tests/Debug App Tests-Info.plist";
				LD_RUNPATH_SEARCH_PATHS = (
					"$(inherited)",
					"@executable_path/Frameworks",
					"@loader_path/Frameworks",
				);
				PRODUCT_BUNDLE_IDENTIFIER = com.primerapi.PrimerSDKExampleTests;
				PRODUCT_NAME = "Debug App Tests";
				SDKROOT = iphoneos;
				SUPPORTS_MACCATALYST = NO;
				SUPPORTS_MAC_DESIGNED_FOR_IPHONE_IPAD = YES;
				SUPPORTS_XR_DESIGNED_FOR_IPHONE_IPAD = NO;
				SWIFT_ACTIVE_COMPILATION_CONDITIONS = DEBUG;
				SWIFT_COMPILATION_MODE = singlefile;
				SWIFT_OPTIMIZATION_LEVEL = "-Onone";
				SWIFT_VERSION = 5.0;
				TARGETED_DEVICE_FAMILY = "1,2";
				TEST_HOST = "$(BUILT_PRODUCTS_DIR)/Debug App.app/$(BUNDLE_EXECUTABLE_FOLDER_PATH)/Debug App";
				TEST_TARGET_NAME = "Debug App";
			};
			name = Debug;
		};
		C02E8D181B9F35EB41C35E07 /* Release */ = {
			isa = XCBuildConfiguration;
			buildSettings = {
				ALWAYS_SEARCH_USER_PATHS = NO;
				CLANG_ANALYZER_LOCALIZABILITY_NONLOCALIZED = YES;
				CLANG_ANALYZER_NONNULL = YES;
				CLANG_ANALYZER_NUMBER_OBJECT_CONVERSION = YES_AGGRESSIVE;
				CLANG_CXX_LANGUAGE_STANDARD = "gnu++14";
				CLANG_CXX_LIBRARY = "libc++";
				CLANG_ENABLE_MODULES = YES;
				CLANG_ENABLE_OBJC_ARC = YES;
				CLANG_ENABLE_OBJC_WEAK = YES;
				CLANG_WARN_BLOCK_CAPTURE_AUTORELEASING = YES;
				CLANG_WARN_BOOL_CONVERSION = YES;
				CLANG_WARN_COMMA = YES;
				CLANG_WARN_CONSTANT_CONVERSION = YES;
				CLANG_WARN_DEPRECATED_OBJC_IMPLEMENTATIONS = YES;
				CLANG_WARN_DIRECT_OBJC_ISA_USAGE = YES_ERROR;
				CLANG_WARN_DOCUMENTATION_COMMENTS = YES;
				CLANG_WARN_EMPTY_BODY = YES;
				CLANG_WARN_ENUM_CONVERSION = YES;
				CLANG_WARN_INFINITE_RECURSION = YES;
				CLANG_WARN_INT_CONVERSION = YES;
				CLANG_WARN_NON_LITERAL_NULL_CONVERSION = YES;
				CLANG_WARN_OBJC_IMPLICIT_RETAIN_SELF = YES;
				CLANG_WARN_OBJC_LITERAL_CONVERSION = YES;
				CLANG_WARN_OBJC_ROOT_CLASS = YES_ERROR;
				CLANG_WARN_QUOTED_INCLUDE_IN_FRAMEWORK_HEADER = YES;
				CLANG_WARN_RANGE_LOOP_ANALYSIS = YES;
				CLANG_WARN_STRICT_PROTOTYPES = YES;
				CLANG_WARN_SUSPICIOUS_MOVE = YES;
				CLANG_WARN_UNGUARDED_AVAILABILITY = YES_AGGRESSIVE;
				CLANG_WARN_UNREACHABLE_CODE = YES;
				CLANG_WARN__DUPLICATE_METHOD_MATCH = YES;
				COPY_PHASE_STRIP = NO;
				DEAD_CODE_STRIPPING = YES;
				DEBUG_INFORMATION_FORMAT = "dwarf-with-dsym";
				ENABLE_NS_ASSERTIONS = NO;
				ENABLE_STRICT_OBJC_MSGSEND = YES;
				GCC_C_LANGUAGE_STANDARD = gnu11;
				GCC_NO_COMMON_BLOCKS = YES;
				GCC_WARN_64_TO_32_BIT_CONVERSION = YES;
				GCC_WARN_ABOUT_RETURN_TYPE = YES_ERROR;
				GCC_WARN_UNDECLARED_SELECTOR = YES;
				GCC_WARN_UNINITIALIZED_AUTOS = YES_AGGRESSIVE;
				GCC_WARN_UNUSED_FUNCTION = YES;
				GCC_WARN_UNUSED_VARIABLE = YES;
				IPHONEOS_DEPLOYMENT_TARGET = 14.0;
				MTL_ENABLE_DEBUG_INFO = NO;
				PRODUCT_NAME = "$(TARGET_NAME)";
				VALIDATE_PRODUCT = YES;
			};
			name = Release;
		};
		F10A44A87CE1B40DAFF5D30F /* Release */ = {
			isa = XCBuildConfiguration;
			baseConfigurationReference = C2E6FAE3F20A45847E06CD8A /* Pods-Debug App Tests.release.xcconfig */;
			buildSettings = {
				BUNDLE_LOADER = "$(TEST_HOST)";
				CODE_SIGN_IDENTITY = "iPhone Developer";
				DEVELOPMENT_TEAM = N8UN9TR5DY;
				INFOPLIST_FILE = "Tests/Debug App Tests-Info.plist";
				LD_RUNPATH_SEARCH_PATHS = (
					"$(inherited)",
					"@executable_path/Frameworks",
					"@loader_path/Frameworks",
				);
				PRODUCT_BUNDLE_IDENTIFIER = com.primerapi.PrimerSDKExampleTests;
				PRODUCT_NAME = "Debug App Tests";
				SDKROOT = iphoneos;
				SUPPORTS_MACCATALYST = NO;
				SUPPORTS_MAC_DESIGNED_FOR_IPHONE_IPAD = YES;
				SUPPORTS_XR_DESIGNED_FOR_IPHONE_IPAD = NO;
				SWIFT_COMPILATION_MODE = wholemodule;
				SWIFT_OPTIMIZATION_LEVEL = "-Owholemodule";
				SWIFT_VERSION = 5.0;
				TARGETED_DEVICE_FAMILY = "1,2";
				TEST_HOST = "$(BUILT_PRODUCTS_DIR)/Debug App.app/$(BUNDLE_EXECUTABLE_FOLDER_PATH)/Debug App";
				TEST_TARGET_NAME = "Debug App";
			};
			name = Release;
		};
		F5CDF642D3EADA50CDF5FF84 /* Debug */ = {
			isa = XCBuildConfiguration;
			buildSettings = {
				ALWAYS_SEARCH_USER_PATHS = NO;
				CLANG_ANALYZER_LOCALIZABILITY_NONLOCALIZED = YES;
				CLANG_ANALYZER_NONNULL = YES;
				CLANG_ANALYZER_NUMBER_OBJECT_CONVERSION = YES_AGGRESSIVE;
				CLANG_CXX_LANGUAGE_STANDARD = "gnu++14";
				CLANG_CXX_LIBRARY = "libc++";
				CLANG_ENABLE_MODULES = YES;
				CLANG_ENABLE_OBJC_ARC = YES;
				CLANG_ENABLE_OBJC_WEAK = YES;
				CLANG_WARN_BLOCK_CAPTURE_AUTORELEASING = YES;
				CLANG_WARN_BOOL_CONVERSION = YES;
				CLANG_WARN_COMMA = YES;
				CLANG_WARN_CONSTANT_CONVERSION = YES;
				CLANG_WARN_DEPRECATED_OBJC_IMPLEMENTATIONS = YES;
				CLANG_WARN_DIRECT_OBJC_ISA_USAGE = YES_ERROR;
				CLANG_WARN_DOCUMENTATION_COMMENTS = YES;
				CLANG_WARN_EMPTY_BODY = YES;
				CLANG_WARN_ENUM_CONVERSION = YES;
				CLANG_WARN_INFINITE_RECURSION = YES;
				CLANG_WARN_INT_CONVERSION = YES;
				CLANG_WARN_NON_LITERAL_NULL_CONVERSION = YES;
				CLANG_WARN_OBJC_IMPLICIT_RETAIN_SELF = YES;
				CLANG_WARN_OBJC_LITERAL_CONVERSION = YES;
				CLANG_WARN_OBJC_ROOT_CLASS = YES_ERROR;
				CLANG_WARN_QUOTED_INCLUDE_IN_FRAMEWORK_HEADER = YES;
				CLANG_WARN_RANGE_LOOP_ANALYSIS = YES;
				CLANG_WARN_STRICT_PROTOTYPES = YES;
				CLANG_WARN_SUSPICIOUS_MOVE = YES;
				CLANG_WARN_UNGUARDED_AVAILABILITY = YES_AGGRESSIVE;
				CLANG_WARN_UNREACHABLE_CODE = YES;
				CLANG_WARN__DUPLICATE_METHOD_MATCH = YES;
				COPY_PHASE_STRIP = NO;
				DEAD_CODE_STRIPPING = YES;
				DEBUG_INFORMATION_FORMAT = dwarf;
				ENABLE_STRICT_OBJC_MSGSEND = YES;
				ENABLE_TESTABILITY = YES;
				GCC_C_LANGUAGE_STANDARD = gnu11;
				GCC_DYNAMIC_NO_PIC = NO;
				GCC_NO_COMMON_BLOCKS = YES;
				GCC_OPTIMIZATION_LEVEL = 0;
				GCC_PREPROCESSOR_DEFINITIONS = (
					"DEBUG=1",
					"$(inherited)",
				);
				GCC_WARN_64_TO_32_BIT_CONVERSION = YES;
				GCC_WARN_ABOUT_RETURN_TYPE = YES_ERROR;
				GCC_WARN_UNDECLARED_SELECTOR = YES;
				GCC_WARN_UNINITIALIZED_AUTOS = YES_AGGRESSIVE;
				GCC_WARN_UNUSED_FUNCTION = YES;
				GCC_WARN_UNUSED_VARIABLE = YES;
				IPHONEOS_DEPLOYMENT_TARGET = 14.0;
				MTL_ENABLE_DEBUG_INFO = YES;
				ONLY_ACTIVE_ARCH = YES;
				PRODUCT_NAME = "$(TARGET_NAME)";
			};
			name = Debug;
		};
/* End XCBuildConfiguration section */

/* Begin XCConfigurationList section */
		10479B54C02C96DE0B327687 /* Build configuration list for PBXProject "Primer.io Debug App" */ = {
			isa = XCConfigurationList;
			buildConfigurations = (
				F5CDF642D3EADA50CDF5FF84 /* Debug */,
				C02E8D181B9F35EB41C35E07 /* Release */,
			);
			defaultConfigurationIsVisible = 0;
			defaultConfigurationName = Release;
		};
		4700FFD06E10F0EE123A7B8B /* Build configuration list for PBXNativeTarget "Debug App Tests" */ = {
			isa = XCConfigurationList;
			buildConfigurations = (
				5434DA74E34D2EBEBD3D74C7 /* Debug */,
				F10A44A87CE1B40DAFF5D30F /* Release */,
			);
			defaultConfigurationIsVisible = 0;
			defaultConfigurationName = Release;
		};
		CA98A6B11506835A81F6391A /* Build configuration list for PBXNativeTarget "Debug App" */ = {
			isa = XCConfigurationList;
			buildConfigurations = (
				313E094F25A94116E340B043 /* Debug */,
				44381669975E0C07E78FA641 /* Release */,
			);
			defaultConfigurationIsVisible = 0;
			defaultConfigurationName = Release;
		};
/* End XCConfigurationList section */
	};
	rootObject = 25AB41367F759CCDA1881AD2 /* Project object */;
}
