<?xml version="1.0" encoding="UTF-8"?>
<Scheme
   LastUpgradeVersion = "1240"
   version = "1.3">
   <BuildAction
      parallelizeBuildables = "NO"
      buildImplicitDependencies = "YES">
      <BuildActionEntries>
         <BuildActionEntry
            buildForTesting = "YES"
            buildForRunning = "YES"
            buildForProfiling = "YES"
            buildForArchiving = "YES"
            buildForAnalyzing = "YES">
            <BuildableReference
               BuildableIdentifier = "primary"
               BlueprintIdentifier = "607FACCF1AFB9204008FA782"
               BuildableName = "PrimerSDK_Example.app"
               BlueprintName = "PrimerSDK_Example"
               ReferencedContainer = "container:PrimerSDK.xcodeproj">
            </BuildableReference>
         </BuildActionEntry>
         <BuildActionEntry
            buildForTesting = "YES"
            buildForRunning = "YES"
            buildForProfiling = "NO"
            buildForArchiving = "NO"
            buildForAnalyzing = "YES">
            <BuildableReference
               BuildableIdentifier = "primary"
               BlueprintIdentifier = "607FACE41AFB9204008FA782"
               BuildableName = "PrimerSDK_Tests.xctest"
               BlueprintName = "PrimerSDK_Tests"
               ReferencedContainer = "container:PrimerSDK.xcodeproj">
            </BuildableReference>
         </BuildActionEntry>
      </BuildActionEntries>
   </BuildAction>
   <TestAction
      buildConfiguration = "Debug"
      selectedDebuggerIdentifier = "Xcode.DebuggerFoundation.Debugger.LLDB"
      selectedLauncherIdentifier = "Xcode.DebuggerFoundation.Launcher.LLDB"
      shouldUseLaunchSchemeArgsEnv = "YES">
      <MacroExpansion>
         <BuildableReference
            BuildableIdentifier = "primary"
            BlueprintIdentifier = "607FACCF1AFB9204008FA782"
            BuildableName = "PrimerSDK_Example.app"
            BlueprintName = "PrimerSDK_Example"
            ReferencedContainer = "container:PrimerSDK.xcodeproj">
         </BuildableReference>
      </MacroExpansion>
      <Testables>
         <TestableReference
            skipped = "NO">
            <BuildableReference
               BuildableIdentifier = "primary"
               BlueprintIdentifier = "607FACE41AFB9204008FA782"
               BuildableName = "PrimerSDK_Tests.xctest"
               BlueprintName = "PrimerSDK_Tests"
               ReferencedContainer = "container:PrimerSDK.xcodeproj">
            </BuildableReference>
         </TestableReference>
         <TestableReference
            skipped = "NO">
            <BuildableReference
               BuildableIdentifier = "primary"
               BlueprintIdentifier = "1582B99E260A3FD300C80BD7"
               BuildableName = "PrimerSDKExample_UITests.xctest"
               BlueprintName = "PrimerSDKExample_UITests"
               ReferencedContainer = "container:PrimerSDK.xcodeproj">
            </BuildableReference>
            <SkippedTests>
               <Test
                  Identifier = "Klarna/testInitKlarna()">
               </Test>
               <Test
                  Identifier = "UniversalCheckout/testAdyenAlipay()">
               </Test>
               <Test
                  Identifier = "UniversalCheckout/testAdyenMobilePay()">
               </Test>
               <Test
                  Identifier = "UniversalCheckout/testDeclinePayPalPaymentMethod()">
               </Test>
               <Test
                  Identifier = "UniversalCheckout/testFailedSofortPaymentMethod()">
               </Test>
               <Test
                  Identifier = "UniversalCheckout/testPayNLBancontact()">
               </Test>
               <Test
                  Identifier = "UniversalCheckout/testSuccessKlarnaPaymentMethod()">
               </Test>
            </SkippedTests>
         </TestableReference>
      </Testables>
   </TestAction>
   <LaunchAction
      buildConfiguration = "Debug"
      selectedDebuggerIdentifier = "Xcode.DebuggerFoundation.Debugger.LLDB"
      selectedLauncherIdentifier = "Xcode.DebuggerFoundation.Launcher.LLDB"
      launchStyle = "0"
      useCustomWorkingDirectory = "NO"
      ignoresPersistentStateOnLaunch = "NO"
      debugDocumentVersioning = "YES"
      debugServiceExtension = "internal"
      allowLocationSimulation = "YES">
      <BuildableProductRunnable
         runnableDebuggingMode = "0">
         <BuildableReference
            BuildableIdentifier = "primary"
            BlueprintIdentifier = "607FACCF1AFB9204008FA782"
            BuildableName = "PrimerSDK_Example.app"
            BlueprintName = "PrimerSDK_Example"
            ReferencedContainer = "container:PrimerSDK.xcodeproj">
         </BuildableReference>
      </BuildableProductRunnable>
      <CommandLineArguments>
         <CommandLineArgument
            argument = "-PrimerDebugEnabled"
            isEnabled = "YES">
         </CommandLineArgument>
         <CommandLineArgument
            argument = "-PrimerAnalyticsDebugEnabled"
            isEnabled = "NO">
         </CommandLineArgument>
      </CommandLineArguments>
   </LaunchAction>
   <ProfileAction
      buildConfiguration = "Release"
      shouldUseLaunchSchemeArgsEnv = "YES"
      savedToolIdentifier = ""
      useCustomWorkingDirectory = "NO"
      debugDocumentVersioning = "YES">
      <BuildableProductRunnable
         runnableDebuggingMode = "0">
         <BuildableReference
            BuildableIdentifier = "primary"
            BlueprintIdentifier = "607FACCF1AFB9204008FA782"
            BuildableName = "PrimerSDK_Example.app"
            BlueprintName = "PrimerSDK_Example"
            ReferencedContainer = "container:PrimerSDK.xcodeproj">
         </BuildableReference>
      </BuildableProductRunnable>
   </ProfileAction>
   <AnalyzeAction
      buildConfiguration = "Debug">
   </AnalyzeAction>
   <ArchiveAction
      buildConfiguration = "Release"
      revealArchiveInOrganizer = "YES">
   </ArchiveAction>
</Scheme>
